
Microsoft Visual Studio Solution File, Format Version 12.00
# Visual Studio Version 16
VisualStudioVersion = 16.0.28917.182
MinimumVisualStudioVersion = 15.0.26124.0
Project("{2150E333-8FDC-42A3-9474-1A3956D46DE8}") = "src", "src", "{69E4DC96-D6D7-483B-84DB-44C6F75122B9}"
EndProject
Project("{FAE04EC0-301F-11D3-BF4B-00C04F79EFBC}") = "Scissors.Data", "src\Scissors.Data\Scissors.Data.csproj", "{21A9652D-8320-411F-BC97-1AAAE717CB17}"
EndProject
Project("{FAE04EC0-301F-11D3-BF4B-00C04F79EFBC}") = "Scissors.Data.Tests", "src\Scissors.Data.Tests\Scissors.Data.Tests.csproj", "{DD3CEA4A-1911-4A2E-B36D-69A7870DCDB4}"
EndProject
Project("{FAE04EC0-301F-11D3-BF4B-00C04F79EFBC}") = "Scissors.ExpressApp", "src\Scissors.ExpressApp\Scissors.ExpressApp.csproj", "{402CC4AD-F856-45D6-B2C2-00D2D42ED264}"
EndProject
Project("{FAE04EC0-301F-11D3-BF4B-00C04F79EFBC}") = "Scissors.ExpressApp.Console", "src\Scissors.ExpressApp.Console\Scissors.ExpressApp.Console.csproj", "{36D18EE3-47BA-4FF2-A1DC-016C28D624CF}"
EndProject
Project("{FAE04EC0-301F-11D3-BF4B-00C04F79EFBC}") = "Scissors.ExpressApp.Contracts", "src\Scissors.ExpressApp.Contracts\Scissors.ExpressApp.Contracts.csproj", "{DE0D81CF-7D1D-4E08-8240-D9CA7A408289}"
EndProject
Project("{FAE04EC0-301F-11D3-BF4B-00C04F79EFBC}") = "Scissors.ExpressApp.Tests", "src\Scissors.ExpressApp.Tests\Scissors.ExpressApp.Tests.csproj", "{5C57EE59-E614-4CDE-B72F-4B2CF4B87F8F}"
EndProject
Project("{FAE04EC0-301F-11D3-BF4B-00C04F79EFBC}") = "Scissors.ExpressApp.Win", "src\Scissors.ExpressApp.Win\Scissors.ExpressApp.Win.csproj", "{A3C0052E-88B5-40A7-8752-3F2D3F2851FB}"
EndProject
Project("{FAE04EC0-301F-11D3-BF4B-00C04F79EFBC}") = "Scissors.ExpressApp.Win.Tests", "src\Scissors.ExpressApp.Win.Tests\Scissors.ExpressApp.Win.Tests.csproj", "{BAE36512-884E-4876-BC0C-8737B752423A}"
EndProject
Project("{FAE04EC0-301F-11D3-BF4B-00C04F79EFBC}") = "Scissors.ExpressApp.Xpo", "src\Scissors.ExpressApp.Xpo\Scissors.ExpressApp.Xpo.csproj", "{459BB702-35D9-488E-AF55-4F950A3D3123}"
EndProject
Project("{FAE04EC0-301F-11D3-BF4B-00C04F79EFBC}") = "Scissors.ExpressApp.Xpo.Tests", "src\Scissors.ExpressApp.Xpo.Tests\Scissors.ExpressApp.Xpo.Tests.csproj", "{2D8C9292-7D9F-4E05-983E-88C590449215}"
EndProject
Project("{FAE04EC0-301F-11D3-BF4B-00C04F79EFBC}") = "Scissors.Xpo", "src\Scissors.Xpo\Scissors.Xpo.csproj", "{DFC10FFF-F7E5-419E-A403-C5CB4D36C355}"
EndProject
Project("{FAE04EC0-301F-11D3-BF4B-00C04F79EFBC}") = "Scissors.Xpo.Tests", "src\Scissors.Xpo.Tests\Scissors.Xpo.Tests.csproj", "{0467D0F4-F4BF-4B13-9B4D-A42D2B569662}"
EndProject
Project("{2150E333-8FDC-42A3-9474-1A3956D46DE8}") = "Generators", "Generators", "{B59D2D68-7BB8-4C91-BF44-B86588ECA145}"
EndProject
Project("{FAE04EC0-301F-11D3-BF4B-00C04F79EFBC}") = "Scissors.Xaf.CacheWarmup.Attributes", "src\Generators\Scissors.Xaf.CacheWarmup.Attributes\Scissors.Xaf.CacheWarmup.Attributes.csproj", "{F9FC511C-FF4F-4E94-B216-1BBA5883E97E}"
EndProject
Project("{FAE04EC0-301F-11D3-BF4B-00C04F79EFBC}") = "Scissors.Xaf.CacheWarmup.Generators", "src\Generators\Scissors.Xaf.CacheWarmup.Generators\Scissors.Xaf.CacheWarmup.Generators.csproj", "{D5175DDF-DF83-4020-87A6-5B8598BFAE15}"
EndProject
Project("{FAE04EC0-301F-11D3-BF4B-00C04F79EFBC}") = "Scissors.Xaf.CacheWarmup.Generators.Cli", "src\Generators\Scissors.Xaf.CacheWarmup.Generators.Cli\Scissors.Xaf.CacheWarmup.Generators.Cli.csproj", "{4286C485-5EEA-4C00-B8A9-4B2A3F1B0427}"
EndProject
Project("{2150E333-8FDC-42A3-9474-1A3956D46DE8}") = "Modules", "Modules", "{CEB1B40C-E4DC-4603-A862-E1039515E26D}"
EndProject
Project("{2150E333-8FDC-42A3-9474-1A3956D46DE8}") = "InlineEditForms", "InlineEditForms", "{DA720FB9-07D7-47D5-A0EE-85BC5F5A8FA4}"
EndProject
Project("{FAE04EC0-301F-11D3-BF4B-00C04F79EFBC}") = "Scissors.ExpressApp.InlineEditForms.Contracts", "src\Modules\InlineEditForms\Contracts\Scissors.ExpressApp.InlineEditForms.Contracts.csproj", "{00A1707A-1855-4E32-87CD-BFDDD4752DAC}"
EndProject
Project("{FAE04EC0-301F-11D3-BF4B-00C04F79EFBC}") = "Scissors.ExpressApp.InlineEditForms.UITests", "src\Modules\InlineEditForms\UITests\Scissors.ExpressApp.InlineEditForms.UITests.csproj", "{E22D601A-00BE-4C78-9399-752B60F7B3DC}"
EndProject
Project("{FAE04EC0-301F-11D3-BF4B-00C04F79EFBC}") = "Scissors.ExpressApp.InlineEditForms.Win", "src\Modules\InlineEditForms\Win\Scissors.ExpressApp.InlineEditForms.Win.csproj", "{02B5F579-06C1-4962-AFDE-41143B61E84B}"
EndProject
Project("{2150E333-8FDC-42A3-9474-1A3956D46DE8}") = "LabelEditor", "LabelEditor", "{F21EDC14-4543-4F44-AC76-1521696BA66E}"
EndProject
Project("{FAE04EC0-301F-11D3-BF4B-00C04F79EFBC}") = "Scissors.ExpressApp.LabelEditor", "src\Modules\LabelEditor\Base\Scissors.ExpressApp.LabelEditor.csproj", "{966902A7-BD2C-4F70-A4EE-6CAD2B15202C}"
EndProject
Project("{FAE04EC0-301F-11D3-BF4B-00C04F79EFBC}") = "Scissors.ExpressApp.LabelEditor.Contracts", "src\Modules\LabelEditor\Contracts\Scissors.ExpressApp.LabelEditor.Contracts.csproj", "{FF20E3CD-BD12-4C69-B8FF-1BA6C1F71AF0}"
EndProject
Project("{FAE04EC0-301F-11D3-BF4B-00C04F79EFBC}") = "Scissors.ExpressApp.LabelEditor.Win", "src\Modules\LabelEditor\Win\Scissors.ExpressApp.LabelEditor.Win.csproj", "{9F8D648A-5C6F-491B-8C18-B1A1825AD813}"
EndProject
Project("{2150E333-8FDC-42A3-9474-1A3956D46DE8}") = "LayoutBuilder", "LayoutBuilder", "{6471C911-157A-4665-B9FE-0B2BB5D0F508}"
EndProject
Project("{FAE04EC0-301F-11D3-BF4B-00C04F79EFBC}") = "Scissors.ExpressApp.LayoutBuilder", "src\Modules\LayoutBuilder\Base\Scissors.ExpressApp.LayoutBuilder.csproj", "{5324F9A0-C3F6-47C4-8499-DE4C200C78E2}"
EndProject
Project("{FAE04EC0-301F-11D3-BF4B-00C04F79EFBC}") = "Scissors.ExpressApp.LayoutBuilder.Contracts", "src\Modules\LayoutBuilder\Contracts\Scissors.ExpressApp.LayoutBuilder.Contracts.csproj", "{47A1DEB3-CFBD-4FA9-BF5A-018009D73B08}"
EndProject
Project("{FAE04EC0-301F-11D3-BF4B-00C04F79EFBC}") = "Scissors.ExpressApp.LayoutBuilder.Tests", "src\Modules\LayoutBuilder\Tests\Scissors.ExpressApp.LayoutBuilder.Tests.csproj", "{79ABF5E6-CA11-45BF-A2A9-60E9B0A2A464}"
EndProject
Project("{FAE04EC0-301F-11D3-BF4B-00C04F79EFBC}") = "Scissors.ExpressApp.LayoutBuilder.Win.Tests", "src\Modules\LayoutBuilder\Tests.Win\Scissors.ExpressApp.LayoutBuilder.Win.Tests.csproj", "{A68486FE-2F2C-431B-A18A-260FC4C94D86}"
EndProject
Project("{FAE04EC0-301F-11D3-BF4B-00C04F79EFBC}") = "Scissors.ExpressApp.LayoutBuilder.Win", "src\Modules\LayoutBuilder\Win\Scissors.ExpressApp.LayoutBuilder.Win.csproj", "{DAB00C54-2149-4B24-B83C-B02147BB03A4}"
EndProject
Project("{2150E333-8FDC-42A3-9474-1A3956D46DE8}") = "Utils", "Utils", "{1BF8F166-A92A-4701-8BE2-F732EA32E5BA}"
EndProject
Project("{2150E333-8FDC-42A3-9474-1A3956D46DE8}") = "Drawing", "Drawing", "{3D7A8DD8-33FB-4C6C-8070-820236E36BAA}"
EndProject
Project("{FAE04EC0-301F-11D3-BF4B-00C04F79EFBC}") = "Scissors.Utils.Drawing", "src\Utils\Drawing\Scissors.Utils.Drawing\Scissors.Utils.Drawing.csproj", "{23D2EC67-2F05-4854-B4A8-19AFD41D489D}"
EndProject
Project("{FAE04EC0-301F-11D3-BF4B-00C04F79EFBC}") = "Scissors.Utils.Drawing.Tests", "src\Utils\Drawing\Scissors.Utils.Drawing.Tests\Scissors.Utils.Drawing.Tests.csproj", "{EEE228F6-CCE2-439F-BF43-C63202EE1EA7}"
EndProject
Project("{2150E333-8FDC-42A3-9474-1A3956D46DE8}") = "Testing", "Testing", "{A0FAECA9-4D66-478A-97C9-93219853972F}"
EndProject
Project("{FAE04EC0-301F-11D3-BF4B-00C04F79EFBC}") = "Scissors.Utils.Testing.XUnit", "src\Utils\Testing\Scissors.Utils.Testing.XUnit\Scissors.Utils.Testing.XUnit.csproj", "{F9792BC9-FBD5-455A-987D-7BA10DD1D039}"
EndProject
Project("{2150E333-8FDC-42A3-9474-1A3956D46DE8}") = "Utils", "Utils", "{1CE46193-4FC1-4A7F-BF9A-52974C9023A1}"
EndProject
Project("{FAE04EC0-301F-11D3-BF4B-00C04F79EFBC}") = "Scissors.Utils", "src\Utils\Utils\Scissors.Utils\Scissors.Utils.csproj", "{06FFD37A-E8E3-4F34-AE72-6CF8315261FF}"
EndProject
Project("{FAE04EC0-301F-11D3-BF4B-00C04F79EFBC}") = "Scissors.Utils.Tests", "src\Utils\Utils\Scissors.Utils.Tests\Scissors.Utils.Tests.csproj", "{F019D0CA-23DE-4B68-8A18-1BA01148417C}"
EndProject
Project("{FAE04EC0-301F-11D3-BF4B-00C04F79EFBC}") = "Scissors.ExpressApp.InlineEditForms", "src\Modules\InlineEditForms\Base\Scissors.ExpressApp.InlineEditForms.csproj", "{E91A30EA-149B-41AF-9328-B7E678C446C6}"
EndProject
Global
	GlobalSection(SolutionConfigurationPlatforms) = preSolution
		Debug|Any CPU = Debug|Any CPU
		Debug|x64 = Debug|x64
		Debug|x86 = Debug|x86
		Release|Any CPU = Release|Any CPU
		Release|x64 = Release|x64
		Release|x86 = Release|x86
	EndGlobalSection
	GlobalSection(SolutionProperties) = preSolution
		HideSolutionNode = FALSE
	EndGlobalSection
	GlobalSection(ProjectConfigurationPlatforms) = postSolution
		{21A9652D-8320-411F-BC97-1AAAE717CB17}.Debug|Any CPU.ActiveCfg = Debug|Any CPU
		{21A9652D-8320-411F-BC97-1AAAE717CB17}.Debug|Any CPU.Build.0 = Debug|Any CPU
		{21A9652D-8320-411F-BC97-1AAAE717CB17}.Debug|x64.ActiveCfg = Debug|Any CPU
		{21A9652D-8320-411F-BC97-1AAAE717CB17}.Debug|x64.Build.0 = Debug|Any CPU
		{21A9652D-8320-411F-BC97-1AAAE717CB17}.Debug|x86.ActiveCfg = Debug|Any CPU
		{21A9652D-8320-411F-BC97-1AAAE717CB17}.Debug|x86.Build.0 = Debug|Any CPU
		{21A9652D-8320-411F-BC97-1AAAE717CB17}.Release|Any CPU.ActiveCfg = Release|Any CPU
		{21A9652D-8320-411F-BC97-1AAAE717CB17}.Release|Any CPU.Build.0 = Release|Any CPU
		{21A9652D-8320-411F-BC97-1AAAE717CB17}.Release|x64.ActiveCfg = Release|Any CPU
		{21A9652D-8320-411F-BC97-1AAAE717CB17}.Release|x64.Build.0 = Release|Any CPU
		{21A9652D-8320-411F-BC97-1AAAE717CB17}.Release|x86.ActiveCfg = Release|Any CPU
		{21A9652D-8320-411F-BC97-1AAAE717CB17}.Release|x86.Build.0 = Release|Any CPU
		{DD3CEA4A-1911-4A2E-B36D-69A7870DCDB4}.Debug|Any CPU.ActiveCfg = Debug|Any CPU
		{DD3CEA4A-1911-4A2E-B36D-69A7870DCDB4}.Debug|Any CPU.Build.0 = Debug|Any CPU
		{DD3CEA4A-1911-4A2E-B36D-69A7870DCDB4}.Debug|x64.ActiveCfg = Debug|Any CPU
		{DD3CEA4A-1911-4A2E-B36D-69A7870DCDB4}.Debug|x64.Build.0 = Debug|Any CPU
		{DD3CEA4A-1911-4A2E-B36D-69A7870DCDB4}.Debug|x86.ActiveCfg = Debug|Any CPU
		{DD3CEA4A-1911-4A2E-B36D-69A7870DCDB4}.Debug|x86.Build.0 = Debug|Any CPU
		{DD3CEA4A-1911-4A2E-B36D-69A7870DCDB4}.Release|Any CPU.ActiveCfg = Release|Any CPU
		{DD3CEA4A-1911-4A2E-B36D-69A7870DCDB4}.Release|Any CPU.Build.0 = Release|Any CPU
		{DD3CEA4A-1911-4A2E-B36D-69A7870DCDB4}.Release|x64.ActiveCfg = Release|Any CPU
		{DD3CEA4A-1911-4A2E-B36D-69A7870DCDB4}.Release|x64.Build.0 = Release|Any CPU
		{DD3CEA4A-1911-4A2E-B36D-69A7870DCDB4}.Release|x86.ActiveCfg = Release|Any CPU
		{DD3CEA4A-1911-4A2E-B36D-69A7870DCDB4}.Release|x86.Build.0 = Release|Any CPU
		{402CC4AD-F856-45D6-B2C2-00D2D42ED264}.Debug|Any CPU.ActiveCfg = Debug|Any CPU
		{402CC4AD-F856-45D6-B2C2-00D2D42ED264}.Debug|Any CPU.Build.0 = Debug|Any CPU
		{402CC4AD-F856-45D6-B2C2-00D2D42ED264}.Debug|x64.ActiveCfg = Debug|Any CPU
		{402CC4AD-F856-45D6-B2C2-00D2D42ED264}.Debug|x64.Build.0 = Debug|Any CPU
		{402CC4AD-F856-45D6-B2C2-00D2D42ED264}.Debug|x86.ActiveCfg = Debug|Any CPU
		{402CC4AD-F856-45D6-B2C2-00D2D42ED264}.Debug|x86.Build.0 = Debug|Any CPU
		{402CC4AD-F856-45D6-B2C2-00D2D42ED264}.Release|Any CPU.ActiveCfg = Release|Any CPU
		{402CC4AD-F856-45D6-B2C2-00D2D42ED264}.Release|Any CPU.Build.0 = Release|Any CPU
		{402CC4AD-F856-45D6-B2C2-00D2D42ED264}.Release|x64.ActiveCfg = Release|Any CPU
		{402CC4AD-F856-45D6-B2C2-00D2D42ED264}.Release|x64.Build.0 = Release|Any CPU
		{402CC4AD-F856-45D6-B2C2-00D2D42ED264}.Release|x86.ActiveCfg = Release|Any CPU
		{402CC4AD-F856-45D6-B2C2-00D2D42ED264}.Release|x86.Build.0 = Release|Any CPU
		{36D18EE3-47BA-4FF2-A1DC-016C28D624CF}.Debug|Any CPU.ActiveCfg = Debug|Any CPU
		{36D18EE3-47BA-4FF2-A1DC-016C28D624CF}.Debug|Any CPU.Build.0 = Debug|Any CPU
		{36D18EE3-47BA-4FF2-A1DC-016C28D624CF}.Debug|x64.ActiveCfg = Debug|Any CPU
		{36D18EE3-47BA-4FF2-A1DC-016C28D624CF}.Debug|x64.Build.0 = Debug|Any CPU
		{36D18EE3-47BA-4FF2-A1DC-016C28D624CF}.Debug|x86.ActiveCfg = Debug|Any CPU
		{36D18EE3-47BA-4FF2-A1DC-016C28D624CF}.Debug|x86.Build.0 = Debug|Any CPU
		{36D18EE3-47BA-4FF2-A1DC-016C28D624CF}.Release|Any CPU.ActiveCfg = Release|Any CPU
		{36D18EE3-47BA-4FF2-A1DC-016C28D624CF}.Release|Any CPU.Build.0 = Release|Any CPU
		{36D18EE3-47BA-4FF2-A1DC-016C28D624CF}.Release|x64.ActiveCfg = Release|Any CPU
		{36D18EE3-47BA-4FF2-A1DC-016C28D624CF}.Release|x64.Build.0 = Release|Any CPU
		{36D18EE3-47BA-4FF2-A1DC-016C28D624CF}.Release|x86.ActiveCfg = Release|Any CPU
		{36D18EE3-47BA-4FF2-A1DC-016C28D624CF}.Release|x86.Build.0 = Release|Any CPU
		{DE0D81CF-7D1D-4E08-8240-D9CA7A408289}.Debug|Any CPU.ActiveCfg = Debug|Any CPU
		{DE0D81CF-7D1D-4E08-8240-D9CA7A408289}.Debug|Any CPU.Build.0 = Debug|Any CPU
		{DE0D81CF-7D1D-4E08-8240-D9CA7A408289}.Debug|x64.ActiveCfg = Debug|Any CPU
		{DE0D81CF-7D1D-4E08-8240-D9CA7A408289}.Debug|x64.Build.0 = Debug|Any CPU
		{DE0D81CF-7D1D-4E08-8240-D9CA7A408289}.Debug|x86.ActiveCfg = Debug|Any CPU
		{DE0D81CF-7D1D-4E08-8240-D9CA7A408289}.Debug|x86.Build.0 = Debug|Any CPU
		{DE0D81CF-7D1D-4E08-8240-D9CA7A408289}.Release|Any CPU.ActiveCfg = Release|Any CPU
		{DE0D81CF-7D1D-4E08-8240-D9CA7A408289}.Release|Any CPU.Build.0 = Release|Any CPU
		{DE0D81CF-7D1D-4E08-8240-D9CA7A408289}.Release|x64.ActiveCfg = Release|Any CPU
		{DE0D81CF-7D1D-4E08-8240-D9CA7A408289}.Release|x64.Build.0 = Release|Any CPU
		{DE0D81CF-7D1D-4E08-8240-D9CA7A408289}.Release|x86.ActiveCfg = Release|Any CPU
		{DE0D81CF-7D1D-4E08-8240-D9CA7A408289}.Release|x86.Build.0 = Release|Any CPU
		{5C57EE59-E614-4CDE-B72F-4B2CF4B87F8F}.Debug|Any CPU.ActiveCfg = Debug|Any CPU
		{5C57EE59-E614-4CDE-B72F-4B2CF4B87F8F}.Debug|Any CPU.Build.0 = Debug|Any CPU
		{5C57EE59-E614-4CDE-B72F-4B2CF4B87F8F}.Debug|x64.ActiveCfg = Debug|Any CPU
		{5C57EE59-E614-4CDE-B72F-4B2CF4B87F8F}.Debug|x64.Build.0 = Debug|Any CPU
		{5C57EE59-E614-4CDE-B72F-4B2CF4B87F8F}.Debug|x86.ActiveCfg = Debug|Any CPU
		{5C57EE59-E614-4CDE-B72F-4B2CF4B87F8F}.Debug|x86.Build.0 = Debug|Any CPU
		{5C57EE59-E614-4CDE-B72F-4B2CF4B87F8F}.Release|Any CPU.ActiveCfg = Release|Any CPU
		{5C57EE59-E614-4CDE-B72F-4B2CF4B87F8F}.Release|Any CPU.Build.0 = Release|Any CPU
		{5C57EE59-E614-4CDE-B72F-4B2CF4B87F8F}.Release|x64.ActiveCfg = Release|Any CPU
		{5C57EE59-E614-4CDE-B72F-4B2CF4B87F8F}.Release|x64.Build.0 = Release|Any CPU
		{5C57EE59-E614-4CDE-B72F-4B2CF4B87F8F}.Release|x86.ActiveCfg = Release|Any CPU
		{5C57EE59-E614-4CDE-B72F-4B2CF4B87F8F}.Release|x86.Build.0 = Release|Any CPU
		{A3C0052E-88B5-40A7-8752-3F2D3F2851FB}.Debug|Any CPU.ActiveCfg = Debug|Any CPU
		{A3C0052E-88B5-40A7-8752-3F2D3F2851FB}.Debug|Any CPU.Build.0 = Debug|Any CPU
		{A3C0052E-88B5-40A7-8752-3F2D3F2851FB}.Debug|x64.ActiveCfg = Debug|Any CPU
		{A3C0052E-88B5-40A7-8752-3F2D3F2851FB}.Debug|x64.Build.0 = Debug|Any CPU
		{A3C0052E-88B5-40A7-8752-3F2D3F2851FB}.Debug|x86.ActiveCfg = Debug|Any CPU
		{A3C0052E-88B5-40A7-8752-3F2D3F2851FB}.Debug|x86.Build.0 = Debug|Any CPU
		{A3C0052E-88B5-40A7-8752-3F2D3F2851FB}.Release|Any CPU.ActiveCfg = Release|Any CPU
		{A3C0052E-88B5-40A7-8752-3F2D3F2851FB}.Release|Any CPU.Build.0 = Release|Any CPU
		{A3C0052E-88B5-40A7-8752-3F2D3F2851FB}.Release|x64.ActiveCfg = Release|Any CPU
		{A3C0052E-88B5-40A7-8752-3F2D3F2851FB}.Release|x64.Build.0 = Release|Any CPU
		{A3C0052E-88B5-40A7-8752-3F2D3F2851FB}.Release|x86.ActiveCfg = Release|Any CPU
		{A3C0052E-88B5-40A7-8752-3F2D3F2851FB}.Release|x86.Build.0 = Release|Any CPU
		{BAE36512-884E-4876-BC0C-8737B752423A}.Debug|Any CPU.ActiveCfg = Debug|Any CPU
		{BAE36512-884E-4876-BC0C-8737B752423A}.Debug|Any CPU.Build.0 = Debug|Any CPU
		{BAE36512-884E-4876-BC0C-8737B752423A}.Debug|x64.ActiveCfg = Debug|Any CPU
		{BAE36512-884E-4876-BC0C-8737B752423A}.Debug|x64.Build.0 = Debug|Any CPU
		{BAE36512-884E-4876-BC0C-8737B752423A}.Debug|x86.ActiveCfg = Debug|Any CPU
		{BAE36512-884E-4876-BC0C-8737B752423A}.Debug|x86.Build.0 = Debug|Any CPU
		{BAE36512-884E-4876-BC0C-8737B752423A}.Release|Any CPU.ActiveCfg = Release|Any CPU
		{BAE36512-884E-4876-BC0C-8737B752423A}.Release|Any CPU.Build.0 = Release|Any CPU
		{BAE36512-884E-4876-BC0C-8737B752423A}.Release|x64.ActiveCfg = Release|Any CPU
		{BAE36512-884E-4876-BC0C-8737B752423A}.Release|x64.Build.0 = Release|Any CPU
		{BAE36512-884E-4876-BC0C-8737B752423A}.Release|x86.ActiveCfg = Release|Any CPU
		{BAE36512-884E-4876-BC0C-8737B752423A}.Release|x86.Build.0 = Release|Any CPU
		{459BB702-35D9-488E-AF55-4F950A3D3123}.Debug|Any CPU.ActiveCfg = Debug|Any CPU
		{459BB702-35D9-488E-AF55-4F950A3D3123}.Debug|Any CPU.Build.0 = Debug|Any CPU
		{459BB702-35D9-488E-AF55-4F950A3D3123}.Debug|x64.ActiveCfg = Debug|Any CPU
		{459BB702-35D9-488E-AF55-4F950A3D3123}.Debug|x64.Build.0 = Debug|Any CPU
		{459BB702-35D9-488E-AF55-4F950A3D3123}.Debug|x86.ActiveCfg = Debug|Any CPU
		{459BB702-35D9-488E-AF55-4F950A3D3123}.Debug|x86.Build.0 = Debug|Any CPU
		{459BB702-35D9-488E-AF55-4F950A3D3123}.Release|Any CPU.ActiveCfg = Release|Any CPU
		{459BB702-35D9-488E-AF55-4F950A3D3123}.Release|Any CPU.Build.0 = Release|Any CPU
		{459BB702-35D9-488E-AF55-4F950A3D3123}.Release|x64.ActiveCfg = Release|Any CPU
		{459BB702-35D9-488E-AF55-4F950A3D3123}.Release|x64.Build.0 = Release|Any CPU
		{459BB702-35D9-488E-AF55-4F950A3D3123}.Release|x86.ActiveCfg = Release|Any CPU
		{459BB702-35D9-488E-AF55-4F950A3D3123}.Release|x86.Build.0 = Release|Any CPU
		{2D8C9292-7D9F-4E05-983E-88C590449215}.Debug|Any CPU.ActiveCfg = Debug|Any CPU
		{2D8C9292-7D9F-4E05-983E-88C590449215}.Debug|Any CPU.Build.0 = Debug|Any CPU
		{2D8C9292-7D9F-4E05-983E-88C590449215}.Debug|x64.ActiveCfg = Debug|Any CPU
		{2D8C9292-7D9F-4E05-983E-88C590449215}.Debug|x64.Build.0 = Debug|Any CPU
		{2D8C9292-7D9F-4E05-983E-88C590449215}.Debug|x86.ActiveCfg = Debug|Any CPU
		{2D8C9292-7D9F-4E05-983E-88C590449215}.Debug|x86.Build.0 = Debug|Any CPU
		{2D8C9292-7D9F-4E05-983E-88C590449215}.Release|Any CPU.ActiveCfg = Release|Any CPU
		{2D8C9292-7D9F-4E05-983E-88C590449215}.Release|Any CPU.Build.0 = Release|Any CPU
		{2D8C9292-7D9F-4E05-983E-88C590449215}.Release|x64.ActiveCfg = Release|Any CPU
		{2D8C9292-7D9F-4E05-983E-88C590449215}.Release|x64.Build.0 = Release|Any CPU
		{2D8C9292-7D9F-4E05-983E-88C590449215}.Release|x86.ActiveCfg = Release|Any CPU
		{2D8C9292-7D9F-4E05-983E-88C590449215}.Release|x86.Build.0 = Release|Any CPU
		{DFC10FFF-F7E5-419E-A403-C5CB4D36C355}.Debug|Any CPU.ActiveCfg = Debug|Any CPU
		{DFC10FFF-F7E5-419E-A403-C5CB4D36C355}.Debug|Any CPU.Build.0 = Debug|Any CPU
		{DFC10FFF-F7E5-419E-A403-C5CB4D36C355}.Debug|x64.ActiveCfg = Debug|Any CPU
		{DFC10FFF-F7E5-419E-A403-C5CB4D36C355}.Debug|x64.Build.0 = Debug|Any CPU
		{DFC10FFF-F7E5-419E-A403-C5CB4D36C355}.Debug|x86.ActiveCfg = Debug|Any CPU
		{DFC10FFF-F7E5-419E-A403-C5CB4D36C355}.Debug|x86.Build.0 = Debug|Any CPU
		{DFC10FFF-F7E5-419E-A403-C5CB4D36C355}.Release|Any CPU.ActiveCfg = Release|Any CPU
		{DFC10FFF-F7E5-419E-A403-C5CB4D36C355}.Release|Any CPU.Build.0 = Release|Any CPU
		{DFC10FFF-F7E5-419E-A403-C5CB4D36C355}.Release|x64.ActiveCfg = Release|Any CPU
		{DFC10FFF-F7E5-419E-A403-C5CB4D36C355}.Release|x64.Build.0 = Release|Any CPU
		{DFC10FFF-F7E5-419E-A403-C5CB4D36C355}.Release|x86.ActiveCfg = Release|Any CPU
		{DFC10FFF-F7E5-419E-A403-C5CB4D36C355}.Release|x86.Build.0 = Release|Any CPU
		{0467D0F4-F4BF-4B13-9B4D-A42D2B569662}.Debug|Any CPU.ActiveCfg = Debug|Any CPU
		{0467D0F4-F4BF-4B13-9B4D-A42D2B569662}.Debug|Any CPU.Build.0 = Debug|Any CPU
		{0467D0F4-F4BF-4B13-9B4D-A42D2B569662}.Debug|x64.ActiveCfg = Debug|Any CPU
		{0467D0F4-F4BF-4B13-9B4D-A42D2B569662}.Debug|x64.Build.0 = Debug|Any CPU
		{0467D0F4-F4BF-4B13-9B4D-A42D2B569662}.Debug|x86.ActiveCfg = Debug|Any CPU
		{0467D0F4-F4BF-4B13-9B4D-A42D2B569662}.Debug|x86.Build.0 = Debug|Any CPU
		{0467D0F4-F4BF-4B13-9B4D-A42D2B569662}.Release|Any CPU.ActiveCfg = Release|Any CPU
		{0467D0F4-F4BF-4B13-9B4D-A42D2B569662}.Release|Any CPU.Build.0 = Release|Any CPU
		{0467D0F4-F4BF-4B13-9B4D-A42D2B569662}.Release|x64.ActiveCfg = Release|Any CPU
		{0467D0F4-F4BF-4B13-9B4D-A42D2B569662}.Release|x64.Build.0 = Release|Any CPU
		{0467D0F4-F4BF-4B13-9B4D-A42D2B569662}.Release|x86.ActiveCfg = Release|Any CPU
		{0467D0F4-F4BF-4B13-9B4D-A42D2B569662}.Release|x86.Build.0 = Release|Any CPU
		{F9FC511C-FF4F-4E94-B216-1BBA5883E97E}.Debug|Any CPU.ActiveCfg = Debug|Any CPU
		{F9FC511C-FF4F-4E94-B216-1BBA5883E97E}.Debug|Any CPU.Build.0 = Debug|Any CPU
		{F9FC511C-FF4F-4E94-B216-1BBA5883E97E}.Debug|x64.ActiveCfg = Debug|Any CPU
		{F9FC511C-FF4F-4E94-B216-1BBA5883E97E}.Debug|x64.Build.0 = Debug|Any CPU
		{F9FC511C-FF4F-4E94-B216-1BBA5883E97E}.Debug|x86.ActiveCfg = Debug|Any CPU
		{F9FC511C-FF4F-4E94-B216-1BBA5883E97E}.Debug|x86.Build.0 = Debug|Any CPU
		{F9FC511C-FF4F-4E94-B216-1BBA5883E97E}.Release|Any CPU.ActiveCfg = Release|Any CPU
		{F9FC511C-FF4F-4E94-B216-1BBA5883E97E}.Release|Any CPU.Build.0 = Release|Any CPU
		{F9FC511C-FF4F-4E94-B216-1BBA5883E97E}.Release|x64.ActiveCfg = Release|Any CPU
		{F9FC511C-FF4F-4E94-B216-1BBA5883E97E}.Release|x64.Build.0 = Release|Any CPU
		{F9FC511C-FF4F-4E94-B216-1BBA5883E97E}.Release|x86.ActiveCfg = Release|Any CPU
		{F9FC511C-FF4F-4E94-B216-1BBA5883E97E}.Release|x86.Build.0 = Release|Any CPU
		{D5175DDF-DF83-4020-87A6-5B8598BFAE15}.Debug|Any CPU.ActiveCfg = Debug|Any CPU
		{D5175DDF-DF83-4020-87A6-5B8598BFAE15}.Debug|Any CPU.Build.0 = Debug|Any CPU
		{D5175DDF-DF83-4020-87A6-5B8598BFAE15}.Debug|x64.ActiveCfg = Debug|Any CPU
		{D5175DDF-DF83-4020-87A6-5B8598BFAE15}.Debug|x64.Build.0 = Debug|Any CPU
		{D5175DDF-DF83-4020-87A6-5B8598BFAE15}.Debug|x86.ActiveCfg = Debug|Any CPU
		{D5175DDF-DF83-4020-87A6-5B8598BFAE15}.Debug|x86.Build.0 = Debug|Any CPU
		{D5175DDF-DF83-4020-87A6-5B8598BFAE15}.Release|Any CPU.ActiveCfg = Release|Any CPU
		{D5175DDF-DF83-4020-87A6-5B8598BFAE15}.Release|Any CPU.Build.0 = Release|Any CPU
		{D5175DDF-DF83-4020-87A6-5B8598BFAE15}.Release|x64.ActiveCfg = Release|Any CPU
		{D5175DDF-DF83-4020-87A6-5B8598BFAE15}.Release|x64.Build.0 = Release|Any CPU
		{D5175DDF-DF83-4020-87A6-5B8598BFAE15}.Release|x86.ActiveCfg = Release|Any CPU
		{D5175DDF-DF83-4020-87A6-5B8598BFAE15}.Release|x86.Build.0 = Release|Any CPU
		{4286C485-5EEA-4C00-B8A9-4B2A3F1B0427}.Debug|Any CPU.ActiveCfg = Debug|Any CPU
		{4286C485-5EEA-4C00-B8A9-4B2A3F1B0427}.Debug|Any CPU.Build.0 = Debug|Any CPU
		{4286C485-5EEA-4C00-B8A9-4B2A3F1B0427}.Debug|x64.ActiveCfg = Debug|Any CPU
		{4286C485-5EEA-4C00-B8A9-4B2A3F1B0427}.Debug|x64.Build.0 = Debug|Any CPU
		{4286C485-5EEA-4C00-B8A9-4B2A3F1B0427}.Debug|x86.ActiveCfg = Debug|Any CPU
		{4286C485-5EEA-4C00-B8A9-4B2A3F1B0427}.Debug|x86.Build.0 = Debug|Any CPU
		{4286C485-5EEA-4C00-B8A9-4B2A3F1B0427}.Release|Any CPU.ActiveCfg = Release|Any CPU
		{4286C485-5EEA-4C00-B8A9-4B2A3F1B0427}.Release|Any CPU.Build.0 = Release|Any CPU
		{4286C485-5EEA-4C00-B8A9-4B2A3F1B0427}.Release|x64.ActiveCfg = Release|Any CPU
		{4286C485-5EEA-4C00-B8A9-4B2A3F1B0427}.Release|x64.Build.0 = Release|Any CPU
		{4286C485-5EEA-4C00-B8A9-4B2A3F1B0427}.Release|x86.ActiveCfg = Release|Any CPU
		{4286C485-5EEA-4C00-B8A9-4B2A3F1B0427}.Release|x86.Build.0 = Release|Any CPU
		{00A1707A-1855-4E32-87CD-BFDDD4752DAC}.Debug|Any CPU.ActiveCfg = Debug|Any CPU
		{00A1707A-1855-4E32-87CD-BFDDD4752DAC}.Debug|Any CPU.Build.0 = Debug|Any CPU
		{00A1707A-1855-4E32-87CD-BFDDD4752DAC}.Debug|x64.ActiveCfg = Debug|Any CPU
		{00A1707A-1855-4E32-87CD-BFDDD4752DAC}.Debug|x64.Build.0 = Debug|Any CPU
		{00A1707A-1855-4E32-87CD-BFDDD4752DAC}.Debug|x86.ActiveCfg = Debug|Any CPU
		{00A1707A-1855-4E32-87CD-BFDDD4752DAC}.Debug|x86.Build.0 = Debug|Any CPU
		{00A1707A-1855-4E32-87CD-BFDDD4752DAC}.Release|Any CPU.ActiveCfg = Release|Any CPU
		{00A1707A-1855-4E32-87CD-BFDDD4752DAC}.Release|Any CPU.Build.0 = Release|Any CPU
		{00A1707A-1855-4E32-87CD-BFDDD4752DAC}.Release|x64.ActiveCfg = Release|Any CPU
		{00A1707A-1855-4E32-87CD-BFDDD4752DAC}.Release|x64.Build.0 = Release|Any CPU
		{00A1707A-1855-4E32-87CD-BFDDD4752DAC}.Release|x86.ActiveCfg = Release|Any CPU
		{00A1707A-1855-4E32-87CD-BFDDD4752DAC}.Release|x86.Build.0 = Release|Any CPU
		{E22D601A-00BE-4C78-9399-752B60F7B3DC}.Debug|Any CPU.ActiveCfg = Debug|Any CPU
		{E22D601A-00BE-4C78-9399-752B60F7B3DC}.Debug|Any CPU.Build.0 = Debug|Any CPU
		{E22D601A-00BE-4C78-9399-752B60F7B3DC}.Debug|x64.ActiveCfg = Debug|Any CPU
		{E22D601A-00BE-4C78-9399-752B60F7B3DC}.Debug|x64.Build.0 = Debug|Any CPU
		{E22D601A-00BE-4C78-9399-752B60F7B3DC}.Debug|x86.ActiveCfg = Debug|Any CPU
		{E22D601A-00BE-4C78-9399-752B60F7B3DC}.Debug|x86.Build.0 = Debug|Any CPU
		{E22D601A-00BE-4C78-9399-752B60F7B3DC}.Release|Any CPU.ActiveCfg = Release|Any CPU
		{E22D601A-00BE-4C78-9399-752B60F7B3DC}.Release|Any CPU.Build.0 = Release|Any CPU
		{E22D601A-00BE-4C78-9399-752B60F7B3DC}.Release|x64.ActiveCfg = Release|Any CPU
		{E22D601A-00BE-4C78-9399-752B60F7B3DC}.Release|x64.Build.0 = Release|Any CPU
		{E22D601A-00BE-4C78-9399-752B60F7B3DC}.Release|x86.ActiveCfg = Release|Any CPU
		{E22D601A-00BE-4C78-9399-752B60F7B3DC}.Release|x86.Build.0 = Release|Any CPU
		{02B5F579-06C1-4962-AFDE-41143B61E84B}.Debug|Any CPU.ActiveCfg = Debug|Any CPU
		{02B5F579-06C1-4962-AFDE-41143B61E84B}.Debug|Any CPU.Build.0 = Debug|Any CPU
		{02B5F579-06C1-4962-AFDE-41143B61E84B}.Debug|x64.ActiveCfg = Debug|Any CPU
		{02B5F579-06C1-4962-AFDE-41143B61E84B}.Debug|x64.Build.0 = Debug|Any CPU
		{02B5F579-06C1-4962-AFDE-41143B61E84B}.Debug|x86.ActiveCfg = Debug|Any CPU
		{02B5F579-06C1-4962-AFDE-41143B61E84B}.Debug|x86.Build.0 = Debug|Any CPU
		{02B5F579-06C1-4962-AFDE-41143B61E84B}.Release|Any CPU.ActiveCfg = Release|Any CPU
		{02B5F579-06C1-4962-AFDE-41143B61E84B}.Release|Any CPU.Build.0 = Release|Any CPU
		{02B5F579-06C1-4962-AFDE-41143B61E84B}.Release|x64.ActiveCfg = Release|Any CPU
		{02B5F579-06C1-4962-AFDE-41143B61E84B}.Release|x64.Build.0 = Release|Any CPU
		{02B5F579-06C1-4962-AFDE-41143B61E84B}.Release|x86.ActiveCfg = Release|Any CPU
		{02B5F579-06C1-4962-AFDE-41143B61E84B}.Release|x86.Build.0 = Release|Any CPU
		{966902A7-BD2C-4F70-A4EE-6CAD2B15202C}.Debug|Any CPU.ActiveCfg = Debug|Any CPU
		{966902A7-BD2C-4F70-A4EE-6CAD2B15202C}.Debug|Any CPU.Build.0 = Debug|Any CPU
		{966902A7-BD2C-4F70-A4EE-6CAD2B15202C}.Debug|x64.ActiveCfg = Debug|Any CPU
		{966902A7-BD2C-4F70-A4EE-6CAD2B15202C}.Debug|x64.Build.0 = Debug|Any CPU
		{966902A7-BD2C-4F70-A4EE-6CAD2B15202C}.Debug|x86.ActiveCfg = Debug|Any CPU
		{966902A7-BD2C-4F70-A4EE-6CAD2B15202C}.Debug|x86.Build.0 = Debug|Any CPU
		{966902A7-BD2C-4F70-A4EE-6CAD2B15202C}.Release|Any CPU.ActiveCfg = Release|Any CPU
		{966902A7-BD2C-4F70-A4EE-6CAD2B15202C}.Release|Any CPU.Build.0 = Release|Any CPU
		{966902A7-BD2C-4F70-A4EE-6CAD2B15202C}.Release|x64.ActiveCfg = Release|Any CPU
		{966902A7-BD2C-4F70-A4EE-6CAD2B15202C}.Release|x64.Build.0 = Release|Any CPU
		{966902A7-BD2C-4F70-A4EE-6CAD2B15202C}.Release|x86.ActiveCfg = Release|Any CPU
		{966902A7-BD2C-4F70-A4EE-6CAD2B15202C}.Release|x86.Build.0 = Release|Any CPU
		{FF20E3CD-BD12-4C69-B8FF-1BA6C1F71AF0}.Debug|Any CPU.ActiveCfg = Debug|Any CPU
		{FF20E3CD-BD12-4C69-B8FF-1BA6C1F71AF0}.Debug|Any CPU.Build.0 = Debug|Any CPU
		{FF20E3CD-BD12-4C69-B8FF-1BA6C1F71AF0}.Debug|x64.ActiveCfg = Debug|Any CPU
		{FF20E3CD-BD12-4C69-B8FF-1BA6C1F71AF0}.Debug|x64.Build.0 = Debug|Any CPU
		{FF20E3CD-BD12-4C69-B8FF-1BA6C1F71AF0}.Debug|x86.ActiveCfg = Debug|Any CPU
		{FF20E3CD-BD12-4C69-B8FF-1BA6C1F71AF0}.Debug|x86.Build.0 = Debug|Any CPU
		{FF20E3CD-BD12-4C69-B8FF-1BA6C1F71AF0}.Release|Any CPU.ActiveCfg = Release|Any CPU
		{FF20E3CD-BD12-4C69-B8FF-1BA6C1F71AF0}.Release|Any CPU.Build.0 = Release|Any CPU
		{FF20E3CD-BD12-4C69-B8FF-1BA6C1F71AF0}.Release|x64.ActiveCfg = Release|Any CPU
		{FF20E3CD-BD12-4C69-B8FF-1BA6C1F71AF0}.Release|x64.Build.0 = Release|Any CPU
		{FF20E3CD-BD12-4C69-B8FF-1BA6C1F71AF0}.Release|x86.ActiveCfg = Release|Any CPU
		{FF20E3CD-BD12-4C69-B8FF-1BA6C1F71AF0}.Release|x86.Build.0 = Release|Any CPU
		{9F8D648A-5C6F-491B-8C18-B1A1825AD813}.Debug|Any CPU.ActiveCfg = Debug|Any CPU
		{9F8D648A-5C6F-491B-8C18-B1A1825AD813}.Debug|Any CPU.Build.0 = Debug|Any CPU
		{9F8D648A-5C6F-491B-8C18-B1A1825AD813}.Debug|x64.ActiveCfg = Debug|Any CPU
		{9F8D648A-5C6F-491B-8C18-B1A1825AD813}.Debug|x64.Build.0 = Debug|Any CPU
		{9F8D648A-5C6F-491B-8C18-B1A1825AD813}.Debug|x86.ActiveCfg = Debug|Any CPU
		{9F8D648A-5C6F-491B-8C18-B1A1825AD813}.Debug|x86.Build.0 = Debug|Any CPU
		{9F8D648A-5C6F-491B-8C18-B1A1825AD813}.Release|Any CPU.ActiveCfg = Release|Any CPU
		{9F8D648A-5C6F-491B-8C18-B1A1825AD813}.Release|Any CPU.Build.0 = Release|Any CPU
		{9F8D648A-5C6F-491B-8C18-B1A1825AD813}.Release|x64.ActiveCfg = Release|Any CPU
		{9F8D648A-5C6F-491B-8C18-B1A1825AD813}.Release|x64.Build.0 = Release|Any CPU
		{9F8D648A-5C6F-491B-8C18-B1A1825AD813}.Release|x86.ActiveCfg = Release|Any CPU
		{9F8D648A-5C6F-491B-8C18-B1A1825AD813}.Release|x86.Build.0 = Release|Any CPU
		{5324F9A0-C3F6-47C4-8499-DE4C200C78E2}.Debug|Any CPU.ActiveCfg = Debug|Any CPU
		{5324F9A0-C3F6-47C4-8499-DE4C200C78E2}.Debug|Any CPU.Build.0 = Debug|Any CPU
		{5324F9A0-C3F6-47C4-8499-DE4C200C78E2}.Debug|x64.ActiveCfg = Debug|Any CPU
		{5324F9A0-C3F6-47C4-8499-DE4C200C78E2}.Debug|x64.Build.0 = Debug|Any CPU
		{5324F9A0-C3F6-47C4-8499-DE4C200C78E2}.Debug|x86.ActiveCfg = Debug|Any CPU
		{5324F9A0-C3F6-47C4-8499-DE4C200C78E2}.Debug|x86.Build.0 = Debug|Any CPU
		{5324F9A0-C3F6-47C4-8499-DE4C200C78E2}.Release|Any CPU.ActiveCfg = Release|Any CPU
		{5324F9A0-C3F6-47C4-8499-DE4C200C78E2}.Release|Any CPU.Build.0 = Release|Any CPU
		{5324F9A0-C3F6-47C4-8499-DE4C200C78E2}.Release|x64.ActiveCfg = Release|Any CPU
		{5324F9A0-C3F6-47C4-8499-DE4C200C78E2}.Release|x64.Build.0 = Release|Any CPU
		{5324F9A0-C3F6-47C4-8499-DE4C200C78E2}.Release|x86.ActiveCfg = Release|Any CPU
		{5324F9A0-C3F6-47C4-8499-DE4C200C78E2}.Release|x86.Build.0 = Release|Any CPU
		{47A1DEB3-CFBD-4FA9-BF5A-018009D73B08}.Debug|Any CPU.ActiveCfg = Debug|Any CPU
		{47A1DEB3-CFBD-4FA9-BF5A-018009D73B08}.Debug|Any CPU.Build.0 = Debug|Any CPU
		{47A1DEB3-CFBD-4FA9-BF5A-018009D73B08}.Debug|x64.ActiveCfg = Debug|Any CPU
		{47A1DEB3-CFBD-4FA9-BF5A-018009D73B08}.Debug|x64.Build.0 = Debug|Any CPU
		{47A1DEB3-CFBD-4FA9-BF5A-018009D73B08}.Debug|x86.ActiveCfg = Debug|Any CPU
		{47A1DEB3-CFBD-4FA9-BF5A-018009D73B08}.Debug|x86.Build.0 = Debug|Any CPU
		{47A1DEB3-CFBD-4FA9-BF5A-018009D73B08}.Release|Any CPU.ActiveCfg = Release|Any CPU
		{47A1DEB3-CFBD-4FA9-BF5A-018009D73B08}.Release|Any CPU.Build.0 = Release|Any CPU
		{47A1DEB3-CFBD-4FA9-BF5A-018009D73B08}.Release|x64.ActiveCfg = Release|Any CPU
		{47A1DEB3-CFBD-4FA9-BF5A-018009D73B08}.Release|x64.Build.0 = Release|Any CPU
		{47A1DEB3-CFBD-4FA9-BF5A-018009D73B08}.Release|x86.ActiveCfg = Release|Any CPU
		{47A1DEB3-CFBD-4FA9-BF5A-018009D73B08}.Release|x86.Build.0 = Release|Any CPU
		{79ABF5E6-CA11-45BF-A2A9-60E9B0A2A464}.Debug|Any CPU.ActiveCfg = Debug|Any CPU
		{79ABF5E6-CA11-45BF-A2A9-60E9B0A2A464}.Debug|Any CPU.Build.0 = Debug|Any CPU
		{79ABF5E6-CA11-45BF-A2A9-60E9B0A2A464}.Debug|x64.ActiveCfg = Debug|Any CPU
		{79ABF5E6-CA11-45BF-A2A9-60E9B0A2A464}.Debug|x64.Build.0 = Debug|Any CPU
		{79ABF5E6-CA11-45BF-A2A9-60E9B0A2A464}.Debug|x86.ActiveCfg = Debug|Any CPU
		{79ABF5E6-CA11-45BF-A2A9-60E9B0A2A464}.Debug|x86.Build.0 = Debug|Any CPU
		{79ABF5E6-CA11-45BF-A2A9-60E9B0A2A464}.Release|Any CPU.ActiveCfg = Release|Any CPU
		{79ABF5E6-CA11-45BF-A2A9-60E9B0A2A464}.Release|Any CPU.Build.0 = Release|Any CPU
		{79ABF5E6-CA11-45BF-A2A9-60E9B0A2A464}.Release|x64.ActiveCfg = Release|Any CPU
		{79ABF5E6-CA11-45BF-A2A9-60E9B0A2A464}.Release|x64.Build.0 = Release|Any CPU
		{79ABF5E6-CA11-45BF-A2A9-60E9B0A2A464}.Release|x86.ActiveCfg = Release|Any CPU
		{79ABF5E6-CA11-45BF-A2A9-60E9B0A2A464}.Release|x86.Build.0 = Release|Any CPU
		{A68486FE-2F2C-431B-A18A-260FC4C94D86}.Debug|Any CPU.ActiveCfg = Debug|Any CPU
		{A68486FE-2F2C-431B-A18A-260FC4C94D86}.Debug|Any CPU.Build.0 = Debug|Any CPU
		{A68486FE-2F2C-431B-A18A-260FC4C94D86}.Debug|x64.ActiveCfg = Debug|Any CPU
		{A68486FE-2F2C-431B-A18A-260FC4C94D86}.Debug|x64.Build.0 = Debug|Any CPU
		{A68486FE-2F2C-431B-A18A-260FC4C94D86}.Debug|x86.ActiveCfg = Debug|Any CPU
		{A68486FE-2F2C-431B-A18A-260FC4C94D86}.Debug|x86.Build.0 = Debug|Any CPU
		{A68486FE-2F2C-431B-A18A-260FC4C94D86}.Release|Any CPU.ActiveCfg = Release|Any CPU
		{A68486FE-2F2C-431B-A18A-260FC4C94D86}.Release|Any CPU.Build.0 = Release|Any CPU
		{A68486FE-2F2C-431B-A18A-260FC4C94D86}.Release|x64.ActiveCfg = Release|Any CPU
		{A68486FE-2F2C-431B-A18A-260FC4C94D86}.Release|x64.Build.0 = Release|Any CPU
		{A68486FE-2F2C-431B-A18A-260FC4C94D86}.Release|x86.ActiveCfg = Release|Any CPU
		{A68486FE-2F2C-431B-A18A-260FC4C94D86}.Release|x86.Build.0 = Release|Any CPU
		{DAB00C54-2149-4B24-B83C-B02147BB03A4}.Debug|Any CPU.ActiveCfg = Debug|Any CPU
		{DAB00C54-2149-4B24-B83C-B02147BB03A4}.Debug|Any CPU.Build.0 = Debug|Any CPU
		{DAB00C54-2149-4B24-B83C-B02147BB03A4}.Debug|x64.ActiveCfg = Debug|Any CPU
		{DAB00C54-2149-4B24-B83C-B02147BB03A4}.Debug|x64.Build.0 = Debug|Any CPU
		{DAB00C54-2149-4B24-B83C-B02147BB03A4}.Debug|x86.ActiveCfg = Debug|Any CPU
		{DAB00C54-2149-4B24-B83C-B02147BB03A4}.Debug|x86.Build.0 = Debug|Any CPU
		{DAB00C54-2149-4B24-B83C-B02147BB03A4}.Release|Any CPU.ActiveCfg = Release|Any CPU
		{DAB00C54-2149-4B24-B83C-B02147BB03A4}.Release|Any CPU.Build.0 = Release|Any CPU
		{DAB00C54-2149-4B24-B83C-B02147BB03A4}.Release|x64.ActiveCfg = Release|Any CPU
		{DAB00C54-2149-4B24-B83C-B02147BB03A4}.Release|x64.Build.0 = Release|Any CPU
		{DAB00C54-2149-4B24-B83C-B02147BB03A4}.Release|x86.ActiveCfg = Release|Any CPU
		{DAB00C54-2149-4B24-B83C-B02147BB03A4}.Release|x86.Build.0 = Release|Any CPU
		{23D2EC67-2F05-4854-B4A8-19AFD41D489D}.Debug|Any CPU.ActiveCfg = Debug|Any CPU
		{23D2EC67-2F05-4854-B4A8-19AFD41D489D}.Debug|Any CPU.Build.0 = Debug|Any CPU
		{23D2EC67-2F05-4854-B4A8-19AFD41D489D}.Debug|x64.ActiveCfg = Debug|Any CPU
		{23D2EC67-2F05-4854-B4A8-19AFD41D489D}.Debug|x64.Build.0 = Debug|Any CPU
		{23D2EC67-2F05-4854-B4A8-19AFD41D489D}.Debug|x86.ActiveCfg = Debug|Any CPU
		{23D2EC67-2F05-4854-B4A8-19AFD41D489D}.Debug|x86.Build.0 = Debug|Any CPU
		{23D2EC67-2F05-4854-B4A8-19AFD41D489D}.Release|Any CPU.ActiveCfg = Release|Any CPU
		{23D2EC67-2F05-4854-B4A8-19AFD41D489D}.Release|Any CPU.Build.0 = Release|Any CPU
		{23D2EC67-2F05-4854-B4A8-19AFD41D489D}.Release|x64.ActiveCfg = Release|Any CPU
		{23D2EC67-2F05-4854-B4A8-19AFD41D489D}.Release|x64.Build.0 = Release|Any CPU
		{23D2EC67-2F05-4854-B4A8-19AFD41D489D}.Release|x86.ActiveCfg = Release|Any CPU
		{23D2EC67-2F05-4854-B4A8-19AFD41D489D}.Release|x86.Build.0 = Release|Any CPU
		{EEE228F6-CCE2-439F-BF43-C63202EE1EA7}.Debug|Any CPU.ActiveCfg = Debug|Any CPU
		{EEE228F6-CCE2-439F-BF43-C63202EE1EA7}.Debug|Any CPU.Build.0 = Debug|Any CPU
		{EEE228F6-CCE2-439F-BF43-C63202EE1EA7}.Debug|x64.ActiveCfg = Debug|Any CPU
		{EEE228F6-CCE2-439F-BF43-C63202EE1EA7}.Debug|x64.Build.0 = Debug|Any CPU
		{EEE228F6-CCE2-439F-BF43-C63202EE1EA7}.Debug|x86.ActiveCfg = Debug|Any CPU
		{EEE228F6-CCE2-439F-BF43-C63202EE1EA7}.Debug|x86.Build.0 = Debug|Any CPU
		{EEE228F6-CCE2-439F-BF43-C63202EE1EA7}.Release|Any CPU.ActiveCfg = Release|Any CPU
		{EEE228F6-CCE2-439F-BF43-C63202EE1EA7}.Release|Any CPU.Build.0 = Release|Any CPU
		{EEE228F6-CCE2-439F-BF43-C63202EE1EA7}.Release|x64.ActiveCfg = Release|Any CPU
		{EEE228F6-CCE2-439F-BF43-C63202EE1EA7}.Release|x64.Build.0 = Release|Any CPU
		{EEE228F6-CCE2-439F-BF43-C63202EE1EA7}.Release|x86.ActiveCfg = Release|Any CPU
		{EEE228F6-CCE2-439F-BF43-C63202EE1EA7}.Release|x86.Build.0 = Release|Any CPU
		{F9792BC9-FBD5-455A-987D-7BA10DD1D039}.Debug|Any CPU.ActiveCfg = Debug|Any CPU
		{F9792BC9-FBD5-455A-987D-7BA10DD1D039}.Debug|Any CPU.Build.0 = Debug|Any CPU
		{F9792BC9-FBD5-455A-987D-7BA10DD1D039}.Debug|x64.ActiveCfg = Debug|Any CPU
		{F9792BC9-FBD5-455A-987D-7BA10DD1D039}.Debug|x64.Build.0 = Debug|Any CPU
		{F9792BC9-FBD5-455A-987D-7BA10DD1D039}.Debug|x86.ActiveCfg = Debug|Any CPU
		{F9792BC9-FBD5-455A-987D-7BA10DD1D039}.Debug|x86.Build.0 = Debug|Any CPU
		{F9792BC9-FBD5-455A-987D-7BA10DD1D039}.Release|Any CPU.ActiveCfg = Release|Any CPU
		{F9792BC9-FBD5-455A-987D-7BA10DD1D039}.Release|Any CPU.Build.0 = Release|Any CPU
		{F9792BC9-FBD5-455A-987D-7BA10DD1D039}.Release|x64.ActiveCfg = Release|Any CPU
		{F9792BC9-FBD5-455A-987D-7BA10DD1D039}.Release|x64.Build.0 = Release|Any CPU
		{F9792BC9-FBD5-455A-987D-7BA10DD1D039}.Release|x86.ActiveCfg = Release|Any CPU
		{F9792BC9-FBD5-455A-987D-7BA10DD1D039}.Release|x86.Build.0 = Release|Any CPU
		{06FFD37A-E8E3-4F34-AE72-6CF8315261FF}.Debug|Any CPU.ActiveCfg = Debug|Any CPU
		{06FFD37A-E8E3-4F34-AE72-6CF8315261FF}.Debug|Any CPU.Build.0 = Debug|Any CPU
		{06FFD37A-E8E3-4F34-AE72-6CF8315261FF}.Debug|x64.ActiveCfg = Debug|Any CPU
		{06FFD37A-E8E3-4F34-AE72-6CF8315261FF}.Debug|x64.Build.0 = Debug|Any CPU
		{06FFD37A-E8E3-4F34-AE72-6CF8315261FF}.Debug|x86.ActiveCfg = Debug|Any CPU
		{06FFD37A-E8E3-4F34-AE72-6CF8315261FF}.Debug|x86.Build.0 = Debug|Any CPU
		{06FFD37A-E8E3-4F34-AE72-6CF8315261FF}.Release|Any CPU.ActiveCfg = Release|Any CPU
		{06FFD37A-E8E3-4F34-AE72-6CF8315261FF}.Release|Any CPU.Build.0 = Release|Any CPU
		{06FFD37A-E8E3-4F34-AE72-6CF8315261FF}.Release|x64.ActiveCfg = Release|Any CPU
		{06FFD37A-E8E3-4F34-AE72-6CF8315261FF}.Release|x64.Build.0 = Release|Any CPU
		{06FFD37A-E8E3-4F34-AE72-6CF8315261FF}.Release|x86.ActiveCfg = Release|Any CPU
		{06FFD37A-E8E3-4F34-AE72-6CF8315261FF}.Release|x86.Build.0 = Release|Any CPU
		{F019D0CA-23DE-4B68-8A18-1BA01148417C}.Debug|Any CPU.ActiveCfg = Debug|Any CPU
		{F019D0CA-23DE-4B68-8A18-1BA01148417C}.Debug|Any CPU.Build.0 = Debug|Any CPU
		{F019D0CA-23DE-4B68-8A18-1BA01148417C}.Debug|x64.ActiveCfg = Debug|Any CPU
		{F019D0CA-23DE-4B68-8A18-1BA01148417C}.Debug|x64.Build.0 = Debug|Any CPU
		{F019D0CA-23DE-4B68-8A18-1BA01148417C}.Debug|x86.ActiveCfg = Debug|Any CPU
		{F019D0CA-23DE-4B68-8A18-1BA01148417C}.Debug|x86.Build.0 = Debug|Any CPU
		{F019D0CA-23DE-4B68-8A18-1BA01148417C}.Release|Any CPU.ActiveCfg = Release|Any CPU
		{F019D0CA-23DE-4B68-8A18-1BA01148417C}.Release|Any CPU.Build.0 = Release|Any CPU
		{F019D0CA-23DE-4B68-8A18-1BA01148417C}.Release|x64.ActiveCfg = Release|Any CPU
		{F019D0CA-23DE-4B68-8A18-1BA01148417C}.Release|x64.Build.0 = Release|Any CPU
		{F019D0CA-23DE-4B68-8A18-1BA01148417C}.Release|x86.ActiveCfg = Release|Any CPU
		{F019D0CA-23DE-4B68-8A18-1BA01148417C}.Release|x86.Build.0 = Release|Any CPU
		{E91A30EA-149B-41AF-9328-B7E678C446C6}.Debug|Any CPU.ActiveCfg = Debug|Any CPU
		{E91A30EA-149B-41AF-9328-B7E678C446C6}.Debug|Any CPU.Build.0 = Debug|Any CPU
		{E91A30EA-149B-41AF-9328-B7E678C446C6}.Debug|x64.ActiveCfg = Debug|Any CPU
		{E91A30EA-149B-41AF-9328-B7E678C446C6}.Debug|x64.Build.0 = Debug|Any CPU
		{E91A30EA-149B-41AF-9328-B7E678C446C6}.Debug|x86.ActiveCfg = Debug|Any CPU
		{E91A30EA-149B-41AF-9328-B7E678C446C6}.Debug|x86.Build.0 = Debug|Any CPU
		{E91A30EA-149B-41AF-9328-B7E678C446C6}.Release|Any CPU.ActiveCfg = Release|Any CPU
		{E91A30EA-149B-41AF-9328-B7E678C446C6}.Release|Any CPU.Build.0 = Release|Any CPU
		{E91A30EA-149B-41AF-9328-B7E678C446C6}.Release|x64.ActiveCfg = Release|Any CPU
		{E91A30EA-149B-41AF-9328-B7E678C446C6}.Release|x64.Build.0 = Release|Any CPU
		{E91A30EA-149B-41AF-9328-B7E678C446C6}.Release|x86.ActiveCfg = Release|Any CPU
		{E91A30EA-149B-41AF-9328-B7E678C446C6}.Release|x86.Build.0 = Release|Any CPU
	EndGlobalSection
	GlobalSection(NestedProjects) = preSolution
		{21A9652D-8320-411F-BC97-1AAAE717CB17} = {69E4DC96-D6D7-483B-84DB-44C6F75122B9}
		{DD3CEA4A-1911-4A2E-B36D-69A7870DCDB4} = {69E4DC96-D6D7-483B-84DB-44C6F75122B9}
		{402CC4AD-F856-45D6-B2C2-00D2D42ED264} = {69E4DC96-D6D7-483B-84DB-44C6F75122B9}
		{36D18EE3-47BA-4FF2-A1DC-016C28D624CF} = {69E4DC96-D6D7-483B-84DB-44C6F75122B9}
		{DE0D81CF-7D1D-4E08-8240-D9CA7A408289} = {69E4DC96-D6D7-483B-84DB-44C6F75122B9}
		{5C57EE59-E614-4CDE-B72F-4B2CF4B87F8F} = {69E4DC96-D6D7-483B-84DB-44C6F75122B9}
		{A3C0052E-88B5-40A7-8752-3F2D3F2851FB} = {69E4DC96-D6D7-483B-84DB-44C6F75122B9}
		{BAE36512-884E-4876-BC0C-8737B752423A} = {69E4DC96-D6D7-483B-84DB-44C6F75122B9}
		{459BB702-35D9-488E-AF55-4F950A3D3123} = {69E4DC96-D6D7-483B-84DB-44C6F75122B9}
		{2D8C9292-7D9F-4E05-983E-88C590449215} = {69E4DC96-D6D7-483B-84DB-44C6F75122B9}
		{DFC10FFF-F7E5-419E-A403-C5CB4D36C355} = {69E4DC96-D6D7-483B-84DB-44C6F75122B9}
		{0467D0F4-F4BF-4B13-9B4D-A42D2B569662} = {69E4DC96-D6D7-483B-84DB-44C6F75122B9}
		{B59D2D68-7BB8-4C91-BF44-B86588ECA145} = {69E4DC96-D6D7-483B-84DB-44C6F75122B9}
		{F9FC511C-FF4F-4E94-B216-1BBA5883E97E} = {B59D2D68-7BB8-4C91-BF44-B86588ECA145}
		{D5175DDF-DF83-4020-87A6-5B8598BFAE15} = {B59D2D68-7BB8-4C91-BF44-B86588ECA145}
		{4286C485-5EEA-4C00-B8A9-4B2A3F1B0427} = {B59D2D68-7BB8-4C91-BF44-B86588ECA145}
		{CEB1B40C-E4DC-4603-A862-E1039515E26D} = {69E4DC96-D6D7-483B-84DB-44C6F75122B9}
		{DA720FB9-07D7-47D5-A0EE-85BC5F5A8FA4} = {CEB1B40C-E4DC-4603-A862-E1039515E26D}
		{00A1707A-1855-4E32-87CD-BFDDD4752DAC} = {DA720FB9-07D7-47D5-A0EE-85BC5F5A8FA4}
		{E22D601A-00BE-4C78-9399-752B60F7B3DC} = {DA720FB9-07D7-47D5-A0EE-85BC5F5A8FA4}
		{02B5F579-06C1-4962-AFDE-41143B61E84B} = {DA720FB9-07D7-47D5-A0EE-85BC5F5A8FA4}
		{F21EDC14-4543-4F44-AC76-1521696BA66E} = {CEB1B40C-E4DC-4603-A862-E1039515E26D}
		{966902A7-BD2C-4F70-A4EE-6CAD2B15202C} = {F21EDC14-4543-4F44-AC76-1521696BA66E}
		{FF20E3CD-BD12-4C69-B8FF-1BA6C1F71AF0} = {F21EDC14-4543-4F44-AC76-1521696BA66E}
		{9F8D648A-5C6F-491B-8C18-B1A1825AD813} = {F21EDC14-4543-4F44-AC76-1521696BA66E}
		{6471C911-157A-4665-B9FE-0B2BB5D0F508} = {CEB1B40C-E4DC-4603-A862-E1039515E26D}
		{5324F9A0-C3F6-47C4-8499-DE4C200C78E2} = {6471C911-157A-4665-B9FE-0B2BB5D0F508}
		{47A1DEB3-CFBD-4FA9-BF5A-018009D73B08} = {6471C911-157A-4665-B9FE-0B2BB5D0F508}
		{79ABF5E6-CA11-45BF-A2A9-60E9B0A2A464} = {6471C911-157A-4665-B9FE-0B2BB5D0F508}
		{A68486FE-2F2C-431B-A18A-260FC4C94D86} = {6471C911-157A-4665-B9FE-0B2BB5D0F508}
		{DAB00C54-2149-4B24-B83C-B02147BB03A4} = {6471C911-157A-4665-B9FE-0B2BB5D0F508}
		{1BF8F166-A92A-4701-8BE2-F732EA32E5BA} = {69E4DC96-D6D7-483B-84DB-44C6F75122B9}
		{3D7A8DD8-33FB-4C6C-8070-820236E36BAA} = {1BF8F166-A92A-4701-8BE2-F732EA32E5BA}
		{23D2EC67-2F05-4854-B4A8-19AFD41D489D} = {3D7A8DD8-33FB-4C6C-8070-820236E36BAA}
		{EEE228F6-CCE2-439F-BF43-C63202EE1EA7} = {3D7A8DD8-33FB-4C6C-8070-820236E36BAA}
		{A0FAECA9-4D66-478A-97C9-93219853972F} = {1BF8F166-A92A-4701-8BE2-F732EA32E5BA}
		{F9792BC9-FBD5-455A-987D-7BA10DD1D039} = {A0FAECA9-4D66-478A-97C9-93219853972F}
		{1CE46193-4FC1-4A7F-BF9A-52974C9023A1} = {1BF8F166-A92A-4701-8BE2-F732EA32E5BA}
		{06FFD37A-E8E3-4F34-AE72-6CF8315261FF} = {1CE46193-4FC1-4A7F-BF9A-52974C9023A1}
		{F019D0CA-23DE-4B68-8A18-1BA01148417C} = {1CE46193-4FC1-4A7F-BF9A-52974C9023A1}
		{E91A30EA-149B-41AF-9328-B7E678C446C6} = {DA720FB9-07D7-47D5-A0EE-85BC5F5A8FA4}
	EndGlobalSection
EndGlobal
