
Microsoft Visual Studio Solution File, Format Version 12.00
# Visual Studio 15
VisualStudioVersion = 15.0.27128.1
MinimumVisualStudioVersion = 10.0.40219.1
Project("{9A19103F-16F7-4668-BE54-9A1E7A4F7556}") = "Scissors.FeatureCenter.Module", "Scissors.FeatureCenter.Module\Scissors.FeatureCenter.Module.csproj", "{5F15837D-D1E5-44DC-92F0-4F2EBE9C3F8D}"
EndProject
Project("{9A19103F-16F7-4668-BE54-9A1E7A4F7556}") = "Scissors.FeatureCenter.Module.Win", "Scissors.FeatureCenter.Module.Win\Scissors.FeatureCenter.Module.Win.csproj", "{7964F87D-BC5D-4C4E-8B2F-71E89739AA97}"
EndProject
Project("{FAE04EC0-301F-11D3-BF4B-00C04F79EFBC}") = "Scissors.FeatureCenter.Win", "Scissors.FeatureCenter.Win\Scissors.FeatureCenter.Win.csproj", "{D05D93DF-312D-4D4E-B980-726871EC7833}"
EndProject
Project("{2150E333-8FDC-42A3-9474-1A3956D46DE8}") = "Modules", "Modules", "{1D7734E8-0F8A-4BEE-813D-05D4453A4783}"
EndProject
Project("{2150E333-8FDC-42A3-9474-1A3956D46DE8}") = "TokenEditor", "TokenEditor", "{B726B99E-9BC2-43F5-92A1-82F40CF0FCB5}"
EndProject
Project("{9A19103F-16F7-4668-BE54-9A1E7A4F7556}") = "Scissors.ExpressApp.TokenEditor.Win", "src\Modules\TokenEditor\Scissors.ExpressApp.TokenEditor.Win\Scissors.ExpressApp.TokenEditor.Win.csproj", "{9836DC04-4525-49AF-B261-154895A07906}"
EndProject
Project("{2150E333-8FDC-42A3-9474-1A3956D46DE8}") = ".config", ".config", "{768E0463-491C-44BC-85E2-48CDDB3087D1}"
	ProjectSection(SolutionItems) = preProject
		.editorconfig = .editorconfig
		.gitignore = .gitignore
		src\GlobalSuppressionsForTests.cs = src\GlobalSuppressionsForTests.cs
	EndProjectSection
EndProject
Project("{FAE04EC0-301F-11D3-BF4B-00C04F79EFBC}") = "Scissors.ExpressApp", "src\Scissors.ExpressApp\Scissors.ExpressApp.csproj", "{2CE62FF7-23D7-4C81-99A6-19D8E5889668}"
EndProject
Project("{FAE04EC0-301F-11D3-BF4B-00C04F79EFBC}") = "Scissors.ExpressApp.Win", "src\Scissors.ExpressApp.Win\Scissors.ExpressApp.Win.csproj", "{DD958DAD-2A51-4DC1-8472-AE925AC1C4A2}"
EndProject
Global
	GlobalSection(SolutionConfigurationPlatforms) = preSolution
		Debug|Any CPU = Debug|Any CPU
		EasyTest|Any CPU = EasyTest|Any CPU
		Release|Any CPU = Release|Any CPU
	EndGlobalSection
	GlobalSection(ProjectConfigurationPlatforms) = postSolution
		{5F15837D-D1E5-44DC-92F0-4F2EBE9C3F8D}.Debug|Any CPU.ActiveCfg = Debug|Any CPU
		{5F15837D-D1E5-44DC-92F0-4F2EBE9C3F8D}.Debug|Any CPU.Build.0 = Debug|Any CPU
		{5F15837D-D1E5-44DC-92F0-4F2EBE9C3F8D}.EasyTest|Any CPU.ActiveCfg = Release|Any CPU
		{5F15837D-D1E5-44DC-92F0-4F2EBE9C3F8D}.EasyTest|Any CPU.Build.0 = Release|Any CPU
		{5F15837D-D1E5-44DC-92F0-4F2EBE9C3F8D}.Release|Any CPU.ActiveCfg = Release|Any CPU
		{5F15837D-D1E5-44DC-92F0-4F2EBE9C3F8D}.Release|Any CPU.Build.0 = Release|Any CPU
		{7964F87D-BC5D-4C4E-8B2F-71E89739AA97}.Debug|Any CPU.ActiveCfg = Debug|Any CPU
		{7964F87D-BC5D-4C4E-8B2F-71E89739AA97}.Debug|Any CPU.Build.0 = Debug|Any CPU
		{7964F87D-BC5D-4C4E-8B2F-71E89739AA97}.EasyTest|Any CPU.ActiveCfg = Release|Any CPU
		{7964F87D-BC5D-4C4E-8B2F-71E89739AA97}.EasyTest|Any CPU.Build.0 = Release|Any CPU
		{7964F87D-BC5D-4C4E-8B2F-71E89739AA97}.Release|Any CPU.ActiveCfg = Release|Any CPU
		{7964F87D-BC5D-4C4E-8B2F-71E89739AA97}.Release|Any CPU.Build.0 = Release|Any CPU
		{D05D93DF-312D-4D4E-B980-726871EC7833}.Debug|Any CPU.ActiveCfg = Debug|Any CPU
		{D05D93DF-312D-4D4E-B980-726871EC7833}.Debug|Any CPU.Build.0 = Debug|Any CPU
		{D05D93DF-312D-4D4E-B980-726871EC7833}.EasyTest|Any CPU.ActiveCfg = Release|Any CPU
		{D05D93DF-312D-4D4E-B980-726871EC7833}.EasyTest|Any CPU.Build.0 = Release|Any CPU
		{D05D93DF-312D-4D4E-B980-726871EC7833}.Release|Any CPU.ActiveCfg = Release|Any CPU
		{D05D93DF-312D-4D4E-B980-726871EC7833}.Release|Any CPU.Build.0 = Release|Any CPU
		{9836DC04-4525-49AF-B261-154895A07906}.Debug|Any CPU.ActiveCfg = Debug|Any CPU
		{9836DC04-4525-49AF-B261-154895A07906}.Debug|Any CPU.Build.0 = Debug|Any CPU
		{9836DC04-4525-49AF-B261-154895A07906}.EasyTest|Any CPU.ActiveCfg = Debug|Any CPU
		{9836DC04-4525-49AF-B261-154895A07906}.EasyTest|Any CPU.Build.0 = Debug|Any CPU
		{9836DC04-4525-49AF-B261-154895A07906}.Release|Any CPU.ActiveCfg = Release|Any CPU
		{9836DC04-4525-49AF-B261-154895A07906}.Release|Any CPU.Build.0 = Release|Any CPU
		{2CE62FF7-23D7-4C81-99A6-19D8E5889668}.Debug|Any CPU.ActiveCfg = Debug|Any CPU
		{2CE62FF7-23D7-4C81-99A6-19D8E5889668}.Debug|Any CPU.Build.0 = Debug|Any CPU
		{2CE62FF7-23D7-4C81-99A6-19D8E5889668}.EasyTest|Any CPU.ActiveCfg = Debug|Any CPU
		{2CE62FF7-23D7-4C81-99A6-19D8E5889668}.EasyTest|Any CPU.Build.0 = Debug|Any CPU
		{2CE62FF7-23D7-4C81-99A6-19D8E5889668}.Release|Any CPU.ActiveCfg = Release|Any CPU
		{2CE62FF7-23D7-4C81-99A6-19D8E5889668}.Release|Any CPU.Build.0 = Release|Any CPU
		{DD958DAD-2A51-4DC1-8472-AE925AC1C4A2}.Debug|Any CPU.ActiveCfg = Debug|Any CPU
		{DD958DAD-2A51-4DC1-8472-AE925AC1C4A2}.Debug|Any CPU.Build.0 = Debug|Any CPU
		{DD958DAD-2A51-4DC1-8472-AE925AC1C4A2}.EasyTest|Any CPU.ActiveCfg = Debug|Any CPU
		{DD958DAD-2A51-4DC1-8472-AE925AC1C4A2}.EasyTest|Any CPU.Build.0 = Debug|Any CPU
		{DD958DAD-2A51-4DC1-8472-AE925AC1C4A2}.Release|Any CPU.ActiveCfg = Release|Any CPU
		{DD958DAD-2A51-4DC1-8472-AE925AC1C4A2}.Release|Any CPU.Build.0 = Release|Any CPU
	EndGlobalSection
	GlobalSection(SolutionProperties) = preSolution
		HideSolutionNode = FALSE
	EndGlobalSection
	GlobalSection(NestedProjects) = preSolution
		{B726B99E-9BC2-43F5-92A1-82F40CF0FCB5} = {1D7734E8-0F8A-4BEE-813D-05D4453A4783}
		{9836DC04-4525-49AF-B261-154895A07906} = {B726B99E-9BC2-43F5-92A1-82F40CF0FCB5}
		{2CE62FF7-23D7-4C81-99A6-19D8E5889668} = {1D7734E8-0F8A-4BEE-813D-05D4453A4783}
		{DD958DAD-2A51-4DC1-8472-AE925AC1C4A2} = {1D7734E8-0F8A-4BEE-813D-05D4453A4783}
	EndGlobalSection
	GlobalSection(ExtensibilityGlobals) = postSolution
		SolutionGuid = {469CE51B-ECDA-486F-AFCD-E4CB6A371CFE}
	EndGlobalSection
EndGlobal
