
Microsoft Visual Studio Solution File, Format Version 12.00
# Visual Studio Version 16
VisualStudioVersion = 16.0.28917.182
MinimumVisualStudioVersion = 15.0.26124.0
Project("{2150E333-8FDC-42A3-9474-1A3956D46DE8}") = "src", "src", "{D825B014-C3F8-47B1-BA8C-A9CD466EC4EE}"
EndProject
Project("{9A19103F-16F7-4668-BE54-9A1E7A4F7556}") = "Scissors.Data", "src\Scissors.Data\Scissors.Data.csproj", "{D5B77075-5FBE-47D3-BE8F-A1863A190B0B}"
EndProject
Project("{9A19103F-16F7-4668-BE54-9A1E7A4F7556}") = "Scissors.Data.Tests", "src\Scissors.Data.Tests\Scissors.Data.Tests.csproj", "{EB22D6BF-5CFA-40E5-BB97-48A1FB54B1AD}"
EndProject
Project("{9A19103F-16F7-4668-BE54-9A1E7A4F7556}") = "Scissors.ExpressApp", "src\Scissors.ExpressApp\Scissors.ExpressApp.csproj", "{1A1A4685-1A41-4FA5-BE95-BD6339557AFC}"
EndProject
Project("{9A19103F-16F7-4668-BE54-9A1E7A4F7556}") = "Scissors.ExpressApp.Console", "src\Scissors.ExpressApp.Console\Scissors.ExpressApp.Console.csproj", "{1C7718EA-8A31-435A-89C7-4BA82BA9F59F}"
EndProject
Project("{9A19103F-16F7-4668-BE54-9A1E7A4F7556}") = "Scissors.ExpressApp.Contracts", "src\Scissors.ExpressApp.Contracts\Scissors.ExpressApp.Contracts.csproj", "{B2E45BB0-89D6-4B6D-B53F-6B55EC7F6259}"
EndProject
Project("{9A19103F-16F7-4668-BE54-9A1E7A4F7556}") = "Scissors.ExpressApp.Tests", "src\Scissors.ExpressApp.Tests\Scissors.ExpressApp.Tests.csproj", "{A4BB803D-F8A8-46C9-914B-4C5F7E64C23A}"
EndProject
Project("{9A19103F-16F7-4668-BE54-9A1E7A4F7556}") = "Scissors.ExpressApp.Win", "src\Scissors.ExpressApp.Win\Scissors.ExpressApp.Win.csproj", "{CDA2224C-6835-4016-B357-5ED6C1F04AD8}"
EndProject
Project("{9A19103F-16F7-4668-BE54-9A1E7A4F7556}") = "Scissors.ExpressApp.Win.Tests", "src\Scissors.ExpressApp.Win.Tests\Scissors.ExpressApp.Win.Tests.csproj", "{A8035F1C-4166-404E-8158-F55BC1464548}"
EndProject
Project("{9A19103F-16F7-4668-BE54-9A1E7A4F7556}") = "Scissors.ExpressApp.Xpo", "src\Scissors.ExpressApp.Xpo\Scissors.ExpressApp.Xpo.csproj", "{5D81C677-4035-4F32-BB50-B5C5C12D466C}"
EndProject
Project("{9A19103F-16F7-4668-BE54-9A1E7A4F7556}") = "Scissors.ExpressApp.Xpo.Tests", "src\Scissors.ExpressApp.Xpo.Tests\Scissors.ExpressApp.Xpo.Tests.csproj", "{59240C50-491C-4A58-80D4-8059EB080D6D}"
EndProject
Project("{9A19103F-16F7-4668-BE54-9A1E7A4F7556}") = "Scissors.Xpo", "src\Scissors.Xpo\Scissors.Xpo.csproj", "{3347880F-482C-4D83-907A-4136A3366909}"
EndProject
Project("{9A19103F-16F7-4668-BE54-9A1E7A4F7556}") = "Scissors.Xpo.Tests", "src\Scissors.Xpo.Tests\Scissors.Xpo.Tests.csproj", "{DD586F7A-B793-4F07-A99E-F9625287763D}"
EndProject
Project("{2150E333-8FDC-42A3-9474-1A3956D46DE8}") = "Generators", "Generators", "{32BA8638-91D4-49FE-9F53-751BF77CDF48}"
EndProject
Project("{9A19103F-16F7-4668-BE54-9A1E7A4F7556}") = "Scissors.Xaf.CacheWarmup.Attributes", "src\Generators\Scissors.Xaf.CacheWarmup.Attributes\Scissors.Xaf.CacheWarmup.Attributes.csproj", "{90D8351E-4569-4C56-B87E-F67BDAC057E4}"
EndProject
Project("{9A19103F-16F7-4668-BE54-9A1E7A4F7556}") = "Scissors.Xaf.CacheWarmup.Generators", "src\Generators\Scissors.Xaf.CacheWarmup.Generators\Scissors.Xaf.CacheWarmup.Generators.csproj", "{67A203EC-EAE9-4EF2-9B49-AB3B54A9F7B5}"
EndProject
Project("{9A19103F-16F7-4668-BE54-9A1E7A4F7556}") = "Scissors.Xaf.CacheWarmup.Generators.Cli", "src\Generators\Scissors.Xaf.CacheWarmup.Generators.Cli\Scissors.Xaf.CacheWarmup.Generators.Cli.csproj", "{5EA82ED6-D6E7-4ADB-86C8-2DB74FDFA0CB}"
EndProject
Project("{2150E333-8FDC-42A3-9474-1A3956D46DE8}") = "Modules", "Modules", "{7BD46334-0221-408A-A25E-76F11B02C28E}"
EndProject
Project("{2150E333-8FDC-42A3-9474-1A3956D46DE8}") = "InlineEditForms", "InlineEditForms", "{48A9C7E0-454C-4245-B560-B0B03B06A2DD}"
EndProject
Project("{9A19103F-16F7-4668-BE54-9A1E7A4F7556}") = "Scissors.ExpressApp.InlineEditForms.Contracts", "src\Modules\InlineEditForms\Contracts\Scissors.ExpressApp.InlineEditForms.Contracts.csproj", "{C2964EAF-E79E-4C54-9767-7480961A8C7D}"
EndProject
Project("{9A19103F-16F7-4668-BE54-9A1E7A4F7556}") = "Scissors.ExpressApp.InlineEditForms.UITests", "src\Modules\InlineEditForms\UITests\Scissors.ExpressApp.InlineEditForms.UITests.csproj", "{36804E04-7214-4499-B8AF-D7EF9E96F7CD}"
EndProject
Project("{9A19103F-16F7-4668-BE54-9A1E7A4F7556}") = "Scissors.ExpressApp.InlineEditForms.Win", "src\Modules\InlineEditForms\Win\Scissors.ExpressApp.InlineEditForms.Win.csproj", "{F806E512-E759-4F22-AD11-FE74E0EE5F5D}"
EndProject
Project("{2150E333-8FDC-42A3-9474-1A3956D46DE8}") = "LabelEditor", "LabelEditor", "{4A7043C4-130C-4DB0-B584-BDDDF64D6CC6}"
EndProject
Project("{9A19103F-16F7-4668-BE54-9A1E7A4F7556}") = "Scissors.ExpressApp.LabelEditor", "src\Modules\LabelEditor\Base\Scissors.ExpressApp.LabelEditor.csproj", "{7D179EFF-F73D-4D5B-96BF-2150F1561BC8}"
EndProject
Project("{9A19103F-16F7-4668-BE54-9A1E7A4F7556}") = "Scissors.ExpressApp.LabelEditor.Contracts", "src\Modules\LabelEditor\Contracts\Scissors.ExpressApp.LabelEditor.Contracts.csproj", "{CF5B4320-E323-4972-A150-C2B8F9DA15A9}"
EndProject
Project("{9A19103F-16F7-4668-BE54-9A1E7A4F7556}") = "Scissors.ExpressApp.LabelEditor.Win", "src\Modules\LabelEditor\Win\Scissors.ExpressApp.LabelEditor.Win.csproj", "{999AEA8E-2A30-4FBB-83CB-C6D79AF0EE1D}"
EndProject
Project("{2150E333-8FDC-42A3-9474-1A3956D46DE8}") = "LayoutBuilder", "LayoutBuilder", "{A4FE9632-590A-4880-944C-D8FBBD050757}"
EndProject
Project("{9A19103F-16F7-4668-BE54-9A1E7A4F7556}") = "Scissors.ExpressApp.LayoutBuilder", "src\Modules\LayoutBuilder\Base\Scissors.ExpressApp.LayoutBuilder.csproj", "{B25A43DB-2F4F-4D4A-BF34-A837F59B7753}"
EndProject
Project("{9A19103F-16F7-4668-BE54-9A1E7A4F7556}") = "Scissors.ExpressApp.LayoutBuilder.Contracts", "src\Modules\LayoutBuilder\Contracts\Scissors.ExpressApp.LayoutBuilder.Contracts.csproj", "{AB58247C-0219-407A-8E30-F5D6D65F5EBA}"
EndProject
Project("{9A19103F-16F7-4668-BE54-9A1E7A4F7556}") = "Scissors.ExpressApp.LayoutBuilder.Tests", "src\Modules\LayoutBuilder\Tests\Scissors.ExpressApp.LayoutBuilder.Tests.csproj", "{4B4C9075-BA15-4AF3-8F37-7CE99B0ADECD}"
EndProject
Project("{9A19103F-16F7-4668-BE54-9A1E7A4F7556}") = "Scissors.ExpressApp.LayoutBuilder.Win.Tests", "src\Modules\LayoutBuilder\Tests.Win\Scissors.ExpressApp.LayoutBuilder.Win.Tests.csproj", "{914672D5-E820-430A-832A-D4948BA2D823}"
EndProject
Project("{9A19103F-16F7-4668-BE54-9A1E7A4F7556}") = "Scissors.ExpressApp.LayoutBuilder.Win", "src\Modules\LayoutBuilder\Win\Scissors.ExpressApp.LayoutBuilder.Win.csproj", "{AA6C0AFC-E678-4AD1-ACB0-B329A59851E2}"
EndProject
Project("{2150E333-8FDC-42A3-9474-1A3956D46DE8}") = "Utils", "Utils", "{697A534D-540A-481D-B6E2-8B6F4E0BD4CF}"
EndProject
Project("{2150E333-8FDC-42A3-9474-1A3956D46DE8}") = "Drawing", "Drawing", "{B0F71394-B1C9-484C-83EF-59E7014968BD}"
EndProject
Project("{9A19103F-16F7-4668-BE54-9A1E7A4F7556}") = "Scissors.Utils.Drawing", "src\Utils\Drawing\Scissors.Utils.Drawing\Scissors.Utils.Drawing.csproj", "{ED5B5300-436B-4B36-B6F8-CF58A048B8B5}"
EndProject
Project("{9A19103F-16F7-4668-BE54-9A1E7A4F7556}") = "Scissors.Utils.Drawing.Tests", "src\Utils\Drawing\Scissors.Utils.Drawing.Tests\Scissors.Utils.Drawing.Tests.csproj", "{600E14EB-AEA9-423F-893C-009E3E646A38}"
EndProject
Project("{2150E333-8FDC-42A3-9474-1A3956D46DE8}") = "Testing", "Testing", "{DFC0F632-7296-4233-BEFB-DE327F983A4C}"
EndProject
Project("{9A19103F-16F7-4668-BE54-9A1E7A4F7556}") = "Scissors.Utils.Testing.XUnit", "src\Utils\Testing\Scissors.Utils.Testing.XUnit\Scissors.Utils.Testing.XUnit.csproj", "{E7CC8717-0C5F-429E-8CED-132ED03527C6}"
EndProject
Project("{2150E333-8FDC-42A3-9474-1A3956D46DE8}") = "Utils", "Utils", "{02156322-79DB-4E10-A1FB-B93AB09A3140}"
EndProject
Project("{9A19103F-16F7-4668-BE54-9A1E7A4F7556}") = "Scissors.Utils", "src\Utils\Utils\Scissors.Utils\Scissors.Utils.csproj", "{3CB8A20E-CF83-4EDA-8ECB-012051E4F735}"
EndProject
Project("{9A19103F-16F7-4668-BE54-9A1E7A4F7556}") = "Scissors.Utils.Tests", "src\Utils\Utils\Scissors.Utils.Tests\Scissors.Utils.Tests.csproj", "{5427FD12-FFEC-4CE3-A89D-B277C81AF812}"
EndProject
Project("{2150E333-8FDC-42A3-9474-1A3956D46DE8}") = "demos", "demos", "{9D205BC7-0D7E-4FDC-B221-4DEFA74BB081}"
EndProject
Project("{2150E333-8FDC-42A3-9474-1A3956D46DE8}") = "console", "console", "{6BE4487F-30F7-4F0B-A688-65E451DD8827}"
EndProject
Project("{9A19103F-16F7-4668-BE54-9A1E7A4F7556}") = "Acme.Console", "demos\console\Acme.Console\Acme.Console.csproj", "{17EAB327-3293-4D16-AD00-B9F79231DABE}"
EndProject
Project("{9A19103F-16F7-4668-BE54-9A1E7A4F7556}") = "Acme.Module", "demos\console\Acme.Module\Acme.Module.csproj", "{6C48D0B2-13D0-4EEF-BF7A-03A45D78DF1F}"
EndProject
Project("{9A19103F-16F7-4668-BE54-9A1E7A4F7556}") = "Acme.Module.Console", "demos\console\Acme.Module.Console\Acme.Module.Console.csproj", "{5F125919-D686-4156-ADBE-D4DCCB9D3104}"
EndProject
Project("{2150E333-8FDC-42A3-9474-1A3956D46DE8}") = "win", "win", "{B6440733-26C6-4859-9A2E-CD353CFBF1C2}"
EndProject
Project("{9A19103F-16F7-4668-BE54-9A1E7A4F7556}") = "Scissors.FeatureCenter.Module", "demos\win\Scissors.FeatureCenter.Module\Scissors.FeatureCenter.Module.csproj", "{3BCBE033-EB86-4504-96BD-5ACB65B17ADF}"
EndProject
Project("{9A19103F-16F7-4668-BE54-9A1E7A4F7556}") = "Scissors.FeatureCenter.Module.BusinessObjects", "demos\win\Scissors.FeatureCenter.Module.BusinessObjects\Scissors.FeatureCenter.Module.BusinessObjects.csproj", "{1D3028A1-1724-4247-A8C6-AE519AE868E2}"
EndProject
Project("{9A19103F-16F7-4668-BE54-9A1E7A4F7556}") = "Scissors.FeatureCenter.Module.Contracts", "demos\win\Scissors.FeatureCenter.Module.Contracts\Scissors.FeatureCenter.Module.Contracts.csproj", "{CD46D421-9A4B-4A32-8F90-8BDA0ED39116}"
EndProject
Project("{9A19103F-16F7-4668-BE54-9A1E7A4F7556}") = "Scissors.FeatureCenter.Module.Win", "demos\win\Scissors.FeatureCenter.Module.Win\Scissors.FeatureCenter.Module.Win.csproj", "{DF5F159A-E8ED-467D-8357-BBE1AADF5366}"
EndProject
Project("{9A19103F-16F7-4668-BE54-9A1E7A4F7556}") = "Scissors.FeatureCenter.Win", "demos\win\Scissors.FeatureCenter.Win\Scissors.FeatureCenter.Win.csproj", "{ED98F246-345B-4934-A2DC-881656C3100B}"
EndProject
Project("{2150E333-8FDC-42A3-9474-1A3956D46DE8}") = "win10", "win10", "{E1C7E888-00DE-4FA8-9B17-A5C9C714B25C}"
EndProject
Project("{FAE04EC0-301F-11D3-BF4B-00C04F79EFBC}") = "Scissors.FeatureCenter.Win10", "demos\win10\Scissors.FeatureCenter.Win10\Scissors.FeatureCenter.Win10.csproj", "{199C4A09-1369-4C80-A334-5A225FA8C780}"
EndProject
Project("{C7167F0D-BC9F-4E6E-AFE1-012C56B48DB5}") = "Scissors.FeatureCenter.Package", "demos\win10\Scissors.FeatureCenter.Package\Scissors.FeatureCenter.Package.wapproj", "{3F762A44-57B6-4789-BE1C-1CFBF2838CE1}"
EndProject
Project("{FAE04EC0-301F-11D3-BF4B-00C04F79EFBC}") = "Scissors.ExpressApp.InlineEditForms", "src\Modules\InlineEditForms\Base\Scissors.ExpressApp.InlineEditForms.csproj", "{A035FE87-C643-4A31-AC6F-CF0C58D5A8E8}"
EndProject
Global
	GlobalSection(SolutionConfigurationPlatforms) = preSolution
		Debug|Any CPU = Debug|Any CPU
		Debug|x64 = Debug|x64
		Debug|x86 = Debug|x86
		Release|Any CPU = Release|Any CPU
		Release|x64 = Release|x64
		Release|x86 = Release|x86
	EndGlobalSection
	GlobalSection(ProjectConfigurationPlatforms) = postSolution
		{D5B77075-5FBE-47D3-BE8F-A1863A190B0B}.Debug|Any CPU.ActiveCfg = Debug|Any CPU
		{D5B77075-5FBE-47D3-BE8F-A1863A190B0B}.Debug|Any CPU.Build.0 = Debug|Any CPU
		{D5B77075-5FBE-47D3-BE8F-A1863A190B0B}.Debug|x64.ActiveCfg = Debug|Any CPU
		{D5B77075-5FBE-47D3-BE8F-A1863A190B0B}.Debug|x64.Build.0 = Debug|Any CPU
		{D5B77075-5FBE-47D3-BE8F-A1863A190B0B}.Debug|x86.ActiveCfg = Debug|Any CPU
		{D5B77075-5FBE-47D3-BE8F-A1863A190B0B}.Debug|x86.Build.0 = Debug|Any CPU
		{D5B77075-5FBE-47D3-BE8F-A1863A190B0B}.Release|Any CPU.ActiveCfg = Release|Any CPU
		{D5B77075-5FBE-47D3-BE8F-A1863A190B0B}.Release|Any CPU.Build.0 = Release|Any CPU
		{D5B77075-5FBE-47D3-BE8F-A1863A190B0B}.Release|x64.ActiveCfg = Release|Any CPU
		{D5B77075-5FBE-47D3-BE8F-A1863A190B0B}.Release|x64.Build.0 = Release|Any CPU
		{D5B77075-5FBE-47D3-BE8F-A1863A190B0B}.Release|x86.ActiveCfg = Release|Any CPU
		{D5B77075-5FBE-47D3-BE8F-A1863A190B0B}.Release|x86.Build.0 = Release|Any CPU
		{EB22D6BF-5CFA-40E5-BB97-48A1FB54B1AD}.Debug|Any CPU.ActiveCfg = Debug|Any CPU
		{EB22D6BF-5CFA-40E5-BB97-48A1FB54B1AD}.Debug|Any CPU.Build.0 = Debug|Any CPU
		{EB22D6BF-5CFA-40E5-BB97-48A1FB54B1AD}.Debug|x64.ActiveCfg = Debug|Any CPU
		{EB22D6BF-5CFA-40E5-BB97-48A1FB54B1AD}.Debug|x64.Build.0 = Debug|Any CPU
		{EB22D6BF-5CFA-40E5-BB97-48A1FB54B1AD}.Debug|x86.ActiveCfg = Debug|Any CPU
		{EB22D6BF-5CFA-40E5-BB97-48A1FB54B1AD}.Debug|x86.Build.0 = Debug|Any CPU
		{EB22D6BF-5CFA-40E5-BB97-48A1FB54B1AD}.Release|Any CPU.ActiveCfg = Release|Any CPU
		{EB22D6BF-5CFA-40E5-BB97-48A1FB54B1AD}.Release|Any CPU.Build.0 = Release|Any CPU
		{EB22D6BF-5CFA-40E5-BB97-48A1FB54B1AD}.Release|x64.ActiveCfg = Release|Any CPU
		{EB22D6BF-5CFA-40E5-BB97-48A1FB54B1AD}.Release|x64.Build.0 = Release|Any CPU
		{EB22D6BF-5CFA-40E5-BB97-48A1FB54B1AD}.Release|x86.ActiveCfg = Release|Any CPU
		{EB22D6BF-5CFA-40E5-BB97-48A1FB54B1AD}.Release|x86.Build.0 = Release|Any CPU
		{1A1A4685-1A41-4FA5-BE95-BD6339557AFC}.Debug|Any CPU.ActiveCfg = Debug|Any CPU
		{1A1A4685-1A41-4FA5-BE95-BD6339557AFC}.Debug|Any CPU.Build.0 = Debug|Any CPU
		{1A1A4685-1A41-4FA5-BE95-BD6339557AFC}.Debug|x64.ActiveCfg = Debug|Any CPU
		{1A1A4685-1A41-4FA5-BE95-BD6339557AFC}.Debug|x64.Build.0 = Debug|Any CPU
		{1A1A4685-1A41-4FA5-BE95-BD6339557AFC}.Debug|x86.ActiveCfg = Debug|Any CPU
		{1A1A4685-1A41-4FA5-BE95-BD6339557AFC}.Debug|x86.Build.0 = Debug|Any CPU
		{1A1A4685-1A41-4FA5-BE95-BD6339557AFC}.Release|Any CPU.ActiveCfg = Release|Any CPU
		{1A1A4685-1A41-4FA5-BE95-BD6339557AFC}.Release|Any CPU.Build.0 = Release|Any CPU
		{1A1A4685-1A41-4FA5-BE95-BD6339557AFC}.Release|x64.ActiveCfg = Release|Any CPU
		{1A1A4685-1A41-4FA5-BE95-BD6339557AFC}.Release|x64.Build.0 = Release|Any CPU
		{1A1A4685-1A41-4FA5-BE95-BD6339557AFC}.Release|x86.ActiveCfg = Release|Any CPU
		{1A1A4685-1A41-4FA5-BE95-BD6339557AFC}.Release|x86.Build.0 = Release|Any CPU
		{1C7718EA-8A31-435A-89C7-4BA82BA9F59F}.Debug|Any CPU.ActiveCfg = Debug|Any CPU
		{1C7718EA-8A31-435A-89C7-4BA82BA9F59F}.Debug|Any CPU.Build.0 = Debug|Any CPU
		{1C7718EA-8A31-435A-89C7-4BA82BA9F59F}.Debug|x64.ActiveCfg = Debug|Any CPU
		{1C7718EA-8A31-435A-89C7-4BA82BA9F59F}.Debug|x64.Build.0 = Debug|Any CPU
		{1C7718EA-8A31-435A-89C7-4BA82BA9F59F}.Debug|x86.ActiveCfg = Debug|Any CPU
		{1C7718EA-8A31-435A-89C7-4BA82BA9F59F}.Debug|x86.Build.0 = Debug|Any CPU
		{1C7718EA-8A31-435A-89C7-4BA82BA9F59F}.Release|Any CPU.ActiveCfg = Release|Any CPU
		{1C7718EA-8A31-435A-89C7-4BA82BA9F59F}.Release|Any CPU.Build.0 = Release|Any CPU
		{1C7718EA-8A31-435A-89C7-4BA82BA9F59F}.Release|x64.ActiveCfg = Release|Any CPU
		{1C7718EA-8A31-435A-89C7-4BA82BA9F59F}.Release|x64.Build.0 = Release|Any CPU
		{1C7718EA-8A31-435A-89C7-4BA82BA9F59F}.Release|x86.ActiveCfg = Release|Any CPU
		{1C7718EA-8A31-435A-89C7-4BA82BA9F59F}.Release|x86.Build.0 = Release|Any CPU
		{B2E45BB0-89D6-4B6D-B53F-6B55EC7F6259}.Debug|Any CPU.ActiveCfg = Debug|Any CPU
		{B2E45BB0-89D6-4B6D-B53F-6B55EC7F6259}.Debug|Any CPU.Build.0 = Debug|Any CPU
		{B2E45BB0-89D6-4B6D-B53F-6B55EC7F6259}.Debug|x64.ActiveCfg = Debug|Any CPU
		{B2E45BB0-89D6-4B6D-B53F-6B55EC7F6259}.Debug|x64.Build.0 = Debug|Any CPU
		{B2E45BB0-89D6-4B6D-B53F-6B55EC7F6259}.Debug|x86.ActiveCfg = Debug|Any CPU
		{B2E45BB0-89D6-4B6D-B53F-6B55EC7F6259}.Debug|x86.Build.0 = Debug|Any CPU
		{B2E45BB0-89D6-4B6D-B53F-6B55EC7F6259}.Release|Any CPU.ActiveCfg = Release|Any CPU
		{B2E45BB0-89D6-4B6D-B53F-6B55EC7F6259}.Release|Any CPU.Build.0 = Release|Any CPU
		{B2E45BB0-89D6-4B6D-B53F-6B55EC7F6259}.Release|x64.ActiveCfg = Release|Any CPU
		{B2E45BB0-89D6-4B6D-B53F-6B55EC7F6259}.Release|x64.Build.0 = Release|Any CPU
		{B2E45BB0-89D6-4B6D-B53F-6B55EC7F6259}.Release|x86.ActiveCfg = Release|Any CPU
		{B2E45BB0-89D6-4B6D-B53F-6B55EC7F6259}.Release|x86.Build.0 = Release|Any CPU
		{A4BB803D-F8A8-46C9-914B-4C5F7E64C23A}.Debug|Any CPU.ActiveCfg = Debug|Any CPU
		{A4BB803D-F8A8-46C9-914B-4C5F7E64C23A}.Debug|Any CPU.Build.0 = Debug|Any CPU
		{A4BB803D-F8A8-46C9-914B-4C5F7E64C23A}.Debug|x64.ActiveCfg = Debug|Any CPU
		{A4BB803D-F8A8-46C9-914B-4C5F7E64C23A}.Debug|x64.Build.0 = Debug|Any CPU
		{A4BB803D-F8A8-46C9-914B-4C5F7E64C23A}.Debug|x86.ActiveCfg = Debug|Any CPU
		{A4BB803D-F8A8-46C9-914B-4C5F7E64C23A}.Debug|x86.Build.0 = Debug|Any CPU
		{A4BB803D-F8A8-46C9-914B-4C5F7E64C23A}.Release|Any CPU.ActiveCfg = Release|Any CPU
		{A4BB803D-F8A8-46C9-914B-4C5F7E64C23A}.Release|Any CPU.Build.0 = Release|Any CPU
		{A4BB803D-F8A8-46C9-914B-4C5F7E64C23A}.Release|x64.ActiveCfg = Release|Any CPU
		{A4BB803D-F8A8-46C9-914B-4C5F7E64C23A}.Release|x64.Build.0 = Release|Any CPU
		{A4BB803D-F8A8-46C9-914B-4C5F7E64C23A}.Release|x86.ActiveCfg = Release|Any CPU
		{A4BB803D-F8A8-46C9-914B-4C5F7E64C23A}.Release|x86.Build.0 = Release|Any CPU
		{CDA2224C-6835-4016-B357-5ED6C1F04AD8}.Debug|Any CPU.ActiveCfg = Debug|Any CPU
		{CDA2224C-6835-4016-B357-5ED6C1F04AD8}.Debug|Any CPU.Build.0 = Debug|Any CPU
		{CDA2224C-6835-4016-B357-5ED6C1F04AD8}.Debug|x64.ActiveCfg = Debug|Any CPU
		{CDA2224C-6835-4016-B357-5ED6C1F04AD8}.Debug|x64.Build.0 = Debug|Any CPU
		{CDA2224C-6835-4016-B357-5ED6C1F04AD8}.Debug|x86.ActiveCfg = Debug|Any CPU
		{CDA2224C-6835-4016-B357-5ED6C1F04AD8}.Debug|x86.Build.0 = Debug|Any CPU
		{CDA2224C-6835-4016-B357-5ED6C1F04AD8}.Release|Any CPU.ActiveCfg = Release|Any CPU
		{CDA2224C-6835-4016-B357-5ED6C1F04AD8}.Release|Any CPU.Build.0 = Release|Any CPU
		{CDA2224C-6835-4016-B357-5ED6C1F04AD8}.Release|x64.ActiveCfg = Release|Any CPU
		{CDA2224C-6835-4016-B357-5ED6C1F04AD8}.Release|x64.Build.0 = Release|Any CPU
		{CDA2224C-6835-4016-B357-5ED6C1F04AD8}.Release|x86.ActiveCfg = Release|Any CPU
		{CDA2224C-6835-4016-B357-5ED6C1F04AD8}.Release|x86.Build.0 = Release|Any CPU
		{A8035F1C-4166-404E-8158-F55BC1464548}.Debug|Any CPU.ActiveCfg = Debug|Any CPU
		{A8035F1C-4166-404E-8158-F55BC1464548}.Debug|Any CPU.Build.0 = Debug|Any CPU
		{A8035F1C-4166-404E-8158-F55BC1464548}.Debug|x64.ActiveCfg = Debug|Any CPU
		{A8035F1C-4166-404E-8158-F55BC1464548}.Debug|x64.Build.0 = Debug|Any CPU
		{A8035F1C-4166-404E-8158-F55BC1464548}.Debug|x86.ActiveCfg = Debug|Any CPU
		{A8035F1C-4166-404E-8158-F55BC1464548}.Debug|x86.Build.0 = Debug|Any CPU
		{A8035F1C-4166-404E-8158-F55BC1464548}.Release|Any CPU.ActiveCfg = Release|Any CPU
		{A8035F1C-4166-404E-8158-F55BC1464548}.Release|Any CPU.Build.0 = Release|Any CPU
		{A8035F1C-4166-404E-8158-F55BC1464548}.Release|x64.ActiveCfg = Release|Any CPU
		{A8035F1C-4166-404E-8158-F55BC1464548}.Release|x64.Build.0 = Release|Any CPU
		{A8035F1C-4166-404E-8158-F55BC1464548}.Release|x86.ActiveCfg = Release|Any CPU
		{A8035F1C-4166-404E-8158-F55BC1464548}.Release|x86.Build.0 = Release|Any CPU
		{5D81C677-4035-4F32-BB50-B5C5C12D466C}.Debug|Any CPU.ActiveCfg = Debug|Any CPU
		{5D81C677-4035-4F32-BB50-B5C5C12D466C}.Debug|Any CPU.Build.0 = Debug|Any CPU
		{5D81C677-4035-4F32-BB50-B5C5C12D466C}.Debug|x64.ActiveCfg = Debug|Any CPU
		{5D81C677-4035-4F32-BB50-B5C5C12D466C}.Debug|x64.Build.0 = Debug|Any CPU
		{5D81C677-4035-4F32-BB50-B5C5C12D466C}.Debug|x86.ActiveCfg = Debug|Any CPU
		{5D81C677-4035-4F32-BB50-B5C5C12D466C}.Debug|x86.Build.0 = Debug|Any CPU
		{5D81C677-4035-4F32-BB50-B5C5C12D466C}.Release|Any CPU.ActiveCfg = Release|Any CPU
		{5D81C677-4035-4F32-BB50-B5C5C12D466C}.Release|Any CPU.Build.0 = Release|Any CPU
		{5D81C677-4035-4F32-BB50-B5C5C12D466C}.Release|x64.ActiveCfg = Release|Any CPU
		{5D81C677-4035-4F32-BB50-B5C5C12D466C}.Release|x64.Build.0 = Release|Any CPU
		{5D81C677-4035-4F32-BB50-B5C5C12D466C}.Release|x86.ActiveCfg = Release|Any CPU
		{5D81C677-4035-4F32-BB50-B5C5C12D466C}.Release|x86.Build.0 = Release|Any CPU
		{59240C50-491C-4A58-80D4-8059EB080D6D}.Debug|Any CPU.ActiveCfg = Debug|Any CPU
		{59240C50-491C-4A58-80D4-8059EB080D6D}.Debug|Any CPU.Build.0 = Debug|Any CPU
		{59240C50-491C-4A58-80D4-8059EB080D6D}.Debug|x64.ActiveCfg = Debug|Any CPU
		{59240C50-491C-4A58-80D4-8059EB080D6D}.Debug|x64.Build.0 = Debug|Any CPU
		{59240C50-491C-4A58-80D4-8059EB080D6D}.Debug|x86.ActiveCfg = Debug|Any CPU
		{59240C50-491C-4A58-80D4-8059EB080D6D}.Debug|x86.Build.0 = Debug|Any CPU
		{59240C50-491C-4A58-80D4-8059EB080D6D}.Release|Any CPU.ActiveCfg = Release|Any CPU
		{59240C50-491C-4A58-80D4-8059EB080D6D}.Release|Any CPU.Build.0 = Release|Any CPU
		{59240C50-491C-4A58-80D4-8059EB080D6D}.Release|x64.ActiveCfg = Release|Any CPU
		{59240C50-491C-4A58-80D4-8059EB080D6D}.Release|x64.Build.0 = Release|Any CPU
		{59240C50-491C-4A58-80D4-8059EB080D6D}.Release|x86.ActiveCfg = Release|Any CPU
		{59240C50-491C-4A58-80D4-8059EB080D6D}.Release|x86.Build.0 = Release|Any CPU
		{3347880F-482C-4D83-907A-4136A3366909}.Debug|Any CPU.ActiveCfg = Debug|Any CPU
		{3347880F-482C-4D83-907A-4136A3366909}.Debug|Any CPU.Build.0 = Debug|Any CPU
		{3347880F-482C-4D83-907A-4136A3366909}.Debug|x64.ActiveCfg = Debug|Any CPU
		{3347880F-482C-4D83-907A-4136A3366909}.Debug|x64.Build.0 = Debug|Any CPU
		{3347880F-482C-4D83-907A-4136A3366909}.Debug|x86.ActiveCfg = Debug|Any CPU
		{3347880F-482C-4D83-907A-4136A3366909}.Debug|x86.Build.0 = Debug|Any CPU
		{3347880F-482C-4D83-907A-4136A3366909}.Release|Any CPU.ActiveCfg = Release|Any CPU
		{3347880F-482C-4D83-907A-4136A3366909}.Release|Any CPU.Build.0 = Release|Any CPU
		{3347880F-482C-4D83-907A-4136A3366909}.Release|x64.ActiveCfg = Release|Any CPU
		{3347880F-482C-4D83-907A-4136A3366909}.Release|x64.Build.0 = Release|Any CPU
		{3347880F-482C-4D83-907A-4136A3366909}.Release|x86.ActiveCfg = Release|Any CPU
		{3347880F-482C-4D83-907A-4136A3366909}.Release|x86.Build.0 = Release|Any CPU
		{DD586F7A-B793-4F07-A99E-F9625287763D}.Debug|Any CPU.ActiveCfg = Debug|Any CPU
		{DD586F7A-B793-4F07-A99E-F9625287763D}.Debug|Any CPU.Build.0 = Debug|Any CPU
		{DD586F7A-B793-4F07-A99E-F9625287763D}.Debug|x64.ActiveCfg = Debug|Any CPU
		{DD586F7A-B793-4F07-A99E-F9625287763D}.Debug|x64.Build.0 = Debug|Any CPU
		{DD586F7A-B793-4F07-A99E-F9625287763D}.Debug|x86.ActiveCfg = Debug|Any CPU
		{DD586F7A-B793-4F07-A99E-F9625287763D}.Debug|x86.Build.0 = Debug|Any CPU
		{DD586F7A-B793-4F07-A99E-F9625287763D}.Release|Any CPU.ActiveCfg = Release|Any CPU
		{DD586F7A-B793-4F07-A99E-F9625287763D}.Release|Any CPU.Build.0 = Release|Any CPU
		{DD586F7A-B793-4F07-A99E-F9625287763D}.Release|x64.ActiveCfg = Release|Any CPU
		{DD586F7A-B793-4F07-A99E-F9625287763D}.Release|x64.Build.0 = Release|Any CPU
		{DD586F7A-B793-4F07-A99E-F9625287763D}.Release|x86.ActiveCfg = Release|Any CPU
		{DD586F7A-B793-4F07-A99E-F9625287763D}.Release|x86.Build.0 = Release|Any CPU
		{90D8351E-4569-4C56-B87E-F67BDAC057E4}.Debug|Any CPU.ActiveCfg = Debug|Any CPU
		{90D8351E-4569-4C56-B87E-F67BDAC057E4}.Debug|Any CPU.Build.0 = Debug|Any CPU
		{90D8351E-4569-4C56-B87E-F67BDAC057E4}.Debug|x64.ActiveCfg = Debug|Any CPU
		{90D8351E-4569-4C56-B87E-F67BDAC057E4}.Debug|x64.Build.0 = Debug|Any CPU
		{90D8351E-4569-4C56-B87E-F67BDAC057E4}.Debug|x86.ActiveCfg = Debug|Any CPU
		{90D8351E-4569-4C56-B87E-F67BDAC057E4}.Debug|x86.Build.0 = Debug|Any CPU
		{90D8351E-4569-4C56-B87E-F67BDAC057E4}.Release|Any CPU.ActiveCfg = Release|Any CPU
		{90D8351E-4569-4C56-B87E-F67BDAC057E4}.Release|Any CPU.Build.0 = Release|Any CPU
		{90D8351E-4569-4C56-B87E-F67BDAC057E4}.Release|x64.ActiveCfg = Release|Any CPU
		{90D8351E-4569-4C56-B87E-F67BDAC057E4}.Release|x64.Build.0 = Release|Any CPU
		{90D8351E-4569-4C56-B87E-F67BDAC057E4}.Release|x86.ActiveCfg = Release|Any CPU
		{90D8351E-4569-4C56-B87E-F67BDAC057E4}.Release|x86.Build.0 = Release|Any CPU
		{67A203EC-EAE9-4EF2-9B49-AB3B54A9F7B5}.Debug|Any CPU.ActiveCfg = Debug|Any CPU
		{67A203EC-EAE9-4EF2-9B49-AB3B54A9F7B5}.Debug|Any CPU.Build.0 = Debug|Any CPU
		{67A203EC-EAE9-4EF2-9B49-AB3B54A9F7B5}.Debug|x64.ActiveCfg = Debug|Any CPU
		{67A203EC-EAE9-4EF2-9B49-AB3B54A9F7B5}.Debug|x64.Build.0 = Debug|Any CPU
		{67A203EC-EAE9-4EF2-9B49-AB3B54A9F7B5}.Debug|x86.ActiveCfg = Debug|Any CPU
		{67A203EC-EAE9-4EF2-9B49-AB3B54A9F7B5}.Debug|x86.Build.0 = Debug|Any CPU
		{67A203EC-EAE9-4EF2-9B49-AB3B54A9F7B5}.Release|Any CPU.ActiveCfg = Release|Any CPU
		{67A203EC-EAE9-4EF2-9B49-AB3B54A9F7B5}.Release|Any CPU.Build.0 = Release|Any CPU
		{67A203EC-EAE9-4EF2-9B49-AB3B54A9F7B5}.Release|x64.ActiveCfg = Release|Any CPU
		{67A203EC-EAE9-4EF2-9B49-AB3B54A9F7B5}.Release|x64.Build.0 = Release|Any CPU
		{67A203EC-EAE9-4EF2-9B49-AB3B54A9F7B5}.Release|x86.ActiveCfg = Release|Any CPU
		{67A203EC-EAE9-4EF2-9B49-AB3B54A9F7B5}.Release|x86.Build.0 = Release|Any CPU
		{5EA82ED6-D6E7-4ADB-86C8-2DB74FDFA0CB}.Debug|Any CPU.ActiveCfg = Debug|Any CPU
		{5EA82ED6-D6E7-4ADB-86C8-2DB74FDFA0CB}.Debug|Any CPU.Build.0 = Debug|Any CPU
		{5EA82ED6-D6E7-4ADB-86C8-2DB74FDFA0CB}.Debug|x64.ActiveCfg = Debug|Any CPU
		{5EA82ED6-D6E7-4ADB-86C8-2DB74FDFA0CB}.Debug|x64.Build.0 = Debug|Any CPU
		{5EA82ED6-D6E7-4ADB-86C8-2DB74FDFA0CB}.Debug|x86.ActiveCfg = Debug|Any CPU
		{5EA82ED6-D6E7-4ADB-86C8-2DB74FDFA0CB}.Debug|x86.Build.0 = Debug|Any CPU
		{5EA82ED6-D6E7-4ADB-86C8-2DB74FDFA0CB}.Release|Any CPU.ActiveCfg = Release|Any CPU
		{5EA82ED6-D6E7-4ADB-86C8-2DB74FDFA0CB}.Release|Any CPU.Build.0 = Release|Any CPU
		{5EA82ED6-D6E7-4ADB-86C8-2DB74FDFA0CB}.Release|x64.ActiveCfg = Release|Any CPU
		{5EA82ED6-D6E7-4ADB-86C8-2DB74FDFA0CB}.Release|x64.Build.0 = Release|Any CPU
		{5EA82ED6-D6E7-4ADB-86C8-2DB74FDFA0CB}.Release|x86.ActiveCfg = Release|Any CPU
		{5EA82ED6-D6E7-4ADB-86C8-2DB74FDFA0CB}.Release|x86.Build.0 = Release|Any CPU
		{C2964EAF-E79E-4C54-9767-7480961A8C7D}.Debug|Any CPU.ActiveCfg = Debug|Any CPU
		{C2964EAF-E79E-4C54-9767-7480961A8C7D}.Debug|Any CPU.Build.0 = Debug|Any CPU
		{C2964EAF-E79E-4C54-9767-7480961A8C7D}.Debug|x64.ActiveCfg = Debug|Any CPU
		{C2964EAF-E79E-4C54-9767-7480961A8C7D}.Debug|x64.Build.0 = Debug|Any CPU
		{C2964EAF-E79E-4C54-9767-7480961A8C7D}.Debug|x86.ActiveCfg = Debug|Any CPU
		{C2964EAF-E79E-4C54-9767-7480961A8C7D}.Debug|x86.Build.0 = Debug|Any CPU
		{C2964EAF-E79E-4C54-9767-7480961A8C7D}.Release|Any CPU.ActiveCfg = Release|Any CPU
		{C2964EAF-E79E-4C54-9767-7480961A8C7D}.Release|Any CPU.Build.0 = Release|Any CPU
		{C2964EAF-E79E-4C54-9767-7480961A8C7D}.Release|x64.ActiveCfg = Release|Any CPU
		{C2964EAF-E79E-4C54-9767-7480961A8C7D}.Release|x64.Build.0 = Release|Any CPU
		{C2964EAF-E79E-4C54-9767-7480961A8C7D}.Release|x86.ActiveCfg = Release|Any CPU
		{C2964EAF-E79E-4C54-9767-7480961A8C7D}.Release|x86.Build.0 = Release|Any CPU
		{36804E04-7214-4499-B8AF-D7EF9E96F7CD}.Debug|Any CPU.ActiveCfg = Debug|Any CPU
		{36804E04-7214-4499-B8AF-D7EF9E96F7CD}.Debug|Any CPU.Build.0 = Debug|Any CPU
		{36804E04-7214-4499-B8AF-D7EF9E96F7CD}.Debug|x64.ActiveCfg = Debug|Any CPU
		{36804E04-7214-4499-B8AF-D7EF9E96F7CD}.Debug|x64.Build.0 = Debug|Any CPU
		{36804E04-7214-4499-B8AF-D7EF9E96F7CD}.Debug|x86.ActiveCfg = Debug|Any CPU
		{36804E04-7214-4499-B8AF-D7EF9E96F7CD}.Debug|x86.Build.0 = Debug|Any CPU
		{36804E04-7214-4499-B8AF-D7EF9E96F7CD}.Release|Any CPU.ActiveCfg = Release|Any CPU
		{36804E04-7214-4499-B8AF-D7EF9E96F7CD}.Release|Any CPU.Build.0 = Release|Any CPU
		{36804E04-7214-4499-B8AF-D7EF9E96F7CD}.Release|x64.ActiveCfg = Release|Any CPU
		{36804E04-7214-4499-B8AF-D7EF9E96F7CD}.Release|x64.Build.0 = Release|Any CPU
		{36804E04-7214-4499-B8AF-D7EF9E96F7CD}.Release|x86.ActiveCfg = Release|Any CPU
		{36804E04-7214-4499-B8AF-D7EF9E96F7CD}.Release|x86.Build.0 = Release|Any CPU
		{F806E512-E759-4F22-AD11-FE74E0EE5F5D}.Debug|Any CPU.ActiveCfg = Debug|Any CPU
		{F806E512-E759-4F22-AD11-FE74E0EE5F5D}.Debug|Any CPU.Build.0 = Debug|Any CPU
		{F806E512-E759-4F22-AD11-FE74E0EE5F5D}.Debug|x64.ActiveCfg = Debug|Any CPU
		{F806E512-E759-4F22-AD11-FE74E0EE5F5D}.Debug|x64.Build.0 = Debug|Any CPU
		{F806E512-E759-4F22-AD11-FE74E0EE5F5D}.Debug|x86.ActiveCfg = Debug|Any CPU
		{F806E512-E759-4F22-AD11-FE74E0EE5F5D}.Debug|x86.Build.0 = Debug|Any CPU
		{F806E512-E759-4F22-AD11-FE74E0EE5F5D}.Release|Any CPU.ActiveCfg = Release|Any CPU
		{F806E512-E759-4F22-AD11-FE74E0EE5F5D}.Release|Any CPU.Build.0 = Release|Any CPU
		{F806E512-E759-4F22-AD11-FE74E0EE5F5D}.Release|x64.ActiveCfg = Release|Any CPU
		{F806E512-E759-4F22-AD11-FE74E0EE5F5D}.Release|x64.Build.0 = Release|Any CPU
		{F806E512-E759-4F22-AD11-FE74E0EE5F5D}.Release|x86.ActiveCfg = Release|Any CPU
		{F806E512-E759-4F22-AD11-FE74E0EE5F5D}.Release|x86.Build.0 = Release|Any CPU
		{7D179EFF-F73D-4D5B-96BF-2150F1561BC8}.Debug|Any CPU.ActiveCfg = Debug|Any CPU
		{7D179EFF-F73D-4D5B-96BF-2150F1561BC8}.Debug|Any CPU.Build.0 = Debug|Any CPU
		{7D179EFF-F73D-4D5B-96BF-2150F1561BC8}.Debug|x64.ActiveCfg = Debug|Any CPU
		{7D179EFF-F73D-4D5B-96BF-2150F1561BC8}.Debug|x64.Build.0 = Debug|Any CPU
		{7D179EFF-F73D-4D5B-96BF-2150F1561BC8}.Debug|x86.ActiveCfg = Debug|Any CPU
		{7D179EFF-F73D-4D5B-96BF-2150F1561BC8}.Debug|x86.Build.0 = Debug|Any CPU
		{7D179EFF-F73D-4D5B-96BF-2150F1561BC8}.Release|Any CPU.ActiveCfg = Release|Any CPU
		{7D179EFF-F73D-4D5B-96BF-2150F1561BC8}.Release|Any CPU.Build.0 = Release|Any CPU
		{7D179EFF-F73D-4D5B-96BF-2150F1561BC8}.Release|x64.ActiveCfg = Release|Any CPU
		{7D179EFF-F73D-4D5B-96BF-2150F1561BC8}.Release|x64.Build.0 = Release|Any CPU
		{7D179EFF-F73D-4D5B-96BF-2150F1561BC8}.Release|x86.ActiveCfg = Release|Any CPU
		{7D179EFF-F73D-4D5B-96BF-2150F1561BC8}.Release|x86.Build.0 = Release|Any CPU
		{CF5B4320-E323-4972-A150-C2B8F9DA15A9}.Debug|Any CPU.ActiveCfg = Debug|Any CPU
		{CF5B4320-E323-4972-A150-C2B8F9DA15A9}.Debug|Any CPU.Build.0 = Debug|Any CPU
		{CF5B4320-E323-4972-A150-C2B8F9DA15A9}.Debug|x64.ActiveCfg = Debug|Any CPU
		{CF5B4320-E323-4972-A150-C2B8F9DA15A9}.Debug|x64.Build.0 = Debug|Any CPU
		{CF5B4320-E323-4972-A150-C2B8F9DA15A9}.Debug|x86.ActiveCfg = Debug|Any CPU
		{CF5B4320-E323-4972-A150-C2B8F9DA15A9}.Debug|x86.Build.0 = Debug|Any CPU
		{CF5B4320-E323-4972-A150-C2B8F9DA15A9}.Release|Any CPU.ActiveCfg = Release|Any CPU
		{CF5B4320-E323-4972-A150-C2B8F9DA15A9}.Release|Any CPU.Build.0 = Release|Any CPU
		{CF5B4320-E323-4972-A150-C2B8F9DA15A9}.Release|x64.ActiveCfg = Release|Any CPU
		{CF5B4320-E323-4972-A150-C2B8F9DA15A9}.Release|x64.Build.0 = Release|Any CPU
		{CF5B4320-E323-4972-A150-C2B8F9DA15A9}.Release|x86.ActiveCfg = Release|Any CPU
		{CF5B4320-E323-4972-A150-C2B8F9DA15A9}.Release|x86.Build.0 = Release|Any CPU
		{999AEA8E-2A30-4FBB-83CB-C6D79AF0EE1D}.Debug|Any CPU.ActiveCfg = Debug|Any CPU
		{999AEA8E-2A30-4FBB-83CB-C6D79AF0EE1D}.Debug|Any CPU.Build.0 = Debug|Any CPU
		{999AEA8E-2A30-4FBB-83CB-C6D79AF0EE1D}.Debug|x64.ActiveCfg = Debug|Any CPU
		{999AEA8E-2A30-4FBB-83CB-C6D79AF0EE1D}.Debug|x64.Build.0 = Debug|Any CPU
		{999AEA8E-2A30-4FBB-83CB-C6D79AF0EE1D}.Debug|x86.ActiveCfg = Debug|Any CPU
		{999AEA8E-2A30-4FBB-83CB-C6D79AF0EE1D}.Debug|x86.Build.0 = Debug|Any CPU
		{999AEA8E-2A30-4FBB-83CB-C6D79AF0EE1D}.Release|Any CPU.ActiveCfg = Release|Any CPU
		{999AEA8E-2A30-4FBB-83CB-C6D79AF0EE1D}.Release|Any CPU.Build.0 = Release|Any CPU
		{999AEA8E-2A30-4FBB-83CB-C6D79AF0EE1D}.Release|x64.ActiveCfg = Release|Any CPU
		{999AEA8E-2A30-4FBB-83CB-C6D79AF0EE1D}.Release|x64.Build.0 = Release|Any CPU
		{999AEA8E-2A30-4FBB-83CB-C6D79AF0EE1D}.Release|x86.ActiveCfg = Release|Any CPU
		{999AEA8E-2A30-4FBB-83CB-C6D79AF0EE1D}.Release|x86.Build.0 = Release|Any CPU
		{B25A43DB-2F4F-4D4A-BF34-A837F59B7753}.Debug|Any CPU.ActiveCfg = Debug|Any CPU
		{B25A43DB-2F4F-4D4A-BF34-A837F59B7753}.Debug|Any CPU.Build.0 = Debug|Any CPU
		{B25A43DB-2F4F-4D4A-BF34-A837F59B7753}.Debug|x64.ActiveCfg = Debug|Any CPU
		{B25A43DB-2F4F-4D4A-BF34-A837F59B7753}.Debug|x64.Build.0 = Debug|Any CPU
		{B25A43DB-2F4F-4D4A-BF34-A837F59B7753}.Debug|x86.ActiveCfg = Debug|Any CPU
		{B25A43DB-2F4F-4D4A-BF34-A837F59B7753}.Debug|x86.Build.0 = Debug|Any CPU
		{B25A43DB-2F4F-4D4A-BF34-A837F59B7753}.Release|Any CPU.ActiveCfg = Release|Any CPU
		{B25A43DB-2F4F-4D4A-BF34-A837F59B7753}.Release|Any CPU.Build.0 = Release|Any CPU
		{B25A43DB-2F4F-4D4A-BF34-A837F59B7753}.Release|x64.ActiveCfg = Release|Any CPU
		{B25A43DB-2F4F-4D4A-BF34-A837F59B7753}.Release|x64.Build.0 = Release|Any CPU
		{B25A43DB-2F4F-4D4A-BF34-A837F59B7753}.Release|x86.ActiveCfg = Release|Any CPU
		{B25A43DB-2F4F-4D4A-BF34-A837F59B7753}.Release|x86.Build.0 = Release|Any CPU
		{AB58247C-0219-407A-8E30-F5D6D65F5EBA}.Debug|Any CPU.ActiveCfg = Debug|Any CPU
		{AB58247C-0219-407A-8E30-F5D6D65F5EBA}.Debug|Any CPU.Build.0 = Debug|Any CPU
		{AB58247C-0219-407A-8E30-F5D6D65F5EBA}.Debug|x64.ActiveCfg = Debug|Any CPU
		{AB58247C-0219-407A-8E30-F5D6D65F5EBA}.Debug|x64.Build.0 = Debug|Any CPU
		{AB58247C-0219-407A-8E30-F5D6D65F5EBA}.Debug|x86.ActiveCfg = Debug|Any CPU
		{AB58247C-0219-407A-8E30-F5D6D65F5EBA}.Debug|x86.Build.0 = Debug|Any CPU
		{AB58247C-0219-407A-8E30-F5D6D65F5EBA}.Release|Any CPU.ActiveCfg = Release|Any CPU
		{AB58247C-0219-407A-8E30-F5D6D65F5EBA}.Release|Any CPU.Build.0 = Release|Any CPU
		{AB58247C-0219-407A-8E30-F5D6D65F5EBA}.Release|x64.ActiveCfg = Release|Any CPU
		{AB58247C-0219-407A-8E30-F5D6D65F5EBA}.Release|x64.Build.0 = Release|Any CPU
		{AB58247C-0219-407A-8E30-F5D6D65F5EBA}.Release|x86.ActiveCfg = Release|Any CPU
		{AB58247C-0219-407A-8E30-F5D6D65F5EBA}.Release|x86.Build.0 = Release|Any CPU
		{4B4C9075-BA15-4AF3-8F37-7CE99B0ADECD}.Debug|Any CPU.ActiveCfg = Debug|Any CPU
		{4B4C9075-BA15-4AF3-8F37-7CE99B0ADECD}.Debug|Any CPU.Build.0 = Debug|Any CPU
		{4B4C9075-BA15-4AF3-8F37-7CE99B0ADECD}.Debug|x64.ActiveCfg = Debug|Any CPU
		{4B4C9075-BA15-4AF3-8F37-7CE99B0ADECD}.Debug|x64.Build.0 = Debug|Any CPU
		{4B4C9075-BA15-4AF3-8F37-7CE99B0ADECD}.Debug|x86.ActiveCfg = Debug|Any CPU
		{4B4C9075-BA15-4AF3-8F37-7CE99B0ADECD}.Debug|x86.Build.0 = Debug|Any CPU
		{4B4C9075-BA15-4AF3-8F37-7CE99B0ADECD}.Release|Any CPU.ActiveCfg = Release|Any CPU
		{4B4C9075-BA15-4AF3-8F37-7CE99B0ADECD}.Release|Any CPU.Build.0 = Release|Any CPU
		{4B4C9075-BA15-4AF3-8F37-7CE99B0ADECD}.Release|x64.ActiveCfg = Release|Any CPU
		{4B4C9075-BA15-4AF3-8F37-7CE99B0ADECD}.Release|x64.Build.0 = Release|Any CPU
		{4B4C9075-BA15-4AF3-8F37-7CE99B0ADECD}.Release|x86.ActiveCfg = Release|Any CPU
		{4B4C9075-BA15-4AF3-8F37-7CE99B0ADECD}.Release|x86.Build.0 = Release|Any CPU
		{914672D5-E820-430A-832A-D4948BA2D823}.Debug|Any CPU.ActiveCfg = Debug|Any CPU
		{914672D5-E820-430A-832A-D4948BA2D823}.Debug|Any CPU.Build.0 = Debug|Any CPU
		{914672D5-E820-430A-832A-D4948BA2D823}.Debug|x64.ActiveCfg = Debug|Any CPU
		{914672D5-E820-430A-832A-D4948BA2D823}.Debug|x64.Build.0 = Debug|Any CPU
		{914672D5-E820-430A-832A-D4948BA2D823}.Debug|x86.ActiveCfg = Debug|Any CPU
		{914672D5-E820-430A-832A-D4948BA2D823}.Debug|x86.Build.0 = Debug|Any CPU
		{914672D5-E820-430A-832A-D4948BA2D823}.Release|Any CPU.ActiveCfg = Release|Any CPU
		{914672D5-E820-430A-832A-D4948BA2D823}.Release|Any CPU.Build.0 = Release|Any CPU
		{914672D5-E820-430A-832A-D4948BA2D823}.Release|x64.ActiveCfg = Release|Any CPU
		{914672D5-E820-430A-832A-D4948BA2D823}.Release|x64.Build.0 = Release|Any CPU
		{914672D5-E820-430A-832A-D4948BA2D823}.Release|x86.ActiveCfg = Release|Any CPU
		{914672D5-E820-430A-832A-D4948BA2D823}.Release|x86.Build.0 = Release|Any CPU
		{AA6C0AFC-E678-4AD1-ACB0-B329A59851E2}.Debug|Any CPU.ActiveCfg = Debug|Any CPU
		{AA6C0AFC-E678-4AD1-ACB0-B329A59851E2}.Debug|Any CPU.Build.0 = Debug|Any CPU
		{AA6C0AFC-E678-4AD1-ACB0-B329A59851E2}.Debug|x64.ActiveCfg = Debug|Any CPU
		{AA6C0AFC-E678-4AD1-ACB0-B329A59851E2}.Debug|x64.Build.0 = Debug|Any CPU
		{AA6C0AFC-E678-4AD1-ACB0-B329A59851E2}.Debug|x86.ActiveCfg = Debug|Any CPU
		{AA6C0AFC-E678-4AD1-ACB0-B329A59851E2}.Debug|x86.Build.0 = Debug|Any CPU
		{AA6C0AFC-E678-4AD1-ACB0-B329A59851E2}.Release|Any CPU.ActiveCfg = Release|Any CPU
		{AA6C0AFC-E678-4AD1-ACB0-B329A59851E2}.Release|Any CPU.Build.0 = Release|Any CPU
		{AA6C0AFC-E678-4AD1-ACB0-B329A59851E2}.Release|x64.ActiveCfg = Release|Any CPU
		{AA6C0AFC-E678-4AD1-ACB0-B329A59851E2}.Release|x64.Build.0 = Release|Any CPU
		{AA6C0AFC-E678-4AD1-ACB0-B329A59851E2}.Release|x86.ActiveCfg = Release|Any CPU
		{AA6C0AFC-E678-4AD1-ACB0-B329A59851E2}.Release|x86.Build.0 = Release|Any CPU
		{ED5B5300-436B-4B36-B6F8-CF58A048B8B5}.Debug|Any CPU.ActiveCfg = Debug|Any CPU
		{ED5B5300-436B-4B36-B6F8-CF58A048B8B5}.Debug|Any CPU.Build.0 = Debug|Any CPU
		{ED5B5300-436B-4B36-B6F8-CF58A048B8B5}.Debug|x64.ActiveCfg = Debug|Any CPU
		{ED5B5300-436B-4B36-B6F8-CF58A048B8B5}.Debug|x64.Build.0 = Debug|Any CPU
		{ED5B5300-436B-4B36-B6F8-CF58A048B8B5}.Debug|x86.ActiveCfg = Debug|Any CPU
		{ED5B5300-436B-4B36-B6F8-CF58A048B8B5}.Debug|x86.Build.0 = Debug|Any CPU
		{ED5B5300-436B-4B36-B6F8-CF58A048B8B5}.Release|Any CPU.ActiveCfg = Release|Any CPU
		{ED5B5300-436B-4B36-B6F8-CF58A048B8B5}.Release|Any CPU.Build.0 = Release|Any CPU
		{ED5B5300-436B-4B36-B6F8-CF58A048B8B5}.Release|x64.ActiveCfg = Release|Any CPU
		{ED5B5300-436B-4B36-B6F8-CF58A048B8B5}.Release|x64.Build.0 = Release|Any CPU
		{ED5B5300-436B-4B36-B6F8-CF58A048B8B5}.Release|x86.ActiveCfg = Release|Any CPU
		{ED5B5300-436B-4B36-B6F8-CF58A048B8B5}.Release|x86.Build.0 = Release|Any CPU
		{600E14EB-AEA9-423F-893C-009E3E646A38}.Debug|Any CPU.ActiveCfg = Debug|Any CPU
		{600E14EB-AEA9-423F-893C-009E3E646A38}.Debug|Any CPU.Build.0 = Debug|Any CPU
		{600E14EB-AEA9-423F-893C-009E3E646A38}.Debug|x64.ActiveCfg = Debug|Any CPU
		{600E14EB-AEA9-423F-893C-009E3E646A38}.Debug|x64.Build.0 = Debug|Any CPU
		{600E14EB-AEA9-423F-893C-009E3E646A38}.Debug|x86.ActiveCfg = Debug|Any CPU
		{600E14EB-AEA9-423F-893C-009E3E646A38}.Debug|x86.Build.0 = Debug|Any CPU
		{600E14EB-AEA9-423F-893C-009E3E646A38}.Release|Any CPU.ActiveCfg = Release|Any CPU
		{600E14EB-AEA9-423F-893C-009E3E646A38}.Release|Any CPU.Build.0 = Release|Any CPU
		{600E14EB-AEA9-423F-893C-009E3E646A38}.Release|x64.ActiveCfg = Release|Any CPU
		{600E14EB-AEA9-423F-893C-009E3E646A38}.Release|x64.Build.0 = Release|Any CPU
		{600E14EB-AEA9-423F-893C-009E3E646A38}.Release|x86.ActiveCfg = Release|Any CPU
		{600E14EB-AEA9-423F-893C-009E3E646A38}.Release|x86.Build.0 = Release|Any CPU
		{E7CC8717-0C5F-429E-8CED-132ED03527C6}.Debug|Any CPU.ActiveCfg = Debug|Any CPU
		{E7CC8717-0C5F-429E-8CED-132ED03527C6}.Debug|Any CPU.Build.0 = Debug|Any CPU
		{E7CC8717-0C5F-429E-8CED-132ED03527C6}.Debug|x64.ActiveCfg = Debug|Any CPU
		{E7CC8717-0C5F-429E-8CED-132ED03527C6}.Debug|x64.Build.0 = Debug|Any CPU
		{E7CC8717-0C5F-429E-8CED-132ED03527C6}.Debug|x86.ActiveCfg = Debug|Any CPU
		{E7CC8717-0C5F-429E-8CED-132ED03527C6}.Debug|x86.Build.0 = Debug|Any CPU
		{E7CC8717-0C5F-429E-8CED-132ED03527C6}.Release|Any CPU.ActiveCfg = Release|Any CPU
		{E7CC8717-0C5F-429E-8CED-132ED03527C6}.Release|Any CPU.Build.0 = Release|Any CPU
		{E7CC8717-0C5F-429E-8CED-132ED03527C6}.Release|x64.ActiveCfg = Release|Any CPU
		{E7CC8717-0C5F-429E-8CED-132ED03527C6}.Release|x64.Build.0 = Release|Any CPU
		{E7CC8717-0C5F-429E-8CED-132ED03527C6}.Release|x86.ActiveCfg = Release|Any CPU
		{E7CC8717-0C5F-429E-8CED-132ED03527C6}.Release|x86.Build.0 = Release|Any CPU
		{3CB8A20E-CF83-4EDA-8ECB-012051E4F735}.Debug|Any CPU.ActiveCfg = Debug|Any CPU
		{3CB8A20E-CF83-4EDA-8ECB-012051E4F735}.Debug|Any CPU.Build.0 = Debug|Any CPU
		{3CB8A20E-CF83-4EDA-8ECB-012051E4F735}.Debug|x64.ActiveCfg = Debug|Any CPU
		{3CB8A20E-CF83-4EDA-8ECB-012051E4F735}.Debug|x64.Build.0 = Debug|Any CPU
		{3CB8A20E-CF83-4EDA-8ECB-012051E4F735}.Debug|x86.ActiveCfg = Debug|Any CPU
		{3CB8A20E-CF83-4EDA-8ECB-012051E4F735}.Debug|x86.Build.0 = Debug|Any CPU
		{3CB8A20E-CF83-4EDA-8ECB-012051E4F735}.Release|Any CPU.ActiveCfg = Release|Any CPU
		{3CB8A20E-CF83-4EDA-8ECB-012051E4F735}.Release|Any CPU.Build.0 = Release|Any CPU
		{3CB8A20E-CF83-4EDA-8ECB-012051E4F735}.Release|x64.ActiveCfg = Release|Any CPU
		{3CB8A20E-CF83-4EDA-8ECB-012051E4F735}.Release|x64.Build.0 = Release|Any CPU
		{3CB8A20E-CF83-4EDA-8ECB-012051E4F735}.Release|x86.ActiveCfg = Release|Any CPU
		{3CB8A20E-CF83-4EDA-8ECB-012051E4F735}.Release|x86.Build.0 = Release|Any CPU
		{5427FD12-FFEC-4CE3-A89D-B277C81AF812}.Debug|Any CPU.ActiveCfg = Debug|Any CPU
		{5427FD12-FFEC-4CE3-A89D-B277C81AF812}.Debug|Any CPU.Build.0 = Debug|Any CPU
		{5427FD12-FFEC-4CE3-A89D-B277C81AF812}.Debug|x64.ActiveCfg = Debug|Any CPU
		{5427FD12-FFEC-4CE3-A89D-B277C81AF812}.Debug|x64.Build.0 = Debug|Any CPU
		{5427FD12-FFEC-4CE3-A89D-B277C81AF812}.Debug|x86.ActiveCfg = Debug|Any CPU
		{5427FD12-FFEC-4CE3-A89D-B277C81AF812}.Debug|x86.Build.0 = Debug|Any CPU
		{5427FD12-FFEC-4CE3-A89D-B277C81AF812}.Release|Any CPU.ActiveCfg = Release|Any CPU
		{5427FD12-FFEC-4CE3-A89D-B277C81AF812}.Release|Any CPU.Build.0 = Release|Any CPU
		{5427FD12-FFEC-4CE3-A89D-B277C81AF812}.Release|x64.ActiveCfg = Release|Any CPU
		{5427FD12-FFEC-4CE3-A89D-B277C81AF812}.Release|x64.Build.0 = Release|Any CPU
		{5427FD12-FFEC-4CE3-A89D-B277C81AF812}.Release|x86.ActiveCfg = Release|Any CPU
		{5427FD12-FFEC-4CE3-A89D-B277C81AF812}.Release|x86.Build.0 = Release|Any CPU
		{17EAB327-3293-4D16-AD00-B9F79231DABE}.Debug|Any CPU.ActiveCfg = Debug|Any CPU
		{17EAB327-3293-4D16-AD00-B9F79231DABE}.Debug|Any CPU.Build.0 = Debug|Any CPU
		{17EAB327-3293-4D16-AD00-B9F79231DABE}.Debug|x64.ActiveCfg = Debug|Any CPU
		{17EAB327-3293-4D16-AD00-B9F79231DABE}.Debug|x64.Build.0 = Debug|Any CPU
		{17EAB327-3293-4D16-AD00-B9F79231DABE}.Debug|x86.ActiveCfg = Debug|Any CPU
		{17EAB327-3293-4D16-AD00-B9F79231DABE}.Debug|x86.Build.0 = Debug|Any CPU
		{17EAB327-3293-4D16-AD00-B9F79231DABE}.Release|Any CPU.ActiveCfg = Release|Any CPU
		{17EAB327-3293-4D16-AD00-B9F79231DABE}.Release|Any CPU.Build.0 = Release|Any CPU
		{17EAB327-3293-4D16-AD00-B9F79231DABE}.Release|x64.ActiveCfg = Release|Any CPU
		{17EAB327-3293-4D16-AD00-B9F79231DABE}.Release|x64.Build.0 = Release|Any CPU
		{17EAB327-3293-4D16-AD00-B9F79231DABE}.Release|x86.ActiveCfg = Release|Any CPU
		{17EAB327-3293-4D16-AD00-B9F79231DABE}.Release|x86.Build.0 = Release|Any CPU
		{6C48D0B2-13D0-4EEF-BF7A-03A45D78DF1F}.Debug|Any CPU.ActiveCfg = Debug|Any CPU
		{6C48D0B2-13D0-4EEF-BF7A-03A45D78DF1F}.Debug|Any CPU.Build.0 = Debug|Any CPU
		{6C48D0B2-13D0-4EEF-BF7A-03A45D78DF1F}.Debug|x64.ActiveCfg = Debug|Any CPU
		{6C48D0B2-13D0-4EEF-BF7A-03A45D78DF1F}.Debug|x64.Build.0 = Debug|Any CPU
		{6C48D0B2-13D0-4EEF-BF7A-03A45D78DF1F}.Debug|x86.ActiveCfg = Debug|Any CPU
		{6C48D0B2-13D0-4EEF-BF7A-03A45D78DF1F}.Debug|x86.Build.0 = Debug|Any CPU
		{6C48D0B2-13D0-4EEF-BF7A-03A45D78DF1F}.Release|Any CPU.ActiveCfg = Release|Any CPU
		{6C48D0B2-13D0-4EEF-BF7A-03A45D78DF1F}.Release|Any CPU.Build.0 = Release|Any CPU
		{6C48D0B2-13D0-4EEF-BF7A-03A45D78DF1F}.Release|x64.ActiveCfg = Release|Any CPU
		{6C48D0B2-13D0-4EEF-BF7A-03A45D78DF1F}.Release|x64.Build.0 = Release|Any CPU
		{6C48D0B2-13D0-4EEF-BF7A-03A45D78DF1F}.Release|x86.ActiveCfg = Release|Any CPU
		{6C48D0B2-13D0-4EEF-BF7A-03A45D78DF1F}.Release|x86.Build.0 = Release|Any CPU
		{5F125919-D686-4156-ADBE-D4DCCB9D3104}.Debug|Any CPU.ActiveCfg = Debug|Any CPU
		{5F125919-D686-4156-ADBE-D4DCCB9D3104}.Debug|Any CPU.Build.0 = Debug|Any CPU
		{5F125919-D686-4156-ADBE-D4DCCB9D3104}.Debug|x64.ActiveCfg = Debug|Any CPU
		{5F125919-D686-4156-ADBE-D4DCCB9D3104}.Debug|x64.Build.0 = Debug|Any CPU
		{5F125919-D686-4156-ADBE-D4DCCB9D3104}.Debug|x86.ActiveCfg = Debug|Any CPU
		{5F125919-D686-4156-ADBE-D4DCCB9D3104}.Debug|x86.Build.0 = Debug|Any CPU
		{5F125919-D686-4156-ADBE-D4DCCB9D3104}.Release|Any CPU.ActiveCfg = Release|Any CPU
		{5F125919-D686-4156-ADBE-D4DCCB9D3104}.Release|Any CPU.Build.0 = Release|Any CPU
		{5F125919-D686-4156-ADBE-D4DCCB9D3104}.Release|x64.ActiveCfg = Release|Any CPU
		{5F125919-D686-4156-ADBE-D4DCCB9D3104}.Release|x64.Build.0 = Release|Any CPU
		{5F125919-D686-4156-ADBE-D4DCCB9D3104}.Release|x86.ActiveCfg = Release|Any CPU
		{5F125919-D686-4156-ADBE-D4DCCB9D3104}.Release|x86.Build.0 = Release|Any CPU
		{3BCBE033-EB86-4504-96BD-5ACB65B17ADF}.Debug|Any CPU.ActiveCfg = Debug|Any CPU
		{3BCBE033-EB86-4504-96BD-5ACB65B17ADF}.Debug|Any CPU.Build.0 = Debug|Any CPU
		{3BCBE033-EB86-4504-96BD-5ACB65B17ADF}.Debug|x64.ActiveCfg = Debug|Any CPU
		{3BCBE033-EB86-4504-96BD-5ACB65B17ADF}.Debug|x64.Build.0 = Debug|Any CPU
		{3BCBE033-EB86-4504-96BD-5ACB65B17ADF}.Debug|x86.ActiveCfg = Debug|Any CPU
		{3BCBE033-EB86-4504-96BD-5ACB65B17ADF}.Debug|x86.Build.0 = Debug|Any CPU
		{3BCBE033-EB86-4504-96BD-5ACB65B17ADF}.Release|Any CPU.ActiveCfg = Release|Any CPU
		{3BCBE033-EB86-4504-96BD-5ACB65B17ADF}.Release|Any CPU.Build.0 = Release|Any CPU
		{3BCBE033-EB86-4504-96BD-5ACB65B17ADF}.Release|x64.ActiveCfg = Release|Any CPU
		{3BCBE033-EB86-4504-96BD-5ACB65B17ADF}.Release|x64.Build.0 = Release|Any CPU
		{3BCBE033-EB86-4504-96BD-5ACB65B17ADF}.Release|x86.ActiveCfg = Release|Any CPU
		{3BCBE033-EB86-4504-96BD-5ACB65B17ADF}.Release|x86.Build.0 = Release|Any CPU
		{1D3028A1-1724-4247-A8C6-AE519AE868E2}.Debug|Any CPU.ActiveCfg = Debug|Any CPU
		{1D3028A1-1724-4247-A8C6-AE519AE868E2}.Debug|Any CPU.Build.0 = Debug|Any CPU
		{1D3028A1-1724-4247-A8C6-AE519AE868E2}.Debug|x64.ActiveCfg = Debug|Any CPU
		{1D3028A1-1724-4247-A8C6-AE519AE868E2}.Debug|x64.Build.0 = Debug|Any CPU
		{1D3028A1-1724-4247-A8C6-AE519AE868E2}.Debug|x86.ActiveCfg = Debug|Any CPU
		{1D3028A1-1724-4247-A8C6-AE519AE868E2}.Debug|x86.Build.0 = Debug|Any CPU
		{1D3028A1-1724-4247-A8C6-AE519AE868E2}.Release|Any CPU.ActiveCfg = Release|Any CPU
		{1D3028A1-1724-4247-A8C6-AE519AE868E2}.Release|Any CPU.Build.0 = Release|Any CPU
		{1D3028A1-1724-4247-A8C6-AE519AE868E2}.Release|x64.ActiveCfg = Release|Any CPU
		{1D3028A1-1724-4247-A8C6-AE519AE868E2}.Release|x64.Build.0 = Release|Any CPU
		{1D3028A1-1724-4247-A8C6-AE519AE868E2}.Release|x86.ActiveCfg = Release|Any CPU
		{1D3028A1-1724-4247-A8C6-AE519AE868E2}.Release|x86.Build.0 = Release|Any CPU
		{CD46D421-9A4B-4A32-8F90-8BDA0ED39116}.Debug|Any CPU.ActiveCfg = Debug|Any CPU
		{CD46D421-9A4B-4A32-8F90-8BDA0ED39116}.Debug|Any CPU.Build.0 = Debug|Any CPU
		{CD46D421-9A4B-4A32-8F90-8BDA0ED39116}.Debug|x64.ActiveCfg = Debug|Any CPU
		{CD46D421-9A4B-4A32-8F90-8BDA0ED39116}.Debug|x64.Build.0 = Debug|Any CPU
		{CD46D421-9A4B-4A32-8F90-8BDA0ED39116}.Debug|x86.ActiveCfg = Debug|Any CPU
		{CD46D421-9A4B-4A32-8F90-8BDA0ED39116}.Debug|x86.Build.0 = Debug|Any CPU
		{CD46D421-9A4B-4A32-8F90-8BDA0ED39116}.Release|Any CPU.ActiveCfg = Release|Any CPU
		{CD46D421-9A4B-4A32-8F90-8BDA0ED39116}.Release|Any CPU.Build.0 = Release|Any CPU
		{CD46D421-9A4B-4A32-8F90-8BDA0ED39116}.Release|x64.ActiveCfg = Release|Any CPU
		{CD46D421-9A4B-4A32-8F90-8BDA0ED39116}.Release|x64.Build.0 = Release|Any CPU
		{CD46D421-9A4B-4A32-8F90-8BDA0ED39116}.Release|x86.ActiveCfg = Release|Any CPU
		{CD46D421-9A4B-4A32-8F90-8BDA0ED39116}.Release|x86.Build.0 = Release|Any CPU
		{DF5F159A-E8ED-467D-8357-BBE1AADF5366}.Debug|Any CPU.ActiveCfg = Debug|Any CPU
		{DF5F159A-E8ED-467D-8357-BBE1AADF5366}.Debug|Any CPU.Build.0 = Debug|Any CPU
		{DF5F159A-E8ED-467D-8357-BBE1AADF5366}.Debug|x64.ActiveCfg = Debug|Any CPU
		{DF5F159A-E8ED-467D-8357-BBE1AADF5366}.Debug|x64.Build.0 = Debug|Any CPU
		{DF5F159A-E8ED-467D-8357-BBE1AADF5366}.Debug|x86.ActiveCfg = Debug|Any CPU
		{DF5F159A-E8ED-467D-8357-BBE1AADF5366}.Debug|x86.Build.0 = Debug|Any CPU
		{DF5F159A-E8ED-467D-8357-BBE1AADF5366}.Release|Any CPU.ActiveCfg = Release|Any CPU
		{DF5F159A-E8ED-467D-8357-BBE1AADF5366}.Release|Any CPU.Build.0 = Release|Any CPU
		{DF5F159A-E8ED-467D-8357-BBE1AADF5366}.Release|x64.ActiveCfg = Release|Any CPU
		{DF5F159A-E8ED-467D-8357-BBE1AADF5366}.Release|x64.Build.0 = Release|Any CPU
		{DF5F159A-E8ED-467D-8357-BBE1AADF5366}.Release|x86.ActiveCfg = Release|Any CPU
		{DF5F159A-E8ED-467D-8357-BBE1AADF5366}.Release|x86.Build.0 = Release|Any CPU
		{ED98F246-345B-4934-A2DC-881656C3100B}.Debug|Any CPU.ActiveCfg = Debug|Any CPU
		{ED98F246-345B-4934-A2DC-881656C3100B}.Debug|Any CPU.Build.0 = Debug|Any CPU
		{ED98F246-345B-4934-A2DC-881656C3100B}.Debug|x64.ActiveCfg = Debug|Any CPU
		{ED98F246-345B-4934-A2DC-881656C3100B}.Debug|x64.Build.0 = Debug|Any CPU
		{ED98F246-345B-4934-A2DC-881656C3100B}.Debug|x86.ActiveCfg = Debug|Any CPU
		{ED98F246-345B-4934-A2DC-881656C3100B}.Debug|x86.Build.0 = Debug|Any CPU
		{ED98F246-345B-4934-A2DC-881656C3100B}.Release|Any CPU.ActiveCfg = Release|Any CPU
		{ED98F246-345B-4934-A2DC-881656C3100B}.Release|Any CPU.Build.0 = Release|Any CPU
		{ED98F246-345B-4934-A2DC-881656C3100B}.Release|x64.ActiveCfg = Release|Any CPU
		{ED98F246-345B-4934-A2DC-881656C3100B}.Release|x64.Build.0 = Release|Any CPU
		{ED98F246-345B-4934-A2DC-881656C3100B}.Release|x86.ActiveCfg = Release|Any CPU
		{ED98F246-345B-4934-A2DC-881656C3100B}.Release|x86.Build.0 = Release|Any CPU
		{199C4A09-1369-4C80-A334-5A225FA8C780}.Debug|Any CPU.ActiveCfg = Debug|Any CPU
		{199C4A09-1369-4C80-A334-5A225FA8C780}.Debug|Any CPU.Build.0 = Debug|Any CPU
		{199C4A09-1369-4C80-A334-5A225FA8C780}.Debug|x64.ActiveCfg = Debug|Any CPU
		{199C4A09-1369-4C80-A334-5A225FA8C780}.Debug|x64.Build.0 = Debug|Any CPU
		{199C4A09-1369-4C80-A334-5A225FA8C780}.Debug|x86.ActiveCfg = Debug|Any CPU
		{199C4A09-1369-4C80-A334-5A225FA8C780}.Debug|x86.Build.0 = Debug|Any CPU
		{199C4A09-1369-4C80-A334-5A225FA8C780}.Release|Any CPU.ActiveCfg = Debug|Any CPU
		{199C4A09-1369-4C80-A334-5A225FA8C780}.Release|Any CPU.Build.0 = Debug|Any CPU
		{199C4A09-1369-4C80-A334-5A225FA8C780}.Release|x64.ActiveCfg = Debug|Any CPU
		{199C4A09-1369-4C80-A334-5A225FA8C780}.Release|x64.Build.0 = Debug|Any CPU
		{199C4A09-1369-4C80-A334-5A225FA8C780}.Release|x86.ActiveCfg = Debug|Any CPU
		{199C4A09-1369-4C80-A334-5A225FA8C780}.Release|x86.Build.0 = Debug|Any CPU
		{3F762A44-57B6-4789-BE1C-1CFBF2838CE1}.Debug|Any CPU.ActiveCfg = Debug|Any CPU
		{3F762A44-57B6-4789-BE1C-1CFBF2838CE1}.Debug|Any CPU.Build.0 = Debug|Any CPU
		{3F762A44-57B6-4789-BE1C-1CFBF2838CE1}.Debug|Any CPU.Deploy.0 = Debug|Any CPU
		{3F762A44-57B6-4789-BE1C-1CFBF2838CE1}.Debug|x64.ActiveCfg = Debug|x64
		{3F762A44-57B6-4789-BE1C-1CFBF2838CE1}.Debug|x64.Build.0 = Debug|x64
		{3F762A44-57B6-4789-BE1C-1CFBF2838CE1}.Debug|x64.Deploy.0 = Debug|x64
		{3F762A44-57B6-4789-BE1C-1CFBF2838CE1}.Debug|x86.ActiveCfg = Debug|x86
		{3F762A44-57B6-4789-BE1C-1CFBF2838CE1}.Debug|x86.Build.0 = Debug|x86
		{3F762A44-57B6-4789-BE1C-1CFBF2838CE1}.Debug|x86.Deploy.0 = Debug|x86
		{3F762A44-57B6-4789-BE1C-1CFBF2838CE1}.Release|Any CPU.ActiveCfg = Release|Any CPU
		{3F762A44-57B6-4789-BE1C-1CFBF2838CE1}.Release|Any CPU.Build.0 = Release|Any CPU
		{3F762A44-57B6-4789-BE1C-1CFBF2838CE1}.Release|Any CPU.Deploy.0 = Release|Any CPU
		{3F762A44-57B6-4789-BE1C-1CFBF2838CE1}.Release|x64.ActiveCfg = Release|x64
		{3F762A44-57B6-4789-BE1C-1CFBF2838CE1}.Release|x64.Build.0 = Release|x64
		{3F762A44-57B6-4789-BE1C-1CFBF2838CE1}.Release|x64.Deploy.0 = Release|x64
		{3F762A44-57B6-4789-BE1C-1CFBF2838CE1}.Release|x86.ActiveCfg = Release|x86
		{3F762A44-57B6-4789-BE1C-1CFBF2838CE1}.Release|x86.Build.0 = Release|x86
		{3F762A44-57B6-4789-BE1C-1CFBF2838CE1}.Release|x86.Deploy.0 = Release|x86
		{A035FE87-C643-4A31-AC6F-CF0C58D5A8E8}.Debug|Any CPU.ActiveCfg = Debug|Any CPU
		{A035FE87-C643-4A31-AC6F-CF0C58D5A8E8}.Debug|Any CPU.Build.0 = Debug|Any CPU
		{A035FE87-C643-4A31-AC6F-CF0C58D5A8E8}.Debug|x64.ActiveCfg = Debug|Any CPU
		{A035FE87-C643-4A31-AC6F-CF0C58D5A8E8}.Debug|x64.Build.0 = Debug|Any CPU
		{A035FE87-C643-4A31-AC6F-CF0C58D5A8E8}.Debug|x86.ActiveCfg = Debug|Any CPU
		{A035FE87-C643-4A31-AC6F-CF0C58D5A8E8}.Debug|x86.Build.0 = Debug|Any CPU
		{A035FE87-C643-4A31-AC6F-CF0C58D5A8E8}.Release|Any CPU.ActiveCfg = Release|Any CPU
		{A035FE87-C643-4A31-AC6F-CF0C58D5A8E8}.Release|Any CPU.Build.0 = Release|Any CPU
		{A035FE87-C643-4A31-AC6F-CF0C58D5A8E8}.Release|x64.ActiveCfg = Release|Any CPU
		{A035FE87-C643-4A31-AC6F-CF0C58D5A8E8}.Release|x64.Build.0 = Release|Any CPU
		{A035FE87-C643-4A31-AC6F-CF0C58D5A8E8}.Release|x86.ActiveCfg = Release|Any CPU
		{A035FE87-C643-4A31-AC6F-CF0C58D5A8E8}.Release|x86.Build.0 = Release|Any CPU
	EndGlobalSection
	GlobalSection(SolutionProperties) = preSolution
		HideSolutionNode = FALSE
	EndGlobalSection
	GlobalSection(NestedProjects) = preSolution
		{D5B77075-5FBE-47D3-BE8F-A1863A190B0B} = {D825B014-C3F8-47B1-BA8C-A9CD466EC4EE}
		{EB22D6BF-5CFA-40E5-BB97-48A1FB54B1AD} = {D825B014-C3F8-47B1-BA8C-A9CD466EC4EE}
		{1A1A4685-1A41-4FA5-BE95-BD6339557AFC} = {D825B014-C3F8-47B1-BA8C-A9CD466EC4EE}
		{1C7718EA-8A31-435A-89C7-4BA82BA9F59F} = {D825B014-C3F8-47B1-BA8C-A9CD466EC4EE}
		{B2E45BB0-89D6-4B6D-B53F-6B55EC7F6259} = {D825B014-C3F8-47B1-BA8C-A9CD466EC4EE}
		{A4BB803D-F8A8-46C9-914B-4C5F7E64C23A} = {D825B014-C3F8-47B1-BA8C-A9CD466EC4EE}
		{CDA2224C-6835-4016-B357-5ED6C1F04AD8} = {D825B014-C3F8-47B1-BA8C-A9CD466EC4EE}
		{A8035F1C-4166-404E-8158-F55BC1464548} = {D825B014-C3F8-47B1-BA8C-A9CD466EC4EE}
		{5D81C677-4035-4F32-BB50-B5C5C12D466C} = {D825B014-C3F8-47B1-BA8C-A9CD466EC4EE}
		{59240C50-491C-4A58-80D4-8059EB080D6D} = {D825B014-C3F8-47B1-BA8C-A9CD466EC4EE}
		{3347880F-482C-4D83-907A-4136A3366909} = {D825B014-C3F8-47B1-BA8C-A9CD466EC4EE}
		{DD586F7A-B793-4F07-A99E-F9625287763D} = {D825B014-C3F8-47B1-BA8C-A9CD466EC4EE}
		{32BA8638-91D4-49FE-9F53-751BF77CDF48} = {D825B014-C3F8-47B1-BA8C-A9CD466EC4EE}
		{90D8351E-4569-4C56-B87E-F67BDAC057E4} = {32BA8638-91D4-49FE-9F53-751BF77CDF48}
		{67A203EC-EAE9-4EF2-9B49-AB3B54A9F7B5} = {32BA8638-91D4-49FE-9F53-751BF77CDF48}
		{5EA82ED6-D6E7-4ADB-86C8-2DB74FDFA0CB} = {32BA8638-91D4-49FE-9F53-751BF77CDF48}
		{7BD46334-0221-408A-A25E-76F11B02C28E} = {D825B014-C3F8-47B1-BA8C-A9CD466EC4EE}
		{48A9C7E0-454C-4245-B560-B0B03B06A2DD} = {7BD46334-0221-408A-A25E-76F11B02C28E}
		{C2964EAF-E79E-4C54-9767-7480961A8C7D} = {48A9C7E0-454C-4245-B560-B0B03B06A2DD}
		{36804E04-7214-4499-B8AF-D7EF9E96F7CD} = {48A9C7E0-454C-4245-B560-B0B03B06A2DD}
		{F806E512-E759-4F22-AD11-FE74E0EE5F5D} = {48A9C7E0-454C-4245-B560-B0B03B06A2DD}
		{4A7043C4-130C-4DB0-B584-BDDDF64D6CC6} = {7BD46334-0221-408A-A25E-76F11B02C28E}
		{7D179EFF-F73D-4D5B-96BF-2150F1561BC8} = {4A7043C4-130C-4DB0-B584-BDDDF64D6CC6}
		{CF5B4320-E323-4972-A150-C2B8F9DA15A9} = {4A7043C4-130C-4DB0-B584-BDDDF64D6CC6}
		{999AEA8E-2A30-4FBB-83CB-C6D79AF0EE1D} = {4A7043C4-130C-4DB0-B584-BDDDF64D6CC6}
		{A4FE9632-590A-4880-944C-D8FBBD050757} = {7BD46334-0221-408A-A25E-76F11B02C28E}
		{B25A43DB-2F4F-4D4A-BF34-A837F59B7753} = {A4FE9632-590A-4880-944C-D8FBBD050757}
		{AB58247C-0219-407A-8E30-F5D6D65F5EBA} = {A4FE9632-590A-4880-944C-D8FBBD050757}
		{4B4C9075-BA15-4AF3-8F37-7CE99B0ADECD} = {A4FE9632-590A-4880-944C-D8FBBD050757}
		{914672D5-E820-430A-832A-D4948BA2D823} = {A4FE9632-590A-4880-944C-D8FBBD050757}
		{AA6C0AFC-E678-4AD1-ACB0-B329A59851E2} = {A4FE9632-590A-4880-944C-D8FBBD050757}
		{697A534D-540A-481D-B6E2-8B6F4E0BD4CF} = {D825B014-C3F8-47B1-BA8C-A9CD466EC4EE}
		{B0F71394-B1C9-484C-83EF-59E7014968BD} = {697A534D-540A-481D-B6E2-8B6F4E0BD4CF}
		{ED5B5300-436B-4B36-B6F8-CF58A048B8B5} = {B0F71394-B1C9-484C-83EF-59E7014968BD}
		{600E14EB-AEA9-423F-893C-009E3E646A38} = {B0F71394-B1C9-484C-83EF-59E7014968BD}
		{DFC0F632-7296-4233-BEFB-DE327F983A4C} = {697A534D-540A-481D-B6E2-8B6F4E0BD4CF}
		{E7CC8717-0C5F-429E-8CED-132ED03527C6} = {DFC0F632-7296-4233-BEFB-DE327F983A4C}
		{02156322-79DB-4E10-A1FB-B93AB09A3140} = {697A534D-540A-481D-B6E2-8B6F4E0BD4CF}
		{3CB8A20E-CF83-4EDA-8ECB-012051E4F735} = {02156322-79DB-4E10-A1FB-B93AB09A3140}
		{5427FD12-FFEC-4CE3-A89D-B277C81AF812} = {02156322-79DB-4E10-A1FB-B93AB09A3140}
		{6BE4487F-30F7-4F0B-A688-65E451DD8827} = {9D205BC7-0D7E-4FDC-B221-4DEFA74BB081}
		{17EAB327-3293-4D16-AD00-B9F79231DABE} = {6BE4487F-30F7-4F0B-A688-65E451DD8827}
		{6C48D0B2-13D0-4EEF-BF7A-03A45D78DF1F} = {6BE4487F-30F7-4F0B-A688-65E451DD8827}
		{5F125919-D686-4156-ADBE-D4DCCB9D3104} = {6BE4487F-30F7-4F0B-A688-65E451DD8827}
		{B6440733-26C6-4859-9A2E-CD353CFBF1C2} = {9D205BC7-0D7E-4FDC-B221-4DEFA74BB081}
		{3BCBE033-EB86-4504-96BD-5ACB65B17ADF} = {B6440733-26C6-4859-9A2E-CD353CFBF1C2}
		{1D3028A1-1724-4247-A8C6-AE519AE868E2} = {B6440733-26C6-4859-9A2E-CD353CFBF1C2}
		{CD46D421-9A4B-4A32-8F90-8BDA0ED39116} = {B6440733-26C6-4859-9A2E-CD353CFBF1C2}
		{DF5F159A-E8ED-467D-8357-BBE1AADF5366} = {B6440733-26C6-4859-9A2E-CD353CFBF1C2}
		{ED98F246-345B-4934-A2DC-881656C3100B} = {B6440733-26C6-4859-9A2E-CD353CFBF1C2}
		{E1C7E888-00DE-4FA8-9B17-A5C9C714B25C} = {9D205BC7-0D7E-4FDC-B221-4DEFA74BB081}
		{199C4A09-1369-4C80-A334-5A225FA8C780} = {E1C7E888-00DE-4FA8-9B17-A5C9C714B25C}
		{3F762A44-57B6-4789-BE1C-1CFBF2838CE1} = {E1C7E888-00DE-4FA8-9B17-A5C9C714B25C}
		{A035FE87-C643-4A31-AC6F-CF0C58D5A8E8} = {48A9C7E0-454C-4245-B560-B0B03B06A2DD}
	EndGlobalSection
	GlobalSection(ExtensibilityGlobals) = postSolution
		SolutionGuid = {F9D87F56-4915-40E3-9655-B236F00E4070}
	EndGlobalSection
EndGlobal
