
Microsoft Visual Studio Solution File, Format Version 12.00
# Visual Studio Version 16
VisualStudioVersion = 16.0.28803.202
MinimumVisualStudioVersion = 10.0.40219.1
Project("{2150E333-8FDC-42A3-9474-1A3956D46DE8}") = "Modules", "Modules", "{1D7734E8-0F8A-4BEE-813D-05D4453A4783}"
EndProject
Project("{2150E333-8FDC-42A3-9474-1A3956D46DE8}") = ".config", ".config", "{768E0463-491C-44BC-85E2-48CDDB3087D1}"
	ProjectSection(SolutionItems) = preProject
		.editorconfig = .editorconfig
		.gitignore = .gitignore
		.global\Global.csproj = .global\Global.csproj
		.global\GlobalSuppressionsForTests.cs = .global\GlobalSuppressionsForTests.cs
	EndProjectSection
EndProject
Project("{9A19103F-16F7-4668-BE54-9A1E7A4F7556}") = "Scissors.ExpressApp", "src\Scissors.ExpressApp\Scissors.ExpressApp.csproj", "{2CE62FF7-23D7-4C81-99A6-19D8E5889668}"
EndProject
Project("{9A19103F-16F7-4668-BE54-9A1E7A4F7556}") = "Scissors.ExpressApp.Win", "src\Scissors.ExpressApp.Win\Scissors.ExpressApp.Win.csproj", "{DD958DAD-2A51-4DC1-8472-AE925AC1C4A2}"
EndProject
Project("{9A19103F-16F7-4668-BE54-9A1E7A4F7556}") = "Scissors.Xpo", "src\Scissors.Xpo\Scissors.Xpo.csproj", "{794EB192-295B-4EDD-8956-399437FA4A5C}"
EndProject
Project("{2150E333-8FDC-42A3-9474-1A3956D46DE8}") = "LabelEditor", "LabelEditor", "{1B3151BE-D295-4740-831A-B26CB2AD8712}"
EndProject
Project("{9A19103F-16F7-4668-BE54-9A1E7A4F7556}") = "Scissors.ExpressApp.LabelEditor.Contracts", "src\Modules\LabelEditor\Contracts\Scissors.ExpressApp.LabelEditor.Contracts.csproj", "{D707BF95-6819-475E-AAAE-B89EB7BE0A5E}"
EndProject
Project("{9A19103F-16F7-4668-BE54-9A1E7A4F7556}") = "Scissors.ExpressApp.LabelEditor.Win", "src\Modules\LabelEditor\Win\Scissors.ExpressApp.LabelEditor.Win.csproj", "{2E3E1BD8-2EAF-49E1-9D61-17D5CC3A207B}"
EndProject
Project("{2150E333-8FDC-42A3-9474-1A3956D46DE8}") = "Utils", "Utils", "{C4841573-FA09-445D-8236-092D812A5542}"
EndProject
Project("{2150E333-8FDC-42A3-9474-1A3956D46DE8}") = "Utils", "Utils", "{1AC9CD9A-51DA-4EF0-997C-71470BADF9FA}"
EndProject
Project("{9A19103F-16F7-4668-BE54-9A1E7A4F7556}") = "Scissors.Utils", "src\Utils\Utils\Scissors.Utils\Scissors.Utils.csproj", "{361D4522-DE69-45FB-AA4B-0AE88A081983}"
EndProject
Project("{9A19103F-16F7-4668-BE54-9A1E7A4F7556}") = "Scissors.Utils.Tests", "src\Utils\Utils\Scissors.Utils.Tests\Scissors.Utils.Tests.csproj", "{200C1578-C34F-45AB-A9A1-CA4B1FB1EC43}"
EndProject
Project("{2150E333-8FDC-42A3-9474-1A3956D46DE8}") = "InlineEditForms", "InlineEditForms", "{D1DABA5F-5EA4-45AF-B8A2-650629CD1E15}"
EndProject
Project("{9A19103F-16F7-4668-BE54-9A1E7A4F7556}") = "Scissors.ExpressApp.InlineEditForms.Contracts", "src\Modules\InlineEditForms\Contracts\Scissors.ExpressApp.InlineEditForms.Contracts.csproj", "{73B03CB5-5C34-4BF3-A27E-E4D76A76F635}"
EndProject
Project("{9A19103F-16F7-4668-BE54-9A1E7A4F7556}") = "Scissors.ExpressApp.InlineEditForms.Win", "src\Modules\InlineEditForms\Win\Scissors.ExpressApp.InlineEditForms.Win.csproj", "{230DACB5-9303-4196-86E3-65203D773D9B}"
EndProject
Project("{9A19103F-16F7-4668-BE54-9A1E7A4F7556}") = "Scissors.ExpressApp.InlineEditForms.UITests", "src\Modules\InlineEditForms\UITests\Scissors.ExpressApp.InlineEditForms.UITests.csproj", "{3EF9D53A-4859-45A9-8804-B2A0264A7757}"
EndProject
Project("{2150E333-8FDC-42A3-9474-1A3956D46DE8}") = "Drawing", "Drawing", "{8311EC5C-8125-42C1-B15E-029CAAC1E77A}"
EndProject
Project("{9A19103F-16F7-4668-BE54-9A1E7A4F7556}") = "Scissors.Utils.Drawing", "src\Utils\Drawing\Scissors.Utils.Drawing\Scissors.Utils.Drawing.csproj", "{88C85084-CFBD-479F-BC44-46DF7248BF9F}"
EndProject
Project("{9A19103F-16F7-4668-BE54-9A1E7A4F7556}") = "Scissors.Utils.Drawing.Tests", "src\Utils\Drawing\Scissors.Utils.Drawing.Tests\Scissors.Utils.Drawing.Tests.csproj", "{AF1B9747-DDE3-4E00-8A18-5E374CF3FD77}"
EndProject
Project("{2150E333-8FDC-42A3-9474-1A3956D46DE8}") = "Testing", "Testing", "{CD7A5B70-30C3-4B16-AE63-83A467671B7A}"
EndProject
Project("{9A19103F-16F7-4668-BE54-9A1E7A4F7556}") = "Scissors.Utils.Testing.XUnit", "src\Utils\Testing\Scissors.Utils.Testing.XUnit\Scissors.Utils.Testing.XUnit.csproj", "{96807A44-E42A-42A2-9238-F17CE57404E4}"
EndProject
Project("{2150E333-8FDC-42A3-9474-1A3956D46DE8}") = "src", "src", "{74C0E76B-38B1-4185-BA73-F016B337BC78}"
EndProject
Project("{2150E333-8FDC-42A3-9474-1A3956D46DE8}") = "Generators", "Generators", "{53013E00-7286-4BBC-B9A6-3BDE599C2D64}"
EndProject
Project("{9A19103F-16F7-4668-BE54-9A1E7A4F7556}") = "Scissors.Xaf.CacheWarmup.Attributes", "src\Generators\Scissors.Xaf.CacheWarmup.Attributes\Scissors.Xaf.CacheWarmup.Attributes.csproj", "{EE63A3E8-83EF-45F3-BA2F-EA955B255C16}"
EndProject
Project("{9A19103F-16F7-4668-BE54-9A1E7A4F7556}") = "Scissors.Xaf.CacheWarmup.Generators", "src\Generators\Scissors.Xaf.CacheWarmup.Generators\Scissors.Xaf.CacheWarmup.Generators.csproj", "{E4D9621F-519A-4F94-97C9-EBBC0917E8BE}"
EndProject
Project("{9A19103F-16F7-4668-BE54-9A1E7A4F7556}") = "Scissors.Xaf.CacheWarmup.Generators.Cli", "src\Generators\Scissors.Xaf.CacheWarmup.Generators.Cli\Scissors.Xaf.CacheWarmup.Generators.Cli.csproj", "{AAD889BB-B0BC-4F2C-9B7B-8D1A8CC4E43D}"
EndProject
Global
	GlobalSection(SolutionConfigurationPlatforms) = preSolution
		Debug|Any CPU = Debug|Any CPU
		Debug|x64 = Debug|x64
		Debug|x86 = Debug|x86
		EasyTest|Any CPU = EasyTest|Any CPU
		EasyTest|x64 = EasyTest|x64
		EasyTest|x86 = EasyTest|x86
		Release|Any CPU = Release|Any CPU
		Release|x64 = Release|x64
		Release|x86 = Release|x86
	EndGlobalSection
	GlobalSection(ProjectConfigurationPlatforms) = postSolution
		{2CE62FF7-23D7-4C81-99A6-19D8E5889668}.Debug|Any CPU.ActiveCfg = Debug|Any CPU
		{2CE62FF7-23D7-4C81-99A6-19D8E5889668}.Debug|Any CPU.Build.0 = Debug|Any CPU
		{2CE62FF7-23D7-4C81-99A6-19D8E5889668}.Debug|x64.ActiveCfg = Debug|Any CPU
		{2CE62FF7-23D7-4C81-99A6-19D8E5889668}.Debug|x64.Build.0 = Debug|Any CPU
		{2CE62FF7-23D7-4C81-99A6-19D8E5889668}.Debug|x86.ActiveCfg = Debug|Any CPU
		{2CE62FF7-23D7-4C81-99A6-19D8E5889668}.Debug|x86.Build.0 = Debug|Any CPU
		{2CE62FF7-23D7-4C81-99A6-19D8E5889668}.EasyTest|Any CPU.ActiveCfg = Release|Any CPU
		{2CE62FF7-23D7-4C81-99A6-19D8E5889668}.EasyTest|Any CPU.Build.0 = Release|Any CPU
		{2CE62FF7-23D7-4C81-99A6-19D8E5889668}.EasyTest|x64.ActiveCfg = Release|Any CPU
		{2CE62FF7-23D7-4C81-99A6-19D8E5889668}.EasyTest|x64.Build.0 = Release|Any CPU
		{2CE62FF7-23D7-4C81-99A6-19D8E5889668}.EasyTest|x86.ActiveCfg = Release|Any CPU
		{2CE62FF7-23D7-4C81-99A6-19D8E5889668}.EasyTest|x86.Build.0 = Release|Any CPU
		{2CE62FF7-23D7-4C81-99A6-19D8E5889668}.Release|Any CPU.ActiveCfg = Release|Any CPU
		{2CE62FF7-23D7-4C81-99A6-19D8E5889668}.Release|Any CPU.Build.0 = Release|Any CPU
		{2CE62FF7-23D7-4C81-99A6-19D8E5889668}.Release|x64.ActiveCfg = Release|Any CPU
		{2CE62FF7-23D7-4C81-99A6-19D8E5889668}.Release|x64.Build.0 = Release|Any CPU
		{2CE62FF7-23D7-4C81-99A6-19D8E5889668}.Release|x86.ActiveCfg = Release|Any CPU
		{2CE62FF7-23D7-4C81-99A6-19D8E5889668}.Release|x86.Build.0 = Release|Any CPU
		{DD958DAD-2A51-4DC1-8472-AE925AC1C4A2}.Debug|Any CPU.ActiveCfg = Debug|Any CPU
		{DD958DAD-2A51-4DC1-8472-AE925AC1C4A2}.Debug|Any CPU.Build.0 = Debug|Any CPU
		{DD958DAD-2A51-4DC1-8472-AE925AC1C4A2}.Debug|x64.ActiveCfg = Debug|Any CPU
		{DD958DAD-2A51-4DC1-8472-AE925AC1C4A2}.Debug|x64.Build.0 = Debug|Any CPU
		{DD958DAD-2A51-4DC1-8472-AE925AC1C4A2}.Debug|x86.ActiveCfg = Debug|Any CPU
		{DD958DAD-2A51-4DC1-8472-AE925AC1C4A2}.Debug|x86.Build.0 = Debug|Any CPU
		{DD958DAD-2A51-4DC1-8472-AE925AC1C4A2}.EasyTest|Any CPU.ActiveCfg = Release|Any CPU
		{DD958DAD-2A51-4DC1-8472-AE925AC1C4A2}.EasyTest|Any CPU.Build.0 = Release|Any CPU
		{DD958DAD-2A51-4DC1-8472-AE925AC1C4A2}.EasyTest|x64.ActiveCfg = Release|Any CPU
		{DD958DAD-2A51-4DC1-8472-AE925AC1C4A2}.EasyTest|x64.Build.0 = Release|Any CPU
		{DD958DAD-2A51-4DC1-8472-AE925AC1C4A2}.EasyTest|x86.ActiveCfg = Release|Any CPU
		{DD958DAD-2A51-4DC1-8472-AE925AC1C4A2}.EasyTest|x86.Build.0 = Release|Any CPU
		{DD958DAD-2A51-4DC1-8472-AE925AC1C4A2}.Release|Any CPU.ActiveCfg = Release|Any CPU
		{DD958DAD-2A51-4DC1-8472-AE925AC1C4A2}.Release|Any CPU.Build.0 = Release|Any CPU
		{DD958DAD-2A51-4DC1-8472-AE925AC1C4A2}.Release|x64.ActiveCfg = Release|Any CPU
		{DD958DAD-2A51-4DC1-8472-AE925AC1C4A2}.Release|x64.Build.0 = Release|Any CPU
		{DD958DAD-2A51-4DC1-8472-AE925AC1C4A2}.Release|x86.ActiveCfg = Release|Any CPU
		{DD958DAD-2A51-4DC1-8472-AE925AC1C4A2}.Release|x86.Build.0 = Release|Any CPU
		{794EB192-295B-4EDD-8956-399437FA4A5C}.Debug|Any CPU.ActiveCfg = Debug|Any CPU
		{794EB192-295B-4EDD-8956-399437FA4A5C}.Debug|Any CPU.Build.0 = Debug|Any CPU
		{794EB192-295B-4EDD-8956-399437FA4A5C}.Debug|x64.ActiveCfg = Debug|Any CPU
		{794EB192-295B-4EDD-8956-399437FA4A5C}.Debug|x64.Build.0 = Debug|Any CPU
		{794EB192-295B-4EDD-8956-399437FA4A5C}.Debug|x86.ActiveCfg = Debug|Any CPU
		{794EB192-295B-4EDD-8956-399437FA4A5C}.Debug|x86.Build.0 = Debug|Any CPU
		{794EB192-295B-4EDD-8956-399437FA4A5C}.EasyTest|Any CPU.ActiveCfg = Release|Any CPU
		{794EB192-295B-4EDD-8956-399437FA4A5C}.EasyTest|Any CPU.Build.0 = Release|Any CPU
		{794EB192-295B-4EDD-8956-399437FA4A5C}.EasyTest|x64.ActiveCfg = Release|Any CPU
		{794EB192-295B-4EDD-8956-399437FA4A5C}.EasyTest|x64.Build.0 = Release|Any CPU
		{794EB192-295B-4EDD-8956-399437FA4A5C}.EasyTest|x86.ActiveCfg = Release|Any CPU
		{794EB192-295B-4EDD-8956-399437FA4A5C}.EasyTest|x86.Build.0 = Release|Any CPU
		{794EB192-295B-4EDD-8956-399437FA4A5C}.Release|Any CPU.ActiveCfg = Release|Any CPU
		{794EB192-295B-4EDD-8956-399437FA4A5C}.Release|Any CPU.Build.0 = Release|Any CPU
		{794EB192-295B-4EDD-8956-399437FA4A5C}.Release|x64.ActiveCfg = Release|Any CPU
		{794EB192-295B-4EDD-8956-399437FA4A5C}.Release|x64.Build.0 = Release|Any CPU
		{794EB192-295B-4EDD-8956-399437FA4A5C}.Release|x86.ActiveCfg = Release|Any CPU
		{794EB192-295B-4EDD-8956-399437FA4A5C}.Release|x86.Build.0 = Release|Any CPU
		{D707BF95-6819-475E-AAAE-B89EB7BE0A5E}.Debug|Any CPU.ActiveCfg = Debug|Any CPU
		{D707BF95-6819-475E-AAAE-B89EB7BE0A5E}.Debug|Any CPU.Build.0 = Debug|Any CPU
		{D707BF95-6819-475E-AAAE-B89EB7BE0A5E}.Debug|x64.ActiveCfg = Debug|Any CPU
		{D707BF95-6819-475E-AAAE-B89EB7BE0A5E}.Debug|x64.Build.0 = Debug|Any CPU
		{D707BF95-6819-475E-AAAE-B89EB7BE0A5E}.Debug|x86.ActiveCfg = Debug|Any CPU
		{D707BF95-6819-475E-AAAE-B89EB7BE0A5E}.Debug|x86.Build.0 = Debug|Any CPU
		{D707BF95-6819-475E-AAAE-B89EB7BE0A5E}.EasyTest|Any CPU.ActiveCfg = Release|Any CPU
		{D707BF95-6819-475E-AAAE-B89EB7BE0A5E}.EasyTest|Any CPU.Build.0 = Release|Any CPU
		{D707BF95-6819-475E-AAAE-B89EB7BE0A5E}.EasyTest|x64.ActiveCfg = Release|Any CPU
		{D707BF95-6819-475E-AAAE-B89EB7BE0A5E}.EasyTest|x64.Build.0 = Release|Any CPU
		{D707BF95-6819-475E-AAAE-B89EB7BE0A5E}.EasyTest|x86.ActiveCfg = Release|Any CPU
		{D707BF95-6819-475E-AAAE-B89EB7BE0A5E}.EasyTest|x86.Build.0 = Release|Any CPU
		{D707BF95-6819-475E-AAAE-B89EB7BE0A5E}.Release|Any CPU.ActiveCfg = Release|Any CPU
		{D707BF95-6819-475E-AAAE-B89EB7BE0A5E}.Release|Any CPU.Build.0 = Release|Any CPU
		{D707BF95-6819-475E-AAAE-B89EB7BE0A5E}.Release|x64.ActiveCfg = Release|Any CPU
		{D707BF95-6819-475E-AAAE-B89EB7BE0A5E}.Release|x64.Build.0 = Release|Any CPU
		{D707BF95-6819-475E-AAAE-B89EB7BE0A5E}.Release|x86.ActiveCfg = Release|Any CPU
		{D707BF95-6819-475E-AAAE-B89EB7BE0A5E}.Release|x86.Build.0 = Release|Any CPU
		{2E3E1BD8-2EAF-49E1-9D61-17D5CC3A207B}.Debug|Any CPU.ActiveCfg = Debug|Any CPU
		{2E3E1BD8-2EAF-49E1-9D61-17D5CC3A207B}.Debug|Any CPU.Build.0 = Debug|Any CPU
		{2E3E1BD8-2EAF-49E1-9D61-17D5CC3A207B}.Debug|x64.ActiveCfg = Debug|Any CPU
		{2E3E1BD8-2EAF-49E1-9D61-17D5CC3A207B}.Debug|x64.Build.0 = Debug|Any CPU
		{2E3E1BD8-2EAF-49E1-9D61-17D5CC3A207B}.Debug|x86.ActiveCfg = Debug|Any CPU
		{2E3E1BD8-2EAF-49E1-9D61-17D5CC3A207B}.Debug|x86.Build.0 = Debug|Any CPU
		{2E3E1BD8-2EAF-49E1-9D61-17D5CC3A207B}.EasyTest|Any CPU.ActiveCfg = Release|Any CPU
		{2E3E1BD8-2EAF-49E1-9D61-17D5CC3A207B}.EasyTest|Any CPU.Build.0 = Release|Any CPU
		{2E3E1BD8-2EAF-49E1-9D61-17D5CC3A207B}.EasyTest|x64.ActiveCfg = Release|Any CPU
		{2E3E1BD8-2EAF-49E1-9D61-17D5CC3A207B}.EasyTest|x64.Build.0 = Release|Any CPU
		{2E3E1BD8-2EAF-49E1-9D61-17D5CC3A207B}.EasyTest|x86.ActiveCfg = Release|Any CPU
		{2E3E1BD8-2EAF-49E1-9D61-17D5CC3A207B}.EasyTest|x86.Build.0 = Release|Any CPU
		{2E3E1BD8-2EAF-49E1-9D61-17D5CC3A207B}.Release|Any CPU.ActiveCfg = Release|Any CPU
		{2E3E1BD8-2EAF-49E1-9D61-17D5CC3A207B}.Release|Any CPU.Build.0 = Release|Any CPU
		{2E3E1BD8-2EAF-49E1-9D61-17D5CC3A207B}.Release|x64.ActiveCfg = Release|Any CPU
		{2E3E1BD8-2EAF-49E1-9D61-17D5CC3A207B}.Release|x64.Build.0 = Release|Any CPU
		{2E3E1BD8-2EAF-49E1-9D61-17D5CC3A207B}.Release|x86.ActiveCfg = Release|Any CPU
		{2E3E1BD8-2EAF-49E1-9D61-17D5CC3A207B}.Release|x86.Build.0 = Release|Any CPU
		{361D4522-DE69-45FB-AA4B-0AE88A081983}.Debug|Any CPU.ActiveCfg = Debug|Any CPU
		{361D4522-DE69-45FB-AA4B-0AE88A081983}.Debug|Any CPU.Build.0 = Debug|Any CPU
		{361D4522-DE69-45FB-AA4B-0AE88A081983}.Debug|x64.ActiveCfg = Debug|Any CPU
		{361D4522-DE69-45FB-AA4B-0AE88A081983}.Debug|x64.Build.0 = Debug|Any CPU
		{361D4522-DE69-45FB-AA4B-0AE88A081983}.Debug|x86.ActiveCfg = Debug|Any CPU
		{361D4522-DE69-45FB-AA4B-0AE88A081983}.Debug|x86.Build.0 = Debug|Any CPU
		{361D4522-DE69-45FB-AA4B-0AE88A081983}.EasyTest|Any CPU.ActiveCfg = Release|Any CPU
		{361D4522-DE69-45FB-AA4B-0AE88A081983}.EasyTest|Any CPU.Build.0 = Release|Any CPU
		{361D4522-DE69-45FB-AA4B-0AE88A081983}.EasyTest|x64.ActiveCfg = Release|Any CPU
		{361D4522-DE69-45FB-AA4B-0AE88A081983}.EasyTest|x64.Build.0 = Release|Any CPU
		{361D4522-DE69-45FB-AA4B-0AE88A081983}.EasyTest|x86.ActiveCfg = Release|Any CPU
		{361D4522-DE69-45FB-AA4B-0AE88A081983}.EasyTest|x86.Build.0 = Release|Any CPU
		{361D4522-DE69-45FB-AA4B-0AE88A081983}.Release|Any CPU.ActiveCfg = Release|Any CPU
		{361D4522-DE69-45FB-AA4B-0AE88A081983}.Release|Any CPU.Build.0 = Release|Any CPU
		{361D4522-DE69-45FB-AA4B-0AE88A081983}.Release|x64.ActiveCfg = Release|Any CPU
		{361D4522-DE69-45FB-AA4B-0AE88A081983}.Release|x64.Build.0 = Release|Any CPU
		{361D4522-DE69-45FB-AA4B-0AE88A081983}.Release|x86.ActiveCfg = Release|Any CPU
		{361D4522-DE69-45FB-AA4B-0AE88A081983}.Release|x86.Build.0 = Release|Any CPU
		{200C1578-C34F-45AB-A9A1-CA4B1FB1EC43}.Debug|Any CPU.ActiveCfg = Debug|Any CPU
		{200C1578-C34F-45AB-A9A1-CA4B1FB1EC43}.Debug|Any CPU.Build.0 = Debug|Any CPU
		{200C1578-C34F-45AB-A9A1-CA4B1FB1EC43}.Debug|x64.ActiveCfg = Debug|Any CPU
		{200C1578-C34F-45AB-A9A1-CA4B1FB1EC43}.Debug|x64.Build.0 = Debug|Any CPU
		{200C1578-C34F-45AB-A9A1-CA4B1FB1EC43}.Debug|x86.ActiveCfg = Debug|Any CPU
		{200C1578-C34F-45AB-A9A1-CA4B1FB1EC43}.Debug|x86.Build.0 = Debug|Any CPU
		{200C1578-C34F-45AB-A9A1-CA4B1FB1EC43}.EasyTest|Any CPU.ActiveCfg = Release|Any CPU
		{200C1578-C34F-45AB-A9A1-CA4B1FB1EC43}.EasyTest|Any CPU.Build.0 = Release|Any CPU
		{200C1578-C34F-45AB-A9A1-CA4B1FB1EC43}.EasyTest|x64.ActiveCfg = Release|Any CPU
		{200C1578-C34F-45AB-A9A1-CA4B1FB1EC43}.EasyTest|x64.Build.0 = Release|Any CPU
		{200C1578-C34F-45AB-A9A1-CA4B1FB1EC43}.EasyTest|x86.ActiveCfg = Release|Any CPU
		{200C1578-C34F-45AB-A9A1-CA4B1FB1EC43}.EasyTest|x86.Build.0 = Release|Any CPU
		{200C1578-C34F-45AB-A9A1-CA4B1FB1EC43}.Release|Any CPU.ActiveCfg = Release|Any CPU
		{200C1578-C34F-45AB-A9A1-CA4B1FB1EC43}.Release|Any CPU.Build.0 = Release|Any CPU
		{200C1578-C34F-45AB-A9A1-CA4B1FB1EC43}.Release|x64.ActiveCfg = Release|Any CPU
		{200C1578-C34F-45AB-A9A1-CA4B1FB1EC43}.Release|x64.Build.0 = Release|Any CPU
		{200C1578-C34F-45AB-A9A1-CA4B1FB1EC43}.Release|x86.ActiveCfg = Release|Any CPU
		{200C1578-C34F-45AB-A9A1-CA4B1FB1EC43}.Release|x86.Build.0 = Release|Any CPU
		{73B03CB5-5C34-4BF3-A27E-E4D76A76F635}.Debug|Any CPU.ActiveCfg = Debug|Any CPU
		{73B03CB5-5C34-4BF3-A27E-E4D76A76F635}.Debug|Any CPU.Build.0 = Debug|Any CPU
		{73B03CB5-5C34-4BF3-A27E-E4D76A76F635}.Debug|x64.ActiveCfg = Debug|Any CPU
		{73B03CB5-5C34-4BF3-A27E-E4D76A76F635}.Debug|x64.Build.0 = Debug|Any CPU
		{73B03CB5-5C34-4BF3-A27E-E4D76A76F635}.Debug|x86.ActiveCfg = Debug|Any CPU
		{73B03CB5-5C34-4BF3-A27E-E4D76A76F635}.Debug|x86.Build.0 = Debug|Any CPU
		{73B03CB5-5C34-4BF3-A27E-E4D76A76F635}.EasyTest|Any CPU.ActiveCfg = Release|Any CPU
		{73B03CB5-5C34-4BF3-A27E-E4D76A76F635}.EasyTest|Any CPU.Build.0 = Release|Any CPU
		{73B03CB5-5C34-4BF3-A27E-E4D76A76F635}.EasyTest|x64.ActiveCfg = Release|Any CPU
		{73B03CB5-5C34-4BF3-A27E-E4D76A76F635}.EasyTest|x64.Build.0 = Release|Any CPU
		{73B03CB5-5C34-4BF3-A27E-E4D76A76F635}.EasyTest|x86.ActiveCfg = Release|Any CPU
		{73B03CB5-5C34-4BF3-A27E-E4D76A76F635}.EasyTest|x86.Build.0 = Release|Any CPU
		{73B03CB5-5C34-4BF3-A27E-E4D76A76F635}.Release|Any CPU.ActiveCfg = Release|Any CPU
		{73B03CB5-5C34-4BF3-A27E-E4D76A76F635}.Release|Any CPU.Build.0 = Release|Any CPU
		{73B03CB5-5C34-4BF3-A27E-E4D76A76F635}.Release|x64.ActiveCfg = Release|Any CPU
		{73B03CB5-5C34-4BF3-A27E-E4D76A76F635}.Release|x64.Build.0 = Release|Any CPU
		{73B03CB5-5C34-4BF3-A27E-E4D76A76F635}.Release|x86.ActiveCfg = Release|Any CPU
		{73B03CB5-5C34-4BF3-A27E-E4D76A76F635}.Release|x86.Build.0 = Release|Any CPU
		{230DACB5-9303-4196-86E3-65203D773D9B}.Debug|Any CPU.ActiveCfg = Debug|Any CPU
		{230DACB5-9303-4196-86E3-65203D773D9B}.Debug|Any CPU.Build.0 = Debug|Any CPU
		{230DACB5-9303-4196-86E3-65203D773D9B}.Debug|x64.ActiveCfg = Debug|Any CPU
		{230DACB5-9303-4196-86E3-65203D773D9B}.Debug|x64.Build.0 = Debug|Any CPU
		{230DACB5-9303-4196-86E3-65203D773D9B}.Debug|x86.ActiveCfg = Debug|Any CPU
		{230DACB5-9303-4196-86E3-65203D773D9B}.Debug|x86.Build.0 = Debug|Any CPU
		{230DACB5-9303-4196-86E3-65203D773D9B}.EasyTest|Any CPU.ActiveCfg = Release|Any CPU
		{230DACB5-9303-4196-86E3-65203D773D9B}.EasyTest|Any CPU.Build.0 = Release|Any CPU
		{230DACB5-9303-4196-86E3-65203D773D9B}.EasyTest|x64.ActiveCfg = Release|Any CPU
		{230DACB5-9303-4196-86E3-65203D773D9B}.EasyTest|x64.Build.0 = Release|Any CPU
		{230DACB5-9303-4196-86E3-65203D773D9B}.EasyTest|x86.ActiveCfg = Release|Any CPU
		{230DACB5-9303-4196-86E3-65203D773D9B}.EasyTest|x86.Build.0 = Release|Any CPU
		{230DACB5-9303-4196-86E3-65203D773D9B}.Release|Any CPU.ActiveCfg = Release|Any CPU
		{230DACB5-9303-4196-86E3-65203D773D9B}.Release|Any CPU.Build.0 = Release|Any CPU
		{230DACB5-9303-4196-86E3-65203D773D9B}.Release|x64.ActiveCfg = Release|Any CPU
		{230DACB5-9303-4196-86E3-65203D773D9B}.Release|x64.Build.0 = Release|Any CPU
		{230DACB5-9303-4196-86E3-65203D773D9B}.Release|x86.ActiveCfg = Release|Any CPU
		{230DACB5-9303-4196-86E3-65203D773D9B}.Release|x86.Build.0 = Release|Any CPU
		{3EF9D53A-4859-45A9-8804-B2A0264A7757}.Debug|Any CPU.ActiveCfg = Debug|Any CPU
		{3EF9D53A-4859-45A9-8804-B2A0264A7757}.Debug|Any CPU.Build.0 = Debug|Any CPU
		{3EF9D53A-4859-45A9-8804-B2A0264A7757}.Debug|x64.ActiveCfg = Debug|Any CPU
		{3EF9D53A-4859-45A9-8804-B2A0264A7757}.Debug|x64.Build.0 = Debug|Any CPU
		{3EF9D53A-4859-45A9-8804-B2A0264A7757}.Debug|x86.ActiveCfg = Debug|Any CPU
		{3EF9D53A-4859-45A9-8804-B2A0264A7757}.Debug|x86.Build.0 = Debug|Any CPU
		{3EF9D53A-4859-45A9-8804-B2A0264A7757}.EasyTest|Any CPU.ActiveCfg = Release|Any CPU
		{3EF9D53A-4859-45A9-8804-B2A0264A7757}.EasyTest|Any CPU.Build.0 = Release|Any CPU
		{3EF9D53A-4859-45A9-8804-B2A0264A7757}.EasyTest|x64.ActiveCfg = Release|Any CPU
		{3EF9D53A-4859-45A9-8804-B2A0264A7757}.EasyTest|x64.Build.0 = Release|Any CPU
		{3EF9D53A-4859-45A9-8804-B2A0264A7757}.EasyTest|x86.ActiveCfg = Release|Any CPU
		{3EF9D53A-4859-45A9-8804-B2A0264A7757}.EasyTest|x86.Build.0 = Release|Any CPU
		{3EF9D53A-4859-45A9-8804-B2A0264A7757}.Release|Any CPU.ActiveCfg = Release|Any CPU
		{3EF9D53A-4859-45A9-8804-B2A0264A7757}.Release|Any CPU.Build.0 = Release|Any CPU
		{3EF9D53A-4859-45A9-8804-B2A0264A7757}.Release|x64.ActiveCfg = Release|Any CPU
		{3EF9D53A-4859-45A9-8804-B2A0264A7757}.Release|x64.Build.0 = Release|Any CPU
		{3EF9D53A-4859-45A9-8804-B2A0264A7757}.Release|x86.ActiveCfg = Release|Any CPU
		{3EF9D53A-4859-45A9-8804-B2A0264A7757}.Release|x86.Build.0 = Release|Any CPU
		{88C85084-CFBD-479F-BC44-46DF7248BF9F}.Debug|Any CPU.ActiveCfg = Debug|Any CPU
		{88C85084-CFBD-479F-BC44-46DF7248BF9F}.Debug|Any CPU.Build.0 = Debug|Any CPU
		{88C85084-CFBD-479F-BC44-46DF7248BF9F}.Debug|x64.ActiveCfg = Debug|Any CPU
		{88C85084-CFBD-479F-BC44-46DF7248BF9F}.Debug|x64.Build.0 = Debug|Any CPU
		{88C85084-CFBD-479F-BC44-46DF7248BF9F}.Debug|x86.ActiveCfg = Debug|Any CPU
		{88C85084-CFBD-479F-BC44-46DF7248BF9F}.Debug|x86.Build.0 = Debug|Any CPU
		{88C85084-CFBD-479F-BC44-46DF7248BF9F}.EasyTest|Any CPU.ActiveCfg = Release|Any CPU
		{88C85084-CFBD-479F-BC44-46DF7248BF9F}.EasyTest|Any CPU.Build.0 = Release|Any CPU
		{88C85084-CFBD-479F-BC44-46DF7248BF9F}.EasyTest|x64.ActiveCfg = Release|Any CPU
		{88C85084-CFBD-479F-BC44-46DF7248BF9F}.EasyTest|x64.Build.0 = Release|Any CPU
		{88C85084-CFBD-479F-BC44-46DF7248BF9F}.EasyTest|x86.ActiveCfg = Release|Any CPU
		{88C85084-CFBD-479F-BC44-46DF7248BF9F}.EasyTest|x86.Build.0 = Release|Any CPU
		{88C85084-CFBD-479F-BC44-46DF7248BF9F}.Release|Any CPU.ActiveCfg = Release|Any CPU
		{88C85084-CFBD-479F-BC44-46DF7248BF9F}.Release|Any CPU.Build.0 = Release|Any CPU
		{88C85084-CFBD-479F-BC44-46DF7248BF9F}.Release|x64.ActiveCfg = Release|Any CPU
		{88C85084-CFBD-479F-BC44-46DF7248BF9F}.Release|x64.Build.0 = Release|Any CPU
		{88C85084-CFBD-479F-BC44-46DF7248BF9F}.Release|x86.ActiveCfg = Release|Any CPU
		{88C85084-CFBD-479F-BC44-46DF7248BF9F}.Release|x86.Build.0 = Release|Any CPU
		{AF1B9747-DDE3-4E00-8A18-5E374CF3FD77}.Debug|Any CPU.ActiveCfg = Debug|Any CPU
		{AF1B9747-DDE3-4E00-8A18-5E374CF3FD77}.Debug|Any CPU.Build.0 = Debug|Any CPU
		{AF1B9747-DDE3-4E00-8A18-5E374CF3FD77}.Debug|x64.ActiveCfg = Debug|Any CPU
		{AF1B9747-DDE3-4E00-8A18-5E374CF3FD77}.Debug|x64.Build.0 = Debug|Any CPU
		{AF1B9747-DDE3-4E00-8A18-5E374CF3FD77}.Debug|x86.ActiveCfg = Debug|Any CPU
		{AF1B9747-DDE3-4E00-8A18-5E374CF3FD77}.Debug|x86.Build.0 = Debug|Any CPU
		{AF1B9747-DDE3-4E00-8A18-5E374CF3FD77}.EasyTest|Any CPU.ActiveCfg = Release|Any CPU
		{AF1B9747-DDE3-4E00-8A18-5E374CF3FD77}.EasyTest|Any CPU.Build.0 = Release|Any CPU
		{AF1B9747-DDE3-4E00-8A18-5E374CF3FD77}.EasyTest|x64.ActiveCfg = Release|Any CPU
		{AF1B9747-DDE3-4E00-8A18-5E374CF3FD77}.EasyTest|x64.Build.0 = Release|Any CPU
		{AF1B9747-DDE3-4E00-8A18-5E374CF3FD77}.EasyTest|x86.ActiveCfg = Release|Any CPU
		{AF1B9747-DDE3-4E00-8A18-5E374CF3FD77}.EasyTest|x86.Build.0 = Release|Any CPU
		{AF1B9747-DDE3-4E00-8A18-5E374CF3FD77}.Release|Any CPU.ActiveCfg = Release|Any CPU
		{AF1B9747-DDE3-4E00-8A18-5E374CF3FD77}.Release|Any CPU.Build.0 = Release|Any CPU
		{AF1B9747-DDE3-4E00-8A18-5E374CF3FD77}.Release|x64.ActiveCfg = Release|Any CPU
		{AF1B9747-DDE3-4E00-8A18-5E374CF3FD77}.Release|x64.Build.0 = Release|Any CPU
		{AF1B9747-DDE3-4E00-8A18-5E374CF3FD77}.Release|x86.ActiveCfg = Release|Any CPU
		{AF1B9747-DDE3-4E00-8A18-5E374CF3FD77}.Release|x86.Build.0 = Release|Any CPU
		{96807A44-E42A-42A2-9238-F17CE57404E4}.Debug|Any CPU.ActiveCfg = Debug|Any CPU
		{96807A44-E42A-42A2-9238-F17CE57404E4}.Debug|Any CPU.Build.0 = Debug|Any CPU
		{96807A44-E42A-42A2-9238-F17CE57404E4}.Debug|x64.ActiveCfg = Debug|Any CPU
		{96807A44-E42A-42A2-9238-F17CE57404E4}.Debug|x64.Build.0 = Debug|Any CPU
		{96807A44-E42A-42A2-9238-F17CE57404E4}.Debug|x86.ActiveCfg = Debug|Any CPU
		{96807A44-E42A-42A2-9238-F17CE57404E4}.Debug|x86.Build.0 = Debug|Any CPU
		{96807A44-E42A-42A2-9238-F17CE57404E4}.EasyTest|Any CPU.ActiveCfg = Release|Any CPU
		{96807A44-E42A-42A2-9238-F17CE57404E4}.EasyTest|Any CPU.Build.0 = Release|Any CPU
		{96807A44-E42A-42A2-9238-F17CE57404E4}.EasyTest|x64.ActiveCfg = Release|Any CPU
		{96807A44-E42A-42A2-9238-F17CE57404E4}.EasyTest|x64.Build.0 = Release|Any CPU
		{96807A44-E42A-42A2-9238-F17CE57404E4}.EasyTest|x86.ActiveCfg = Release|Any CPU
		{96807A44-E42A-42A2-9238-F17CE57404E4}.EasyTest|x86.Build.0 = Release|Any CPU
		{96807A44-E42A-42A2-9238-F17CE57404E4}.Release|Any CPU.ActiveCfg = Release|Any CPU
		{96807A44-E42A-42A2-9238-F17CE57404E4}.Release|Any CPU.Build.0 = Release|Any CPU
		{96807A44-E42A-42A2-9238-F17CE57404E4}.Release|x64.ActiveCfg = Release|Any CPU
		{96807A44-E42A-42A2-9238-F17CE57404E4}.Release|x64.Build.0 = Release|Any CPU
		{96807A44-E42A-42A2-9238-F17CE57404E4}.Release|x86.ActiveCfg = Release|Any CPU
		{96807A44-E42A-42A2-9238-F17CE57404E4}.Release|x86.Build.0 = Release|Any CPU
		{EE63A3E8-83EF-45F3-BA2F-EA955B255C16}.Debug|Any CPU.ActiveCfg = Debug|Any CPU
		{EE63A3E8-83EF-45F3-BA2F-EA955B255C16}.Debug|Any CPU.Build.0 = Debug|Any CPU
		{EE63A3E8-83EF-45F3-BA2F-EA955B255C16}.Debug|x64.ActiveCfg = Debug|Any CPU
		{EE63A3E8-83EF-45F3-BA2F-EA955B255C16}.Debug|x64.Build.0 = Debug|Any CPU
		{EE63A3E8-83EF-45F3-BA2F-EA955B255C16}.Debug|x86.ActiveCfg = Debug|Any CPU
		{EE63A3E8-83EF-45F3-BA2F-EA955B255C16}.Debug|x86.Build.0 = Debug|Any CPU
		{EE63A3E8-83EF-45F3-BA2F-EA955B255C16}.EasyTest|Any CPU.ActiveCfg = Release|Any CPU
		{EE63A3E8-83EF-45F3-BA2F-EA955B255C16}.EasyTest|Any CPU.Build.0 = Release|Any CPU
		{EE63A3E8-83EF-45F3-BA2F-EA955B255C16}.EasyTest|x64.ActiveCfg = Release|Any CPU
		{EE63A3E8-83EF-45F3-BA2F-EA955B255C16}.EasyTest|x64.Build.0 = Release|Any CPU
		{EE63A3E8-83EF-45F3-BA2F-EA955B255C16}.EasyTest|x86.ActiveCfg = Release|Any CPU
		{EE63A3E8-83EF-45F3-BA2F-EA955B255C16}.EasyTest|x86.Build.0 = Release|Any CPU
		{EE63A3E8-83EF-45F3-BA2F-EA955B255C16}.Release|Any CPU.ActiveCfg = Release|Any CPU
		{EE63A3E8-83EF-45F3-BA2F-EA955B255C16}.Release|Any CPU.Build.0 = Release|Any CPU
		{EE63A3E8-83EF-45F3-BA2F-EA955B255C16}.Release|x64.ActiveCfg = Release|Any CPU
		{EE63A3E8-83EF-45F3-BA2F-EA955B255C16}.Release|x64.Build.0 = Release|Any CPU
		{EE63A3E8-83EF-45F3-BA2F-EA955B255C16}.Release|x86.ActiveCfg = Release|Any CPU
		{EE63A3E8-83EF-45F3-BA2F-EA955B255C16}.Release|x86.Build.0 = Release|Any CPU
		{E4D9621F-519A-4F94-97C9-EBBC0917E8BE}.Debug|Any CPU.ActiveCfg = Debug|Any CPU
		{E4D9621F-519A-4F94-97C9-EBBC0917E8BE}.Debug|Any CPU.Build.0 = Debug|Any CPU
		{E4D9621F-519A-4F94-97C9-EBBC0917E8BE}.Debug|x64.ActiveCfg = Debug|Any CPU
		{E4D9621F-519A-4F94-97C9-EBBC0917E8BE}.Debug|x64.Build.0 = Debug|Any CPU
		{E4D9621F-519A-4F94-97C9-EBBC0917E8BE}.Debug|x86.ActiveCfg = Debug|Any CPU
		{E4D9621F-519A-4F94-97C9-EBBC0917E8BE}.Debug|x86.Build.0 = Debug|Any CPU
		{E4D9621F-519A-4F94-97C9-EBBC0917E8BE}.EasyTest|Any CPU.ActiveCfg = Release|Any CPU
		{E4D9621F-519A-4F94-97C9-EBBC0917E8BE}.EasyTest|Any CPU.Build.0 = Release|Any CPU
		{E4D9621F-519A-4F94-97C9-EBBC0917E8BE}.EasyTest|x64.ActiveCfg = Release|Any CPU
		{E4D9621F-519A-4F94-97C9-EBBC0917E8BE}.EasyTest|x64.Build.0 = Release|Any CPU
		{E4D9621F-519A-4F94-97C9-EBBC0917E8BE}.EasyTest|x86.ActiveCfg = Release|Any CPU
		{E4D9621F-519A-4F94-97C9-EBBC0917E8BE}.EasyTest|x86.Build.0 = Release|Any CPU
		{E4D9621F-519A-4F94-97C9-EBBC0917E8BE}.Release|Any CPU.ActiveCfg = Release|Any CPU
		{E4D9621F-519A-4F94-97C9-EBBC0917E8BE}.Release|Any CPU.Build.0 = Release|Any CPU
		{E4D9621F-519A-4F94-97C9-EBBC0917E8BE}.Release|x64.ActiveCfg = Release|Any CPU
		{E4D9621F-519A-4F94-97C9-EBBC0917E8BE}.Release|x64.Build.0 = Release|Any CPU
		{E4D9621F-519A-4F94-97C9-EBBC0917E8BE}.Release|x86.ActiveCfg = Release|Any CPU
		{E4D9621F-519A-4F94-97C9-EBBC0917E8BE}.Release|x86.Build.0 = Release|Any CPU
		{AAD889BB-B0BC-4F2C-9B7B-8D1A8CC4E43D}.Debug|Any CPU.ActiveCfg = Debug|Any CPU
		{AAD889BB-B0BC-4F2C-9B7B-8D1A8CC4E43D}.Debug|Any CPU.Build.0 = Debug|Any CPU
		{AAD889BB-B0BC-4F2C-9B7B-8D1A8CC4E43D}.Debug|x64.ActiveCfg = Debug|Any CPU
		{AAD889BB-B0BC-4F2C-9B7B-8D1A8CC4E43D}.Debug|x64.Build.0 = Debug|Any CPU
		{AAD889BB-B0BC-4F2C-9B7B-8D1A8CC4E43D}.Debug|x86.ActiveCfg = Debug|Any CPU
		{AAD889BB-B0BC-4F2C-9B7B-8D1A8CC4E43D}.Debug|x86.Build.0 = Debug|Any CPU
		{AAD889BB-B0BC-4F2C-9B7B-8D1A8CC4E43D}.EasyTest|Any CPU.ActiveCfg = Release|Any CPU
		{AAD889BB-B0BC-4F2C-9B7B-8D1A8CC4E43D}.EasyTest|Any CPU.Build.0 = Release|Any CPU
		{AAD889BB-B0BC-4F2C-9B7B-8D1A8CC4E43D}.EasyTest|x64.ActiveCfg = Release|Any CPU
		{AAD889BB-B0BC-4F2C-9B7B-8D1A8CC4E43D}.EasyTest|x64.Build.0 = Release|Any CPU
		{AAD889BB-B0BC-4F2C-9B7B-8D1A8CC4E43D}.EasyTest|x86.ActiveCfg = Release|Any CPU
		{AAD889BB-B0BC-4F2C-9B7B-8D1A8CC4E43D}.EasyTest|x86.Build.0 = Release|Any CPU
		{AAD889BB-B0BC-4F2C-9B7B-8D1A8CC4E43D}.Release|Any CPU.ActiveCfg = Release|Any CPU
		{AAD889BB-B0BC-4F2C-9B7B-8D1A8CC4E43D}.Release|Any CPU.Build.0 = Release|Any CPU
		{AAD889BB-B0BC-4F2C-9B7B-8D1A8CC4E43D}.Release|x64.ActiveCfg = Release|Any CPU
		{AAD889BB-B0BC-4F2C-9B7B-8D1A8CC4E43D}.Release|x64.Build.0 = Release|Any CPU
		{AAD889BB-B0BC-4F2C-9B7B-8D1A8CC4E43D}.Release|x86.ActiveCfg = Release|Any CPU
		{AAD889BB-B0BC-4F2C-9B7B-8D1A8CC4E43D}.Release|x86.Build.0 = Release|Any CPU
	EndGlobalSection
	GlobalSection(SolutionProperties) = preSolution
		HideSolutionNode = FALSE
	EndGlobalSection
	GlobalSection(NestedProjects) = preSolution
		{1D7734E8-0F8A-4BEE-813D-05D4453A4783} = {74C0E76B-38B1-4185-BA73-F016B337BC78}
		{2CE62FF7-23D7-4C81-99A6-19D8E5889668} = {1D7734E8-0F8A-4BEE-813D-05D4453A4783}
		{DD958DAD-2A51-4DC1-8472-AE925AC1C4A2} = {1D7734E8-0F8A-4BEE-813D-05D4453A4783}
		{794EB192-295B-4EDD-8956-399437FA4A5C} = {1D7734E8-0F8A-4BEE-813D-05D4453A4783}
		{1B3151BE-D295-4740-831A-B26CB2AD8712} = {1D7734E8-0F8A-4BEE-813D-05D4453A4783}
		{D707BF95-6819-475E-AAAE-B89EB7BE0A5E} = {1B3151BE-D295-4740-831A-B26CB2AD8712}
		{2E3E1BD8-2EAF-49E1-9D61-17D5CC3A207B} = {1B3151BE-D295-4740-831A-B26CB2AD8712}
		{C4841573-FA09-445D-8236-092D812A5542} = {74C0E76B-38B1-4185-BA73-F016B337BC78}
		{1AC9CD9A-51DA-4EF0-997C-71470BADF9FA} = {C4841573-FA09-445D-8236-092D812A5542}
		{361D4522-DE69-45FB-AA4B-0AE88A081983} = {1AC9CD9A-51DA-4EF0-997C-71470BADF9FA}
		{200C1578-C34F-45AB-A9A1-CA4B1FB1EC43} = {1AC9CD9A-51DA-4EF0-997C-71470BADF9FA}
		{D1DABA5F-5EA4-45AF-B8A2-650629CD1E15} = {1D7734E8-0F8A-4BEE-813D-05D4453A4783}
		{73B03CB5-5C34-4BF3-A27E-E4D76A76F635} = {D1DABA5F-5EA4-45AF-B8A2-650629CD1E15}
		{230DACB5-9303-4196-86E3-65203D773D9B} = {D1DABA5F-5EA4-45AF-B8A2-650629CD1E15}
		{3EF9D53A-4859-45A9-8804-B2A0264A7757} = {D1DABA5F-5EA4-45AF-B8A2-650629CD1E15}
		{8311EC5C-8125-42C1-B15E-029CAAC1E77A} = {C4841573-FA09-445D-8236-092D812A5542}
		{88C85084-CFBD-479F-BC44-46DF7248BF9F} = {8311EC5C-8125-42C1-B15E-029CAAC1E77A}
		{AF1B9747-DDE3-4E00-8A18-5E374CF3FD77} = {8311EC5C-8125-42C1-B15E-029CAAC1E77A}
		{CD7A5B70-30C3-4B16-AE63-83A467671B7A} = {C4841573-FA09-445D-8236-092D812A5542}
		{96807A44-E42A-42A2-9238-F17CE57404E4} = {CD7A5B70-30C3-4B16-AE63-83A467671B7A}
		{53013E00-7286-4BBC-B9A6-3BDE599C2D64} = {74C0E76B-38B1-4185-BA73-F016B337BC78}
		{EE63A3E8-83EF-45F3-BA2F-EA955B255C16} = {53013E00-7286-4BBC-B9A6-3BDE599C2D64}
		{E4D9621F-519A-4F94-97C9-EBBC0917E8BE} = {53013E00-7286-4BBC-B9A6-3BDE599C2D64}
		{AAD889BB-B0BC-4F2C-9B7B-8D1A8CC4E43D} = {53013E00-7286-4BBC-B9A6-3BDE599C2D64}
	EndGlobalSection
	GlobalSection(ExtensibilityGlobals) = postSolution
		SolutionGuid = {469CE51B-ECDA-486F-AFCD-E4CB6A371CFE}
	EndGlobalSection
EndGlobal
