
Microsoft Visual Studio Solution File, Format Version 12.00
# Visual Studio 15
VisualStudioVersion = 15.0.27130.2027
MinimumVisualStudioVersion = 10.0.40219.1
Project("{9A19103F-16F7-4668-BE54-9A1E7A4F7556}") = "Scissors.FeatureCenter.Module", "Scissors.FeatureCenter.Module\Scissors.FeatureCenter.Module.csproj", "{5F15837D-D1E5-44DC-92F0-4F2EBE9C3F8D}"
EndProject
Project("{9A19103F-16F7-4668-BE54-9A1E7A4F7556}") = "Scissors.FeatureCenter.Module.Win", "Scissors.FeatureCenter.Module.Win\Scissors.FeatureCenter.Module.Win.csproj", "{7964F87D-BC5D-4C4E-8B2F-71E89739AA97}"
EndProject
Project("{FAE04EC0-301F-11D3-BF4B-00C04F79EFBC}") = "Scissors.FeatureCenter.Win", "Scissors.FeatureCenter.Win\Scissors.FeatureCenter.Win.csproj", "{D05D93DF-312D-4D4E-B980-726871EC7833}"
EndProject
Project("{2150E333-8FDC-42A3-9474-1A3956D46DE8}") = "Modules", "Modules", "{1D7734E8-0F8A-4BEE-813D-05D4453A4783}"
EndProject
Project("{2150E333-8FDC-42A3-9474-1A3956D46DE8}") = "TokenEditor", "TokenEditor", "{B726B99E-9BC2-43F5-92A1-82F40CF0FCB5}"
EndProject
Project("{9A19103F-16F7-4668-BE54-9A1E7A4F7556}") = "Scissors.ExpressApp.TokenEditor.Win", "src\Modules\TokenEditor\Scissors.ExpressApp.TokenEditor.Win\Scissors.ExpressApp.TokenEditor.Win.csproj", "{9836DC04-4525-49AF-B261-154895A07906}"
EndProject
Project("{2150E333-8FDC-42A3-9474-1A3956D46DE8}") = ".config", ".config", "{768E0463-491C-44BC-85E2-48CDDB3087D1}"
	ProjectSection(SolutionItems) = preProject
		.editorconfig = .editorconfig
		.gitignore = .gitignore
		.global\Global.csproj = .global\Global.csproj
		.global\GlobalSuppressionsForTests.cs = .global\GlobalSuppressionsForTests.cs
	EndProjectSection
EndProject
Project("{9A19103F-16F7-4668-BE54-9A1E7A4F7556}") = "Scissors.ExpressApp", "src\Scissors.ExpressApp\Scissors.ExpressApp.csproj", "{2CE62FF7-23D7-4C81-99A6-19D8E5889668}"
EndProject
Project("{9A19103F-16F7-4668-BE54-9A1E7A4F7556}") = "Scissors.ExpressApp.Win", "src\Scissors.ExpressApp.Win\Scissors.ExpressApp.Win.csproj", "{DD958DAD-2A51-4DC1-8472-AE925AC1C4A2}"
EndProject
Project("{9A19103F-16F7-4668-BE54-9A1E7A4F7556}") = "Scissors.Xpo", "src\Scissors.Xpo\Scissors.Xpo.csproj", "{794EB192-295B-4EDD-8956-399437FA4A5C}"
EndProject
Project("{2150E333-8FDC-42A3-9474-1A3956D46DE8}") = "LabelEditor", "LabelEditor", "{1B3151BE-D295-4740-831A-B26CB2AD8712}"
EndProject
Project("{2150E333-8FDC-42A3-9474-1A3956D46DE8}") = "Application", "Application", "{01CD28D2-04F3-40AF-A112-797CDCC42E98}"
EndProject
Project("{2150E333-8FDC-42A3-9474-1A3956D46DE8}") = "Modules", "Modules", "{34B94D5E-64F0-4FD7-802C-C2D05928895C}"
EndProject
Project("{2150E333-8FDC-42A3-9474-1A3956D46DE8}") = "LabelEditorDemos", "LabelEditorDemos", "{3B70C971-B7FD-498B-A4B8-A0EC50BBDC45}"
EndProject
Project("{9A19103F-16F7-4668-BE54-9A1E7A4F7556}") = "Scissors.FeatureCenter.Modules.LabelEditorDemos.BusinessObjects", "demos\FeatureCenter\src\Modules\LabelEditorDemos\BusinessObjects\Scissors.FeatureCenter.Modules.LabelEditorDemos.BusinessObjects.csproj", "{1F9CE801-C633-4B28-A089-AC5536D1B047}"
EndProject
Project("{9A19103F-16F7-4668-BE54-9A1E7A4F7556}") = "Scissors.FeatureCenter.Modules.LabelEditorDemos", "demos\FeatureCenter\src\Modules\LabelEditorDemos\Common\Scissors.FeatureCenter.Modules.LabelEditorDemos.csproj", "{FE0C4487-711A-4D8D-94E6-C3391EAECA3C}"
EndProject
Project("{9A19103F-16F7-4668-BE54-9A1E7A4F7556}") = "Scissors.FeatureCenter.Modules.LabelEditorDemos.Win", "demos\FeatureCenter\src\Modules\LabelEditorDemos\Win\Scissors.FeatureCenter.Modules.LabelEditorDemos.Win.csproj", "{324BA4B1-0C4B-48FB-A33C-FB1554A7A744}"
EndProject
Project("{9A19103F-16F7-4668-BE54-9A1E7A4F7556}") = "Scissors.ExpressApp.LabelEditor.Contracts", "src\Modules\LabelEditor\Contracts\Scissors.ExpressApp.LabelEditor.Contracts.csproj", "{D707BF95-6819-475E-AAAE-B89EB7BE0A5E}"
EndProject
Project("{9A19103F-16F7-4668-BE54-9A1E7A4F7556}") = "Scissors.ExpressApp.LabelEditor.Win", "src\Modules\LabelEditor\Win\Scissors.ExpressApp.LabelEditor.Win.csproj", "{2E3E1BD8-2EAF-49E1-9D61-17D5CC3A207B}"
EndProject
Project("{9A19103F-16F7-4668-BE54-9A1E7A4F7556}") = "Scissors.FeatureCenter.Modules.LabelEditorDemos.Contracts", "demos\FeatureCenter\src\Modules\LabelEditorDemos\Contracts\Scissors.FeatureCenter.Modules.LabelEditorDemos.Contracts.csproj", "{D643979D-0E7C-416B-9251-3350314DA37A}"
EndProject
Project("{2150E333-8FDC-42A3-9474-1A3956D46DE8}") = "Utils", "Utils", "{C4841573-FA09-445D-8236-092D812A5542}"
EndProject
Project("{2150E333-8FDC-42A3-9474-1A3956D46DE8}") = "Utils", "Utils", "{1AC9CD9A-51DA-4EF0-997C-71470BADF9FA}"
EndProject
Project("{9A19103F-16F7-4668-BE54-9A1E7A4F7556}") = "Scissors.Utils", "src\Utils\Utils\Scissors.Utils\Scissors.Utils.csproj", "{361D4522-DE69-45FB-AA4B-0AE88A081983}"
EndProject
Project("{9A19103F-16F7-4668-BE54-9A1E7A4F7556}") = "Scissors.Utils.Tests", "src\Utils\Utils\Scissors.Utils.Tests\Scissors.Utils.Tests.csproj", "{200C1578-C34F-45AB-A9A1-CA4B1FB1EC43}"
EndProject
Project("{2150E333-8FDC-42A3-9474-1A3956D46DE8}") = "InlineEditForms", "InlineEditForms", "{D1DABA5F-5EA4-45AF-B8A2-650629CD1E15}"
EndProject
Project("{9A19103F-16F7-4668-BE54-9A1E7A4F7556}") = "Scissors.ExpressApp.InlineEditForms.Contracts", "src\Modules\InlineEditForms\Contracts\Scissors.ExpressApp.InlineEditForms.Contracts.csproj", "{73B03CB5-5C34-4BF3-A27E-E4D76A76F635}"
EndProject
Project("{9A19103F-16F7-4668-BE54-9A1E7A4F7556}") = "Scissors.ExpressApp.InlineEditForms.Win", "src\Modules\InlineEditForms\Win\Scissors.ExpressApp.InlineEditForms.Win.csproj", "{230DACB5-9303-4196-86E3-65203D773D9B}"
EndProject
Project("{9A19103F-16F7-4668-BE54-9A1E7A4F7556}") = "Scissors.ExpressApp.InlineEditForms.UITests", "src\Modules\InlineEditForms\UITests\Scissors.ExpressApp.InlineEditForms.UITests.csproj", "{3EF9D53A-4859-45A9-8804-B2A0264A7757}"
EndProject
Project("{C7167F0D-BC9F-4E6E-AFE1-012C56B48DB5}") = "Scissors.FeatureCenter.Package", "Scissors.FeatureCenter.Package\Scissors.FeatureCenter.Package.wapproj", "{89158D65-CA35-446E-B28F-C91D0B4A33A0}"
EndProject
Global
	GlobalSection(SolutionConfigurationPlatforms) = preSolution
		Debug|Any CPU = Debug|Any CPU
		Debug|x64 = Debug|x64
		Debug|x86 = Debug|x86
		EasyTest|Any CPU = EasyTest|Any CPU
		EasyTest|x64 = EasyTest|x64
		EasyTest|x86 = EasyTest|x86
		Release|Any CPU = Release|Any CPU
		Release|x64 = Release|x64
		Release|x86 = Release|x86
	EndGlobalSection
	GlobalSection(ProjectConfigurationPlatforms) = postSolution
		{5F15837D-D1E5-44DC-92F0-4F2EBE9C3F8D}.Debug|Any CPU.ActiveCfg = Debug|Any CPU
		{5F15837D-D1E5-44DC-92F0-4F2EBE9C3F8D}.Debug|Any CPU.Build.0 = Debug|Any CPU
		{5F15837D-D1E5-44DC-92F0-4F2EBE9C3F8D}.Debug|x64.ActiveCfg = Debug|Any CPU
		{5F15837D-D1E5-44DC-92F0-4F2EBE9C3F8D}.Debug|x64.Build.0 = Debug|Any CPU
		{5F15837D-D1E5-44DC-92F0-4F2EBE9C3F8D}.Debug|x86.ActiveCfg = Debug|Any CPU
		{5F15837D-D1E5-44DC-92F0-4F2EBE9C3F8D}.Debug|x86.Build.0 = Debug|Any CPU
		{5F15837D-D1E5-44DC-92F0-4F2EBE9C3F8D}.EasyTest|Any CPU.ActiveCfg = Release|Any CPU
		{5F15837D-D1E5-44DC-92F0-4F2EBE9C3F8D}.EasyTest|Any CPU.Build.0 = Release|Any CPU
		{5F15837D-D1E5-44DC-92F0-4F2EBE9C3F8D}.EasyTest|x64.ActiveCfg = Release|Any CPU
		{5F15837D-D1E5-44DC-92F0-4F2EBE9C3F8D}.EasyTest|x64.Build.0 = Release|Any CPU
		{5F15837D-D1E5-44DC-92F0-4F2EBE9C3F8D}.EasyTest|x86.ActiveCfg = Release|Any CPU
		{5F15837D-D1E5-44DC-92F0-4F2EBE9C3F8D}.EasyTest|x86.Build.0 = Release|Any CPU
		{5F15837D-D1E5-44DC-92F0-4F2EBE9C3F8D}.Release|Any CPU.ActiveCfg = Release|Any CPU
		{5F15837D-D1E5-44DC-92F0-4F2EBE9C3F8D}.Release|Any CPU.Build.0 = Release|Any CPU
		{5F15837D-D1E5-44DC-92F0-4F2EBE9C3F8D}.Release|x64.ActiveCfg = Release|Any CPU
		{5F15837D-D1E5-44DC-92F0-4F2EBE9C3F8D}.Release|x64.Build.0 = Release|Any CPU
		{5F15837D-D1E5-44DC-92F0-4F2EBE9C3F8D}.Release|x86.ActiveCfg = Release|Any CPU
		{5F15837D-D1E5-44DC-92F0-4F2EBE9C3F8D}.Release|x86.Build.0 = Release|Any CPU
		{7964F87D-BC5D-4C4E-8B2F-71E89739AA97}.Debug|Any CPU.ActiveCfg = Debug|Any CPU
		{7964F87D-BC5D-4C4E-8B2F-71E89739AA97}.Debug|Any CPU.Build.0 = Debug|Any CPU
		{7964F87D-BC5D-4C4E-8B2F-71E89739AA97}.Debug|x64.ActiveCfg = Debug|Any CPU
		{7964F87D-BC5D-4C4E-8B2F-71E89739AA97}.Debug|x64.Build.0 = Debug|Any CPU
		{7964F87D-BC5D-4C4E-8B2F-71E89739AA97}.Debug|x86.ActiveCfg = Debug|Any CPU
		{7964F87D-BC5D-4C4E-8B2F-71E89739AA97}.Debug|x86.Build.0 = Debug|Any CPU
		{7964F87D-BC5D-4C4E-8B2F-71E89739AA97}.EasyTest|Any CPU.ActiveCfg = Release|Any CPU
		{7964F87D-BC5D-4C4E-8B2F-71E89739AA97}.EasyTest|Any CPU.Build.0 = Release|Any CPU
		{7964F87D-BC5D-4C4E-8B2F-71E89739AA97}.EasyTest|x64.ActiveCfg = Release|Any CPU
		{7964F87D-BC5D-4C4E-8B2F-71E89739AA97}.EasyTest|x64.Build.0 = Release|Any CPU
		{7964F87D-BC5D-4C4E-8B2F-71E89739AA97}.EasyTest|x86.ActiveCfg = Release|Any CPU
		{7964F87D-BC5D-4C4E-8B2F-71E89739AA97}.EasyTest|x86.Build.0 = Release|Any CPU
		{7964F87D-BC5D-4C4E-8B2F-71E89739AA97}.Release|Any CPU.ActiveCfg = Release|Any CPU
		{7964F87D-BC5D-4C4E-8B2F-71E89739AA97}.Release|Any CPU.Build.0 = Release|Any CPU
		{7964F87D-BC5D-4C4E-8B2F-71E89739AA97}.Release|x64.ActiveCfg = Release|Any CPU
		{7964F87D-BC5D-4C4E-8B2F-71E89739AA97}.Release|x64.Build.0 = Release|Any CPU
		{7964F87D-BC5D-4C4E-8B2F-71E89739AA97}.Release|x86.ActiveCfg = Release|Any CPU
		{7964F87D-BC5D-4C4E-8B2F-71E89739AA97}.Release|x86.Build.0 = Release|Any CPU
		{D05D93DF-312D-4D4E-B980-726871EC7833}.Debug|Any CPU.ActiveCfg = Debug|Any CPU
		{D05D93DF-312D-4D4E-B980-726871EC7833}.Debug|Any CPU.Build.0 = Debug|Any CPU
		{D05D93DF-312D-4D4E-B980-726871EC7833}.Debug|x64.ActiveCfg = Debug|Any CPU
		{D05D93DF-312D-4D4E-B980-726871EC7833}.Debug|x64.Build.0 = Debug|Any CPU
		{D05D93DF-312D-4D4E-B980-726871EC7833}.Debug|x86.ActiveCfg = Debug|Any CPU
		{D05D93DF-312D-4D4E-B980-726871EC7833}.Debug|x86.Build.0 = Debug|Any CPU
		{D05D93DF-312D-4D4E-B980-726871EC7833}.EasyTest|Any CPU.ActiveCfg = Release|Any CPU
		{D05D93DF-312D-4D4E-B980-726871EC7833}.EasyTest|Any CPU.Build.0 = Release|Any CPU
		{D05D93DF-312D-4D4E-B980-726871EC7833}.EasyTest|x64.ActiveCfg = EasyTest|Any CPU
		{D05D93DF-312D-4D4E-B980-726871EC7833}.EasyTest|x64.Build.0 = EasyTest|Any CPU
		{D05D93DF-312D-4D4E-B980-726871EC7833}.EasyTest|x86.ActiveCfg = EasyTest|Any CPU
		{D05D93DF-312D-4D4E-B980-726871EC7833}.EasyTest|x86.Build.0 = EasyTest|Any CPU
		{D05D93DF-312D-4D4E-B980-726871EC7833}.Release|Any CPU.ActiveCfg = Release|Any CPU
		{D05D93DF-312D-4D4E-B980-726871EC7833}.Release|Any CPU.Build.0 = Release|Any CPU
		{D05D93DF-312D-4D4E-B980-726871EC7833}.Release|x64.ActiveCfg = Release|Any CPU
		{D05D93DF-312D-4D4E-B980-726871EC7833}.Release|x64.Build.0 = Release|Any CPU
		{D05D93DF-312D-4D4E-B980-726871EC7833}.Release|x86.ActiveCfg = Release|Any CPU
		{D05D93DF-312D-4D4E-B980-726871EC7833}.Release|x86.Build.0 = Release|Any CPU
		{9836DC04-4525-49AF-B261-154895A07906}.Debug|Any CPU.ActiveCfg = Debug|Any CPU
		{9836DC04-4525-49AF-B261-154895A07906}.Debug|Any CPU.Build.0 = Debug|Any CPU
		{9836DC04-4525-49AF-B261-154895A07906}.Debug|x64.ActiveCfg = Debug|Any CPU
		{9836DC04-4525-49AF-B261-154895A07906}.Debug|x64.Build.0 = Debug|Any CPU
		{9836DC04-4525-49AF-B261-154895A07906}.Debug|x86.ActiveCfg = Debug|Any CPU
		{9836DC04-4525-49AF-B261-154895A07906}.Debug|x86.Build.0 = Debug|Any CPU
		{9836DC04-4525-49AF-B261-154895A07906}.EasyTest|Any CPU.ActiveCfg = Debug|Any CPU
		{9836DC04-4525-49AF-B261-154895A07906}.EasyTest|Any CPU.Build.0 = Debug|Any CPU
		{9836DC04-4525-49AF-B261-154895A07906}.EasyTest|x64.ActiveCfg = Release|Any CPU
		{9836DC04-4525-49AF-B261-154895A07906}.EasyTest|x64.Build.0 = Release|Any CPU
		{9836DC04-4525-49AF-B261-154895A07906}.EasyTest|x86.ActiveCfg = Release|Any CPU
		{9836DC04-4525-49AF-B261-154895A07906}.EasyTest|x86.Build.0 = Release|Any CPU
		{9836DC04-4525-49AF-B261-154895A07906}.Release|Any CPU.ActiveCfg = Release|Any CPU
		{9836DC04-4525-49AF-B261-154895A07906}.Release|Any CPU.Build.0 = Release|Any CPU
		{9836DC04-4525-49AF-B261-154895A07906}.Release|x64.ActiveCfg = Release|Any CPU
		{9836DC04-4525-49AF-B261-154895A07906}.Release|x64.Build.0 = Release|Any CPU
		{9836DC04-4525-49AF-B261-154895A07906}.Release|x86.ActiveCfg = Release|Any CPU
		{9836DC04-4525-49AF-B261-154895A07906}.Release|x86.Build.0 = Release|Any CPU
		{2CE62FF7-23D7-4C81-99A6-19D8E5889668}.Debug|Any CPU.ActiveCfg = Debug|Any CPU
		{2CE62FF7-23D7-4C81-99A6-19D8E5889668}.Debug|Any CPU.Build.0 = Debug|Any CPU
		{2CE62FF7-23D7-4C81-99A6-19D8E5889668}.Debug|x64.ActiveCfg = Debug|Any CPU
		{2CE62FF7-23D7-4C81-99A6-19D8E5889668}.Debug|x64.Build.0 = Debug|Any CPU
		{2CE62FF7-23D7-4C81-99A6-19D8E5889668}.Debug|x86.ActiveCfg = Debug|Any CPU
		{2CE62FF7-23D7-4C81-99A6-19D8E5889668}.Debug|x86.Build.0 = Debug|Any CPU
		{2CE62FF7-23D7-4C81-99A6-19D8E5889668}.EasyTest|Any CPU.ActiveCfg = Debug|Any CPU
		{2CE62FF7-23D7-4C81-99A6-19D8E5889668}.EasyTest|Any CPU.Build.0 = Debug|Any CPU
		{2CE62FF7-23D7-4C81-99A6-19D8E5889668}.EasyTest|x64.ActiveCfg = Release|Any CPU
		{2CE62FF7-23D7-4C81-99A6-19D8E5889668}.EasyTest|x64.Build.0 = Release|Any CPU
		{2CE62FF7-23D7-4C81-99A6-19D8E5889668}.EasyTest|x86.ActiveCfg = Release|Any CPU
		{2CE62FF7-23D7-4C81-99A6-19D8E5889668}.EasyTest|x86.Build.0 = Release|Any CPU
		{2CE62FF7-23D7-4C81-99A6-19D8E5889668}.Release|Any CPU.ActiveCfg = Release|Any CPU
		{2CE62FF7-23D7-4C81-99A6-19D8E5889668}.Release|Any CPU.Build.0 = Release|Any CPU
		{2CE62FF7-23D7-4C81-99A6-19D8E5889668}.Release|x64.ActiveCfg = Release|Any CPU
		{2CE62FF7-23D7-4C81-99A6-19D8E5889668}.Release|x64.Build.0 = Release|Any CPU
		{2CE62FF7-23D7-4C81-99A6-19D8E5889668}.Release|x86.ActiveCfg = Release|Any CPU
		{2CE62FF7-23D7-4C81-99A6-19D8E5889668}.Release|x86.Build.0 = Release|Any CPU
		{DD958DAD-2A51-4DC1-8472-AE925AC1C4A2}.Debug|Any CPU.ActiveCfg = Debug|Any CPU
		{DD958DAD-2A51-4DC1-8472-AE925AC1C4A2}.Debug|Any CPU.Build.0 = Debug|Any CPU
		{DD958DAD-2A51-4DC1-8472-AE925AC1C4A2}.Debug|x64.ActiveCfg = Debug|Any CPU
		{DD958DAD-2A51-4DC1-8472-AE925AC1C4A2}.Debug|x64.Build.0 = Debug|Any CPU
		{DD958DAD-2A51-4DC1-8472-AE925AC1C4A2}.Debug|x86.ActiveCfg = Debug|Any CPU
		{DD958DAD-2A51-4DC1-8472-AE925AC1C4A2}.Debug|x86.Build.0 = Debug|Any CPU
		{DD958DAD-2A51-4DC1-8472-AE925AC1C4A2}.EasyTest|Any CPU.ActiveCfg = Debug|Any CPU
		{DD958DAD-2A51-4DC1-8472-AE925AC1C4A2}.EasyTest|Any CPU.Build.0 = Debug|Any CPU
		{DD958DAD-2A51-4DC1-8472-AE925AC1C4A2}.EasyTest|x64.ActiveCfg = Release|Any CPU
		{DD958DAD-2A51-4DC1-8472-AE925AC1C4A2}.EasyTest|x64.Build.0 = Release|Any CPU
		{DD958DAD-2A51-4DC1-8472-AE925AC1C4A2}.EasyTest|x86.ActiveCfg = Release|Any CPU
		{DD958DAD-2A51-4DC1-8472-AE925AC1C4A2}.EasyTest|x86.Build.0 = Release|Any CPU
		{DD958DAD-2A51-4DC1-8472-AE925AC1C4A2}.Release|Any CPU.ActiveCfg = Release|Any CPU
		{DD958DAD-2A51-4DC1-8472-AE925AC1C4A2}.Release|Any CPU.Build.0 = Release|Any CPU
		{DD958DAD-2A51-4DC1-8472-AE925AC1C4A2}.Release|x64.ActiveCfg = Release|Any CPU
		{DD958DAD-2A51-4DC1-8472-AE925AC1C4A2}.Release|x64.Build.0 = Release|Any CPU
		{DD958DAD-2A51-4DC1-8472-AE925AC1C4A2}.Release|x86.ActiveCfg = Release|Any CPU
		{DD958DAD-2A51-4DC1-8472-AE925AC1C4A2}.Release|x86.Build.0 = Release|Any CPU
		{794EB192-295B-4EDD-8956-399437FA4A5C}.Debug|Any CPU.ActiveCfg = Debug|Any CPU
		{794EB192-295B-4EDD-8956-399437FA4A5C}.Debug|Any CPU.Build.0 = Debug|Any CPU
		{794EB192-295B-4EDD-8956-399437FA4A5C}.Debug|x64.ActiveCfg = Debug|Any CPU
		{794EB192-295B-4EDD-8956-399437FA4A5C}.Debug|x64.Build.0 = Debug|Any CPU
		{794EB192-295B-4EDD-8956-399437FA4A5C}.Debug|x86.ActiveCfg = Debug|Any CPU
		{794EB192-295B-4EDD-8956-399437FA4A5C}.Debug|x86.Build.0 = Debug|Any CPU
		{794EB192-295B-4EDD-8956-399437FA4A5C}.EasyTest|Any CPU.ActiveCfg = Debug|Any CPU
		{794EB192-295B-4EDD-8956-399437FA4A5C}.EasyTest|Any CPU.Build.0 = Debug|Any CPU
		{794EB192-295B-4EDD-8956-399437FA4A5C}.EasyTest|x64.ActiveCfg = Release|Any CPU
		{794EB192-295B-4EDD-8956-399437FA4A5C}.EasyTest|x64.Build.0 = Release|Any CPU
		{794EB192-295B-4EDD-8956-399437FA4A5C}.EasyTest|x86.ActiveCfg = Release|Any CPU
		{794EB192-295B-4EDD-8956-399437FA4A5C}.EasyTest|x86.Build.0 = Release|Any CPU
		{794EB192-295B-4EDD-8956-399437FA4A5C}.Release|Any CPU.ActiveCfg = Release|Any CPU
		{794EB192-295B-4EDD-8956-399437FA4A5C}.Release|Any CPU.Build.0 = Release|Any CPU
		{794EB192-295B-4EDD-8956-399437FA4A5C}.Release|x64.ActiveCfg = Release|Any CPU
		{794EB192-295B-4EDD-8956-399437FA4A5C}.Release|x64.Build.0 = Release|Any CPU
		{794EB192-295B-4EDD-8956-399437FA4A5C}.Release|x86.ActiveCfg = Release|Any CPU
		{794EB192-295B-4EDD-8956-399437FA4A5C}.Release|x86.Build.0 = Release|Any CPU
		{1F9CE801-C633-4B28-A089-AC5536D1B047}.Debug|Any CPU.ActiveCfg = Debug|Any CPU
		{1F9CE801-C633-4B28-A089-AC5536D1B047}.Debug|Any CPU.Build.0 = Debug|Any CPU
		{1F9CE801-C633-4B28-A089-AC5536D1B047}.Debug|x64.ActiveCfg = Debug|Any CPU
		{1F9CE801-C633-4B28-A089-AC5536D1B047}.Debug|x64.Build.0 = Debug|Any CPU
		{1F9CE801-C633-4B28-A089-AC5536D1B047}.Debug|x86.ActiveCfg = Debug|Any CPU
		{1F9CE801-C633-4B28-A089-AC5536D1B047}.Debug|x86.Build.0 = Debug|Any CPU
		{1F9CE801-C633-4B28-A089-AC5536D1B047}.EasyTest|Any CPU.ActiveCfg = Debug|Any CPU
		{1F9CE801-C633-4B28-A089-AC5536D1B047}.EasyTest|Any CPU.Build.0 = Debug|Any CPU
		{1F9CE801-C633-4B28-A089-AC5536D1B047}.EasyTest|x64.ActiveCfg = Release|Any CPU
		{1F9CE801-C633-4B28-A089-AC5536D1B047}.EasyTest|x64.Build.0 = Release|Any CPU
		{1F9CE801-C633-4B28-A089-AC5536D1B047}.EasyTest|x86.ActiveCfg = Release|Any CPU
		{1F9CE801-C633-4B28-A089-AC5536D1B047}.EasyTest|x86.Build.0 = Release|Any CPU
		{1F9CE801-C633-4B28-A089-AC5536D1B047}.Release|Any CPU.ActiveCfg = Release|Any CPU
		{1F9CE801-C633-4B28-A089-AC5536D1B047}.Release|Any CPU.Build.0 = Release|Any CPU
		{1F9CE801-C633-4B28-A089-AC5536D1B047}.Release|x64.ActiveCfg = Release|Any CPU
		{1F9CE801-C633-4B28-A089-AC5536D1B047}.Release|x64.Build.0 = Release|Any CPU
		{1F9CE801-C633-4B28-A089-AC5536D1B047}.Release|x86.ActiveCfg = Release|Any CPU
		{1F9CE801-C633-4B28-A089-AC5536D1B047}.Release|x86.Build.0 = Release|Any CPU
		{FE0C4487-711A-4D8D-94E6-C3391EAECA3C}.Debug|Any CPU.ActiveCfg = Debug|Any CPU
		{FE0C4487-711A-4D8D-94E6-C3391EAECA3C}.Debug|Any CPU.Build.0 = Debug|Any CPU
		{FE0C4487-711A-4D8D-94E6-C3391EAECA3C}.Debug|x64.ActiveCfg = Debug|Any CPU
		{FE0C4487-711A-4D8D-94E6-C3391EAECA3C}.Debug|x64.Build.0 = Debug|Any CPU
		{FE0C4487-711A-4D8D-94E6-C3391EAECA3C}.Debug|x86.ActiveCfg = Debug|Any CPU
		{FE0C4487-711A-4D8D-94E6-C3391EAECA3C}.Debug|x86.Build.0 = Debug|Any CPU
		{FE0C4487-711A-4D8D-94E6-C3391EAECA3C}.EasyTest|Any CPU.ActiveCfg = Debug|Any CPU
		{FE0C4487-711A-4D8D-94E6-C3391EAECA3C}.EasyTest|Any CPU.Build.0 = Debug|Any CPU
		{FE0C4487-711A-4D8D-94E6-C3391EAECA3C}.EasyTest|x64.ActiveCfg = Release|Any CPU
		{FE0C4487-711A-4D8D-94E6-C3391EAECA3C}.EasyTest|x64.Build.0 = Release|Any CPU
		{FE0C4487-711A-4D8D-94E6-C3391EAECA3C}.EasyTest|x86.ActiveCfg = Release|Any CPU
		{FE0C4487-711A-4D8D-94E6-C3391EAECA3C}.EasyTest|x86.Build.0 = Release|Any CPU
		{FE0C4487-711A-4D8D-94E6-C3391EAECA3C}.Release|Any CPU.ActiveCfg = Release|Any CPU
		{FE0C4487-711A-4D8D-94E6-C3391EAECA3C}.Release|Any CPU.Build.0 = Release|Any CPU
		{FE0C4487-711A-4D8D-94E6-C3391EAECA3C}.Release|x64.ActiveCfg = Release|Any CPU
		{FE0C4487-711A-4D8D-94E6-C3391EAECA3C}.Release|x64.Build.0 = Release|Any CPU
		{FE0C4487-711A-4D8D-94E6-C3391EAECA3C}.Release|x86.ActiveCfg = Release|Any CPU
		{FE0C4487-711A-4D8D-94E6-C3391EAECA3C}.Release|x86.Build.0 = Release|Any CPU
		{324BA4B1-0C4B-48FB-A33C-FB1554A7A744}.Debug|Any CPU.ActiveCfg = Debug|Any CPU
		{324BA4B1-0C4B-48FB-A33C-FB1554A7A744}.Debug|Any CPU.Build.0 = Debug|Any CPU
		{324BA4B1-0C4B-48FB-A33C-FB1554A7A744}.Debug|x64.ActiveCfg = Debug|Any CPU
		{324BA4B1-0C4B-48FB-A33C-FB1554A7A744}.Debug|x64.Build.0 = Debug|Any CPU
		{324BA4B1-0C4B-48FB-A33C-FB1554A7A744}.Debug|x86.ActiveCfg = Debug|Any CPU
		{324BA4B1-0C4B-48FB-A33C-FB1554A7A744}.Debug|x86.Build.0 = Debug|Any CPU
		{324BA4B1-0C4B-48FB-A33C-FB1554A7A744}.EasyTest|Any CPU.ActiveCfg = Debug|Any CPU
		{324BA4B1-0C4B-48FB-A33C-FB1554A7A744}.EasyTest|Any CPU.Build.0 = Debug|Any CPU
		{324BA4B1-0C4B-48FB-A33C-FB1554A7A744}.EasyTest|x64.ActiveCfg = Release|Any CPU
		{324BA4B1-0C4B-48FB-A33C-FB1554A7A744}.EasyTest|x64.Build.0 = Release|Any CPU
		{324BA4B1-0C4B-48FB-A33C-FB1554A7A744}.EasyTest|x86.ActiveCfg = Release|Any CPU
		{324BA4B1-0C4B-48FB-A33C-FB1554A7A744}.EasyTest|x86.Build.0 = Release|Any CPU
		{324BA4B1-0C4B-48FB-A33C-FB1554A7A744}.Release|Any CPU.ActiveCfg = Release|Any CPU
		{324BA4B1-0C4B-48FB-A33C-FB1554A7A744}.Release|Any CPU.Build.0 = Release|Any CPU
		{324BA4B1-0C4B-48FB-A33C-FB1554A7A744}.Release|x64.ActiveCfg = Release|Any CPU
		{324BA4B1-0C4B-48FB-A33C-FB1554A7A744}.Release|x64.Build.0 = Release|Any CPU
		{324BA4B1-0C4B-48FB-A33C-FB1554A7A744}.Release|x86.ActiveCfg = Release|Any CPU
		{324BA4B1-0C4B-48FB-A33C-FB1554A7A744}.Release|x86.Build.0 = Release|Any CPU
		{D707BF95-6819-475E-AAAE-B89EB7BE0A5E}.Debug|Any CPU.ActiveCfg = Debug|Any CPU
		{D707BF95-6819-475E-AAAE-B89EB7BE0A5E}.Debug|Any CPU.Build.0 = Debug|Any CPU
		{D707BF95-6819-475E-AAAE-B89EB7BE0A5E}.Debug|x64.ActiveCfg = Debug|Any CPU
		{D707BF95-6819-475E-AAAE-B89EB7BE0A5E}.Debug|x64.Build.0 = Debug|Any CPU
		{D707BF95-6819-475E-AAAE-B89EB7BE0A5E}.Debug|x86.ActiveCfg = Debug|Any CPU
		{D707BF95-6819-475E-AAAE-B89EB7BE0A5E}.Debug|x86.Build.0 = Debug|Any CPU
		{D707BF95-6819-475E-AAAE-B89EB7BE0A5E}.EasyTest|Any CPU.ActiveCfg = Debug|Any CPU
		{D707BF95-6819-475E-AAAE-B89EB7BE0A5E}.EasyTest|Any CPU.Build.0 = Debug|Any CPU
		{D707BF95-6819-475E-AAAE-B89EB7BE0A5E}.EasyTest|x64.ActiveCfg = Release|Any CPU
		{D707BF95-6819-475E-AAAE-B89EB7BE0A5E}.EasyTest|x64.Build.0 = Release|Any CPU
		{D707BF95-6819-475E-AAAE-B89EB7BE0A5E}.EasyTest|x86.ActiveCfg = Release|Any CPU
		{D707BF95-6819-475E-AAAE-B89EB7BE0A5E}.EasyTest|x86.Build.0 = Release|Any CPU
		{D707BF95-6819-475E-AAAE-B89EB7BE0A5E}.Release|Any CPU.ActiveCfg = Release|Any CPU
		{D707BF95-6819-475E-AAAE-B89EB7BE0A5E}.Release|Any CPU.Build.0 = Release|Any CPU
		{D707BF95-6819-475E-AAAE-B89EB7BE0A5E}.Release|x64.ActiveCfg = Release|Any CPU
		{D707BF95-6819-475E-AAAE-B89EB7BE0A5E}.Release|x64.Build.0 = Release|Any CPU
		{D707BF95-6819-475E-AAAE-B89EB7BE0A5E}.Release|x86.ActiveCfg = Release|Any CPU
		{D707BF95-6819-475E-AAAE-B89EB7BE0A5E}.Release|x86.Build.0 = Release|Any CPU
		{2E3E1BD8-2EAF-49E1-9D61-17D5CC3A207B}.Debug|Any CPU.ActiveCfg = Debug|Any CPU
		{2E3E1BD8-2EAF-49E1-9D61-17D5CC3A207B}.Debug|Any CPU.Build.0 = Debug|Any CPU
		{2E3E1BD8-2EAF-49E1-9D61-17D5CC3A207B}.Debug|x64.ActiveCfg = Debug|Any CPU
		{2E3E1BD8-2EAF-49E1-9D61-17D5CC3A207B}.Debug|x64.Build.0 = Debug|Any CPU
		{2E3E1BD8-2EAF-49E1-9D61-17D5CC3A207B}.Debug|x86.ActiveCfg = Debug|Any CPU
		{2E3E1BD8-2EAF-49E1-9D61-17D5CC3A207B}.Debug|x86.Build.0 = Debug|Any CPU
		{2E3E1BD8-2EAF-49E1-9D61-17D5CC3A207B}.EasyTest|Any CPU.ActiveCfg = Debug|Any CPU
		{2E3E1BD8-2EAF-49E1-9D61-17D5CC3A207B}.EasyTest|Any CPU.Build.0 = Debug|Any CPU
		{2E3E1BD8-2EAF-49E1-9D61-17D5CC3A207B}.EasyTest|x64.ActiveCfg = Release|Any CPU
		{2E3E1BD8-2EAF-49E1-9D61-17D5CC3A207B}.EasyTest|x64.Build.0 = Release|Any CPU
		{2E3E1BD8-2EAF-49E1-9D61-17D5CC3A207B}.EasyTest|x86.ActiveCfg = Release|Any CPU
		{2E3E1BD8-2EAF-49E1-9D61-17D5CC3A207B}.EasyTest|x86.Build.0 = Release|Any CPU
		{2E3E1BD8-2EAF-49E1-9D61-17D5CC3A207B}.Release|Any CPU.ActiveCfg = Release|Any CPU
		{2E3E1BD8-2EAF-49E1-9D61-17D5CC3A207B}.Release|Any CPU.Build.0 = Release|Any CPU
		{2E3E1BD8-2EAF-49E1-9D61-17D5CC3A207B}.Release|x64.ActiveCfg = Release|Any CPU
		{2E3E1BD8-2EAF-49E1-9D61-17D5CC3A207B}.Release|x64.Build.0 = Release|Any CPU
		{2E3E1BD8-2EAF-49E1-9D61-17D5CC3A207B}.Release|x86.ActiveCfg = Release|Any CPU
		{2E3E1BD8-2EAF-49E1-9D61-17D5CC3A207B}.Release|x86.Build.0 = Release|Any CPU
		{D643979D-0E7C-416B-9251-3350314DA37A}.Debug|Any CPU.ActiveCfg = Debug|Any CPU
		{D643979D-0E7C-416B-9251-3350314DA37A}.Debug|Any CPU.Build.0 = Debug|Any CPU
		{D643979D-0E7C-416B-9251-3350314DA37A}.Debug|x64.ActiveCfg = Debug|Any CPU
		{D643979D-0E7C-416B-9251-3350314DA37A}.Debug|x64.Build.0 = Debug|Any CPU
		{D643979D-0E7C-416B-9251-3350314DA37A}.Debug|x86.ActiveCfg = Debug|Any CPU
		{D643979D-0E7C-416B-9251-3350314DA37A}.Debug|x86.Build.0 = Debug|Any CPU
		{D643979D-0E7C-416B-9251-3350314DA37A}.EasyTest|Any CPU.ActiveCfg = Debug|Any CPU
		{D643979D-0E7C-416B-9251-3350314DA37A}.EasyTest|Any CPU.Build.0 = Debug|Any CPU
		{D643979D-0E7C-416B-9251-3350314DA37A}.EasyTest|x64.ActiveCfg = Release|Any CPU
		{D643979D-0E7C-416B-9251-3350314DA37A}.EasyTest|x64.Build.0 = Release|Any CPU
		{D643979D-0E7C-416B-9251-3350314DA37A}.EasyTest|x86.ActiveCfg = Release|Any CPU
		{D643979D-0E7C-416B-9251-3350314DA37A}.EasyTest|x86.Build.0 = Release|Any CPU
		{D643979D-0E7C-416B-9251-3350314DA37A}.Release|Any CPU.ActiveCfg = Release|Any CPU
		{D643979D-0E7C-416B-9251-3350314DA37A}.Release|Any CPU.Build.0 = Release|Any CPU
		{D643979D-0E7C-416B-9251-3350314DA37A}.Release|x64.ActiveCfg = Release|Any CPU
		{D643979D-0E7C-416B-9251-3350314DA37A}.Release|x64.Build.0 = Release|Any CPU
		{D643979D-0E7C-416B-9251-3350314DA37A}.Release|x86.ActiveCfg = Release|Any CPU
		{D643979D-0E7C-416B-9251-3350314DA37A}.Release|x86.Build.0 = Release|Any CPU
		{361D4522-DE69-45FB-AA4B-0AE88A081983}.Debug|Any CPU.ActiveCfg = Debug|Any CPU
		{361D4522-DE69-45FB-AA4B-0AE88A081983}.Debug|Any CPU.Build.0 = Debug|Any CPU
		{361D4522-DE69-45FB-AA4B-0AE88A081983}.Debug|x64.ActiveCfg = Debug|Any CPU
		{361D4522-DE69-45FB-AA4B-0AE88A081983}.Debug|x64.Build.0 = Debug|Any CPU
		{361D4522-DE69-45FB-AA4B-0AE88A081983}.Debug|x86.ActiveCfg = Debug|Any CPU
		{361D4522-DE69-45FB-AA4B-0AE88A081983}.Debug|x86.Build.0 = Debug|Any CPU
		{361D4522-DE69-45FB-AA4B-0AE88A081983}.EasyTest|Any CPU.ActiveCfg = Debug|Any CPU
		{361D4522-DE69-45FB-AA4B-0AE88A081983}.EasyTest|Any CPU.Build.0 = Debug|Any CPU
		{361D4522-DE69-45FB-AA4B-0AE88A081983}.EasyTest|x64.ActiveCfg = Release|Any CPU
		{361D4522-DE69-45FB-AA4B-0AE88A081983}.EasyTest|x64.Build.0 = Release|Any CPU
		{361D4522-DE69-45FB-AA4B-0AE88A081983}.EasyTest|x86.ActiveCfg = Release|Any CPU
		{361D4522-DE69-45FB-AA4B-0AE88A081983}.EasyTest|x86.Build.0 = Release|Any CPU
		{361D4522-DE69-45FB-AA4B-0AE88A081983}.Release|Any CPU.ActiveCfg = Release|Any CPU
		{361D4522-DE69-45FB-AA4B-0AE88A081983}.Release|Any CPU.Build.0 = Release|Any CPU
		{361D4522-DE69-45FB-AA4B-0AE88A081983}.Release|x64.ActiveCfg = Release|Any CPU
		{361D4522-DE69-45FB-AA4B-0AE88A081983}.Release|x64.Build.0 = Release|Any CPU
		{361D4522-DE69-45FB-AA4B-0AE88A081983}.Release|x86.ActiveCfg = Release|Any CPU
		{361D4522-DE69-45FB-AA4B-0AE88A081983}.Release|x86.Build.0 = Release|Any CPU
		{200C1578-C34F-45AB-A9A1-CA4B1FB1EC43}.Debug|Any CPU.ActiveCfg = Debug|Any CPU
		{200C1578-C34F-45AB-A9A1-CA4B1FB1EC43}.Debug|Any CPU.Build.0 = Debug|Any CPU
		{200C1578-C34F-45AB-A9A1-CA4B1FB1EC43}.Debug|x64.ActiveCfg = Debug|Any CPU
		{200C1578-C34F-45AB-A9A1-CA4B1FB1EC43}.Debug|x64.Build.0 = Debug|Any CPU
		{200C1578-C34F-45AB-A9A1-CA4B1FB1EC43}.Debug|x86.ActiveCfg = Debug|Any CPU
		{200C1578-C34F-45AB-A9A1-CA4B1FB1EC43}.Debug|x86.Build.0 = Debug|Any CPU
		{200C1578-C34F-45AB-A9A1-CA4B1FB1EC43}.EasyTest|Any CPU.ActiveCfg = Debug|Any CPU
		{200C1578-C34F-45AB-A9A1-CA4B1FB1EC43}.EasyTest|Any CPU.Build.0 = Debug|Any CPU
		{200C1578-C34F-45AB-A9A1-CA4B1FB1EC43}.EasyTest|x64.ActiveCfg = Release|Any CPU
		{200C1578-C34F-45AB-A9A1-CA4B1FB1EC43}.EasyTest|x64.Build.0 = Release|Any CPU
		{200C1578-C34F-45AB-A9A1-CA4B1FB1EC43}.EasyTest|x86.ActiveCfg = Release|Any CPU
		{200C1578-C34F-45AB-A9A1-CA4B1FB1EC43}.EasyTest|x86.Build.0 = Release|Any CPU
		{200C1578-C34F-45AB-A9A1-CA4B1FB1EC43}.Release|Any CPU.ActiveCfg = Release|Any CPU
		{200C1578-C34F-45AB-A9A1-CA4B1FB1EC43}.Release|Any CPU.Build.0 = Release|Any CPU
		{200C1578-C34F-45AB-A9A1-CA4B1FB1EC43}.Release|x64.ActiveCfg = Release|Any CPU
		{200C1578-C34F-45AB-A9A1-CA4B1FB1EC43}.Release|x64.Build.0 = Release|Any CPU
		{200C1578-C34F-45AB-A9A1-CA4B1FB1EC43}.Release|x86.ActiveCfg = Release|Any CPU
		{200C1578-C34F-45AB-A9A1-CA4B1FB1EC43}.Release|x86.Build.0 = Release|Any CPU
		{73B03CB5-5C34-4BF3-A27E-E4D76A76F635}.Debug|Any CPU.ActiveCfg = Debug|Any CPU
		{73B03CB5-5C34-4BF3-A27E-E4D76A76F635}.Debug|Any CPU.Build.0 = Debug|Any CPU
		{73B03CB5-5C34-4BF3-A27E-E4D76A76F635}.Debug|x64.ActiveCfg = Debug|Any CPU
		{73B03CB5-5C34-4BF3-A27E-E4D76A76F635}.Debug|x64.Build.0 = Debug|Any CPU
		{73B03CB5-5C34-4BF3-A27E-E4D76A76F635}.Debug|x86.ActiveCfg = Debug|Any CPU
		{73B03CB5-5C34-4BF3-A27E-E4D76A76F635}.Debug|x86.Build.0 = Debug|Any CPU
		{73B03CB5-5C34-4BF3-A27E-E4D76A76F635}.EasyTest|Any CPU.ActiveCfg = Debug|Any CPU
		{73B03CB5-5C34-4BF3-A27E-E4D76A76F635}.EasyTest|Any CPU.Build.0 = Debug|Any CPU
		{73B03CB5-5C34-4BF3-A27E-E4D76A76F635}.EasyTest|x64.ActiveCfg = Release|Any CPU
		{73B03CB5-5C34-4BF3-A27E-E4D76A76F635}.EasyTest|x64.Build.0 = Release|Any CPU
		{73B03CB5-5C34-4BF3-A27E-E4D76A76F635}.EasyTest|x86.ActiveCfg = Release|Any CPU
		{73B03CB5-5C34-4BF3-A27E-E4D76A76F635}.EasyTest|x86.Build.0 = Release|Any CPU
		{73B03CB5-5C34-4BF3-A27E-E4D76A76F635}.Release|Any CPU.ActiveCfg = Release|Any CPU
		{73B03CB5-5C34-4BF3-A27E-E4D76A76F635}.Release|Any CPU.Build.0 = Release|Any CPU
		{73B03CB5-5C34-4BF3-A27E-E4D76A76F635}.Release|x64.ActiveCfg = Release|Any CPU
		{73B03CB5-5C34-4BF3-A27E-E4D76A76F635}.Release|x64.Build.0 = Release|Any CPU
		{73B03CB5-5C34-4BF3-A27E-E4D76A76F635}.Release|x86.ActiveCfg = Release|Any CPU
		{73B03CB5-5C34-4BF3-A27E-E4D76A76F635}.Release|x86.Build.0 = Release|Any CPU
		{230DACB5-9303-4196-86E3-65203D773D9B}.Debug|Any CPU.ActiveCfg = Debug|Any CPU
		{230DACB5-9303-4196-86E3-65203D773D9B}.Debug|Any CPU.Build.0 = Debug|Any CPU
		{230DACB5-9303-4196-86E3-65203D773D9B}.Debug|x64.ActiveCfg = Debug|Any CPU
		{230DACB5-9303-4196-86E3-65203D773D9B}.Debug|x64.Build.0 = Debug|Any CPU
		{230DACB5-9303-4196-86E3-65203D773D9B}.Debug|x86.ActiveCfg = Debug|Any CPU
		{230DACB5-9303-4196-86E3-65203D773D9B}.Debug|x86.Build.0 = Debug|Any CPU
		{230DACB5-9303-4196-86E3-65203D773D9B}.EasyTest|Any CPU.ActiveCfg = Debug|Any CPU
		{230DACB5-9303-4196-86E3-65203D773D9B}.EasyTest|Any CPU.Build.0 = Debug|Any CPU
		{230DACB5-9303-4196-86E3-65203D773D9B}.EasyTest|x64.ActiveCfg = Release|Any CPU
		{230DACB5-9303-4196-86E3-65203D773D9B}.EasyTest|x64.Build.0 = Release|Any CPU
		{230DACB5-9303-4196-86E3-65203D773D9B}.EasyTest|x86.ActiveCfg = Release|Any CPU
		{230DACB5-9303-4196-86E3-65203D773D9B}.EasyTest|x86.Build.0 = Release|Any CPU
		{230DACB5-9303-4196-86E3-65203D773D9B}.Release|Any CPU.ActiveCfg = Release|Any CPU
		{230DACB5-9303-4196-86E3-65203D773D9B}.Release|Any CPU.Build.0 = Release|Any CPU
		{230DACB5-9303-4196-86E3-65203D773D9B}.Release|x64.ActiveCfg = Release|Any CPU
		{230DACB5-9303-4196-86E3-65203D773D9B}.Release|x64.Build.0 = Release|Any CPU
		{230DACB5-9303-4196-86E3-65203D773D9B}.Release|x86.ActiveCfg = Release|Any CPU
		{230DACB5-9303-4196-86E3-65203D773D9B}.Release|x86.Build.0 = Release|Any CPU
		{3EF9D53A-4859-45A9-8804-B2A0264A7757}.Debug|Any CPU.ActiveCfg = Debug|Any CPU
		{3EF9D53A-4859-45A9-8804-B2A0264A7757}.Debug|Any CPU.Build.0 = Debug|Any CPU
		{3EF9D53A-4859-45A9-8804-B2A0264A7757}.Debug|x64.ActiveCfg = Debug|Any CPU
		{3EF9D53A-4859-45A9-8804-B2A0264A7757}.Debug|x64.Build.0 = Debug|Any CPU
		{3EF9D53A-4859-45A9-8804-B2A0264A7757}.Debug|x86.ActiveCfg = Debug|Any CPU
		{3EF9D53A-4859-45A9-8804-B2A0264A7757}.Debug|x86.Build.0 = Debug|Any CPU
		{3EF9D53A-4859-45A9-8804-B2A0264A7757}.EasyTest|Any CPU.ActiveCfg = Debug|Any CPU
		{3EF9D53A-4859-45A9-8804-B2A0264A7757}.EasyTest|Any CPU.Build.0 = Debug|Any CPU
		{3EF9D53A-4859-45A9-8804-B2A0264A7757}.EasyTest|x64.ActiveCfg = Release|Any CPU
		{3EF9D53A-4859-45A9-8804-B2A0264A7757}.EasyTest|x64.Build.0 = Release|Any CPU
		{3EF9D53A-4859-45A9-8804-B2A0264A7757}.EasyTest|x86.ActiveCfg = Release|Any CPU
		{3EF9D53A-4859-45A9-8804-B2A0264A7757}.EasyTest|x86.Build.0 = Release|Any CPU
		{3EF9D53A-4859-45A9-8804-B2A0264A7757}.Release|Any CPU.ActiveCfg = Release|Any CPU
		{3EF9D53A-4859-45A9-8804-B2A0264A7757}.Release|Any CPU.Build.0 = Release|Any CPU
		{3EF9D53A-4859-45A9-8804-B2A0264A7757}.Release|x64.ActiveCfg = Release|Any CPU
		{3EF9D53A-4859-45A9-8804-B2A0264A7757}.Release|x64.Build.0 = Release|Any CPU
		{3EF9D53A-4859-45A9-8804-B2A0264A7757}.Release|x86.ActiveCfg = Release|Any CPU
		{3EF9D53A-4859-45A9-8804-B2A0264A7757}.Release|x86.Build.0 = Release|Any CPU
		{89158D65-CA35-446E-B28F-C91D0B4A33A0}.Debug|Any CPU.ActiveCfg = Debug|Any CPU
		{89158D65-CA35-446E-B28F-C91D0B4A33A0}.Debug|Any CPU.Build.0 = Debug|Any CPU
		{89158D65-CA35-446E-B28F-C91D0B4A33A0}.Debug|Any CPU.Deploy.0 = Debug|Any CPU
		{89158D65-CA35-446E-B28F-C91D0B4A33A0}.Debug|x64.ActiveCfg = Debug|x64
		{89158D65-CA35-446E-B28F-C91D0B4A33A0}.Debug|x64.Build.0 = Debug|x64
		{89158D65-CA35-446E-B28F-C91D0B4A33A0}.Debug|x64.Deploy.0 = Debug|x64
		{89158D65-CA35-446E-B28F-C91D0B4A33A0}.Debug|x86.ActiveCfg = Debug|x86
		{89158D65-CA35-446E-B28F-C91D0B4A33A0}.Debug|x86.Build.0 = Debug|x86
		{89158D65-CA35-446E-B28F-C91D0B4A33A0}.Debug|x86.Deploy.0 = Debug|x86
		{89158D65-CA35-446E-B28F-C91D0B4A33A0}.EasyTest|Any CPU.ActiveCfg = Debug|Any CPU
		{89158D65-CA35-446E-B28F-C91D0B4A33A0}.EasyTest|Any CPU.Build.0 = Debug|Any CPU
		{89158D65-CA35-446E-B28F-C91D0B4A33A0}.EasyTest|Any CPU.Deploy.0 = Debug|Any CPU
		{89158D65-CA35-446E-B28F-C91D0B4A33A0}.EasyTest|x64.ActiveCfg = Release|x64
		{89158D65-CA35-446E-B28F-C91D0B4A33A0}.EasyTest|x64.Build.0 = Release|x64
		{89158D65-CA35-446E-B28F-C91D0B4A33A0}.EasyTest|x64.Deploy.0 = Release|x64
		{89158D65-CA35-446E-B28F-C91D0B4A33A0}.EasyTest|x86.ActiveCfg = Release|x86
		{89158D65-CA35-446E-B28F-C91D0B4A33A0}.EasyTest|x86.Build.0 = Release|x86
		{89158D65-CA35-446E-B28F-C91D0B4A33A0}.EasyTest|x86.Deploy.0 = Release|x86
		{89158D65-CA35-446E-B28F-C91D0B4A33A0}.Release|Any CPU.ActiveCfg = Release|Any CPU
		{89158D65-CA35-446E-B28F-C91D0B4A33A0}.Release|Any CPU.Build.0 = Release|Any CPU
		{89158D65-CA35-446E-B28F-C91D0B4A33A0}.Release|Any CPU.Deploy.0 = Release|Any CPU
		{89158D65-CA35-446E-B28F-C91D0B4A33A0}.Release|x64.ActiveCfg = Release|x64
		{89158D65-CA35-446E-B28F-C91D0B4A33A0}.Release|x64.Build.0 = Release|x64
		{89158D65-CA35-446E-B28F-C91D0B4A33A0}.Release|x64.Deploy.0 = Release|x64
		{89158D65-CA35-446E-B28F-C91D0B4A33A0}.Release|x86.ActiveCfg = Release|x86
		{89158D65-CA35-446E-B28F-C91D0B4A33A0}.Release|x86.Build.0 = Release|x86
		{89158D65-CA35-446E-B28F-C91D0B4A33A0}.Release|x86.Deploy.0 = Release|x86
	EndGlobalSection
	GlobalSection(SolutionProperties) = preSolution
		HideSolutionNode = FALSE
	EndGlobalSection
	GlobalSection(NestedProjects) = preSolution
		{B726B99E-9BC2-43F5-92A1-82F40CF0FCB5} = {1D7734E8-0F8A-4BEE-813D-05D4453A4783}
		{9836DC04-4525-49AF-B261-154895A07906} = {B726B99E-9BC2-43F5-92A1-82F40CF0FCB5}
		{2CE62FF7-23D7-4C81-99A6-19D8E5889668} = {1D7734E8-0F8A-4BEE-813D-05D4453A4783}
		{DD958DAD-2A51-4DC1-8472-AE925AC1C4A2} = {1D7734E8-0F8A-4BEE-813D-05D4453A4783}
		{794EB192-295B-4EDD-8956-399437FA4A5C} = {1D7734E8-0F8A-4BEE-813D-05D4453A4783}
		{1B3151BE-D295-4740-831A-B26CB2AD8712} = {1D7734E8-0F8A-4BEE-813D-05D4453A4783}
		{34B94D5E-64F0-4FD7-802C-C2D05928895C} = {01CD28D2-04F3-40AF-A112-797CDCC42E98}
		{3B70C971-B7FD-498B-A4B8-A0EC50BBDC45} = {34B94D5E-64F0-4FD7-802C-C2D05928895C}
		{1F9CE801-C633-4B28-A089-AC5536D1B047} = {3B70C971-B7FD-498B-A4B8-A0EC50BBDC45}
		{FE0C4487-711A-4D8D-94E6-C3391EAECA3C} = {3B70C971-B7FD-498B-A4B8-A0EC50BBDC45}
		{324BA4B1-0C4B-48FB-A33C-FB1554A7A744} = {3B70C971-B7FD-498B-A4B8-A0EC50BBDC45}
		{D707BF95-6819-475E-AAAE-B89EB7BE0A5E} = {1B3151BE-D295-4740-831A-B26CB2AD8712}
		{2E3E1BD8-2EAF-49E1-9D61-17D5CC3A207B} = {1B3151BE-D295-4740-831A-B26CB2AD8712}
		{D643979D-0E7C-416B-9251-3350314DA37A} = {3B70C971-B7FD-498B-A4B8-A0EC50BBDC45}
		{1AC9CD9A-51DA-4EF0-997C-71470BADF9FA} = {C4841573-FA09-445D-8236-092D812A5542}
		{361D4522-DE69-45FB-AA4B-0AE88A081983} = {1AC9CD9A-51DA-4EF0-997C-71470BADF9FA}
		{200C1578-C34F-45AB-A9A1-CA4B1FB1EC43} = {1AC9CD9A-51DA-4EF0-997C-71470BADF9FA}
		{D1DABA5F-5EA4-45AF-B8A2-650629CD1E15} = {1D7734E8-0F8A-4BEE-813D-05D4453A4783}
		{73B03CB5-5C34-4BF3-A27E-E4D76A76F635} = {D1DABA5F-5EA4-45AF-B8A2-650629CD1E15}
		{230DACB5-9303-4196-86E3-65203D773D9B} = {D1DABA5F-5EA4-45AF-B8A2-650629CD1E15}
		{3EF9D53A-4859-45A9-8804-B2A0264A7757} = {D1DABA5F-5EA4-45AF-B8A2-650629CD1E15}
	EndGlobalSection
	GlobalSection(ExtensibilityGlobals) = postSolution
		SolutionGuid = {469CE51B-ECDA-486F-AFCD-E4CB6A371CFE}
	EndGlobalSection
EndGlobal
