{
  "version": 1,
  "dependencies": {
    ".NETFramework,Version=v4.6.2": {
      "DevExpress.ExpressApp.Win": {
        "type": "Direct",
        "requested": "[18.2.7, )",
        "resolved": "18.2.7",
        "contentHash": "yr+fYFsoW48/lIS3hF0ANGL1M8++XBgF1QzkeOlBOkzjBEGTp8m1qMvN1LWwjeRFBz9h6ZtRleFZk8huzCgmrg==",
        "dependencies": {
          "DevExpress.Data": "[18.2.7]",
          "DevExpress.ExpressApp": "[18.2.7]",
          "DevExpress.Office.Core": "[18.2.7]",
          "DevExpress.Persistent.Base": "[18.2.7]",
          "DevExpress.Printing.Core": "[18.2.7]",
          "DevExpress.RichEdit.Core": "[18.2.7]",
          "DevExpress.Utils": "[18.2.7]",
          "DevExpress.Win": "[18.2.7]",
          "DevExpress.Win.BonusSkins": "[18.2.7]",
          "DevExpress.Win.RichEdit": "[18.2.7]"
        }
      },
      "DevExpress.Charts": {
        "type": "Transitive",
        "resolved": "18.2.7",
        "contentHash": "7tgNsWPN6kWQ0XiHyJ7E4EI54vUFAx5tw00c6utL43Ay4y5KlXk73/XoK5uVGyNnVYMCniJONQIHavwxeduKQw==",
        "dependencies": {
          "DevExpress.Charts.Core": "[18.2.7]",
          "DevExpress.Data": "[18.2.7]",
          "DevExpress.Printing.Core": "[18.2.7]"
        }
      },
      "DevExpress.Charts.Core": {
        "type": "Transitive",
        "resolved": "18.2.7",
        "contentHash": "otaKMNg1QQefTEfuZP+hrQK3pBbIFM4ivdlzUHKk+Nl2C0xSwNk3fZSYoQtVG6oLik1XEW2NfwXpQPShXw/GKA==",
        "dependencies": {
          "DevExpress.Data": "[18.2.7]"
        }
      },
      "DevExpress.CodeParser": {
        "type": "Transitive",
        "resolved": "18.2.7",
        "contentHash": "iXCLzcyvuMS+sHCxC4C4YxKIshPYktU+mFEuNWckovQJcCqUJr17dvCMlivL9LROFKowAonPrqWAf5zWR0Ik8g==",
        "dependencies": {
          "DevExpress.Data": "[18.2.7]"
        }
      },
      "DevExpress.Data": {
        "type": "Transitive",
        "resolved": "18.2.7",
        "contentHash": "vhD2yDXl5ish12l+m7wOtvLrWBGKw5gS8hW7uqg0mAyRC9EqTrcS4MzvonFH+1VGtuVqiL3KvkLzZnd2i9Dj5g=="
      },
      "DevExpress.DataAccess": {
        "type": "Transitive",
        "resolved": "18.2.7",
        "contentHash": "craaicbS+xlqsV07mh1QXC8+GYNU4qpAnwGOzlAbg/b/KNR/SWXlnOtYEFVEL/x8siCmGwxc8fuKRpdqb24gGg==",
        "dependencies": {
          "DevExpress.CodeParser": "[18.2.7]",
          "DevExpress.Data": "[18.2.7]",
          "DevExpress.Office.Core": "[18.2.7]",
          "DevExpress.Printing.Core": "[18.2.7]",
          "DevExpress.RichEdit.Core": "[18.2.7]",
          "DevExpress.Xpo": "[18.2.7]"
        }
      },
      "DevExpress.ExpressApp": {
        "type": "Transitive",
        "resolved": "18.2.7",
        "contentHash": "lG6+w8Qej+ZRYbD1/MkI2FJNm8O/L2l+jckC7ikGMCPTGnGR/vrEdef1sVIHdXfokOb4LCg872BOWT/3ytb8lw==",
        "dependencies": {
          "DevExpress.Data": "[18.2.7]",
          "DevExpress.Images": "[18.2.7]",
          "DevExpress.Printing.Core": "[18.2.7]",
          "DevExpress.Utils": "[18.2.7]"
        }
      },
      "DevExpress.Gauges.Core": {
        "type": "Transitive",
        "resolved": "18.2.7",
        "contentHash": "zvREFYlCK1j9ID9/lwgSkLWDr2osnc3IybamGrh1D0l+YRcUy8S5+pIoyCx4jYJ6qaufRxmqm12SebvYtcfA1A==",
        "dependencies": {
          "DevExpress.Data": "[18.2.7]",
          "DevExpress.Printing.Core": "[18.2.7]"
        }
      },
      "DevExpress.Images": {
        "type": "Transitive",
        "resolved": "18.2.7",
        "contentHash": "5Wy7KIq+qBX06zSk84pEUV9AurPnyOq3ioru6tbeTVB6XF+4G1svGS3+RYSBZP6hqXVpFWSeFhCLkx9Jxzj8Ug==",
        "dependencies": {
          "DevExpress.Data": "[18.2.7]"
        }
      },
      "DevExpress.Office.Core": {
        "type": "Transitive",
        "resolved": "18.2.7",
        "contentHash": "26tLGrqBNkB1N7buZ8YEMXyPUr2s1cAWjKVgG8bCaj2PuBA2jASbRffZSeevtOy3d+6yKDv1ckVI1IOc70QkRg==",
        "dependencies": {
          "DevExpress.Data": "[18.2.7]",
          "DevExpress.Printing.Core": "[18.2.7]"
        }
      },
      "DevExpress.Pdf.Core": {
        "type": "Transitive",
        "resolved": "18.2.7",
        "contentHash": "E9ro2ZhS3fryd6gg3nX/MUOZ2D7ro+p9CjkoXIh8xVpwGGzkS0kq1J7mhA4cdnlqiVZVOE1NmAXyYMt4KPo2zA==",
        "dependencies": {
          "DevExpress.Data": "[18.2.7]"
        }
      },
      "DevExpress.Persistent.Base": {
        "type": "Transitive",
        "resolved": "18.2.7",
        "contentHash": "HOsbtbpFjLPehM/r6xZcZtlXQ1NShnQ9JKQXI8lHgtIhelOgodwLsStTbjHaw+5mvb+FUPFc3PyVqU+LZiRL5w==",
        "dependencies": {
          "DevExpress.Data": "[18.2.7]",
          "DevExpress.ExpressApp": "[18.2.7]",
          "DevExpress.Printing.Core": "[18.2.7]",
          "DevExpress.Reporting.Core": "[18.2.7]",
          "DevExpress.Utils": "[18.2.7]"
        }
      },
      "DevExpress.PivotGrid.Core": {
        "type": "Transitive",
        "resolved": "18.2.7",
        "contentHash": "so2zb47dxBVBPRYPmNKbFwZscI+HLfCxFuq+6ArAJash2qI1upI0xDuQNNd3x9Ksj/GqaCHkozyEumaIyYrEZw==",
        "dependencies": {
          "DevExpress.Data": "[18.2.7]",
          "DevExpress.Printing.Core": "[18.2.7]"
        }
      },
      "DevExpress.Printing.Core": {
        "type": "Transitive",
        "resolved": "18.2.7",
        "contentHash": "2Nzj9hYTlRH6PAhcEpXIa2qWMLgvNIJtk3jJOjnNSg/ZXVfr3sGrXfWRpPwVk1bYfZzaCnnJKt3fi/vUd1e5VQ==",
        "dependencies": {
          "DevExpress.Data": "[18.2.7]",
          "DevExpress.Pdf.Core": "[18.2.7]"
        }
      },
      "DevExpress.Reporting.Core": {
        "type": "Transitive",
        "resolved": "18.2.7",
        "contentHash": "8aWUSgXDU41oN1mGCHu803HGIKTSZmrxQDIvB2x5Jp3lEZywjyE3DgKb0AxUp/5GPE1PN28c9a/rfUTSzVIB+A==",
        "dependencies": {
          "DevExpress.Charts": "[18.2.7]",
          "DevExpress.Charts.Core": "[18.2.7]",
          "DevExpress.CodeParser": "[18.2.7]",
          "DevExpress.Data": "[18.2.7]",
          "DevExpress.DataAccess": "[18.2.7]",
          "DevExpress.Gauges.Core": "[18.2.7]",
          "DevExpress.Office.Core": "[18.2.7]",
          "DevExpress.PivotGrid.Core": "[18.2.7]",
          "DevExpress.Printing.Core": "[18.2.7]",
          "DevExpress.RichEdit.Core": "[18.2.7]",
          "DevExpress.RichEdit.Export": "[18.2.7]",
          "DevExpress.Sparkline.Core": "[18.2.7]",
          "DevExpress.Xpo": "[18.2.7]"
        }
      },
      "DevExpress.RichEdit.Core": {
        "type": "Transitive",
        "resolved": "18.2.7",
        "contentHash": "D2k5/r/HOnDJkkiQJ1g98XEQQc/Rz/Wqd5HRgzoPW2HkcZfIb9Umu8knEDF6mO5oTkzAE8sH3ncTr+V1XoEfTQ==",
        "dependencies": {
          "DevExpress.Data": "[18.2.7]",
          "DevExpress.Images": "[18.2.7]",
          "DevExpress.Office.Core": "[18.2.7]",
          "DevExpress.Pdf.Core": "[18.2.7]",
          "DevExpress.Printing.Core": "[18.2.7]"
        }
      },
      "DevExpress.RichEdit.Export": {
        "type": "Transitive",
        "resolved": "18.2.7",
        "contentHash": "UMSS67oWNhRaKzpMGsniisUXzMc/TmBEwEVoAuSw/cuiYmM9giKf0dRb/XUw0xSwIvaBS+vCGLppG3NAXx9xAA==",
        "dependencies": {
          "DevExpress.Data": "[18.2.7]",
          "DevExpress.Office.Core": "[18.2.7]",
          "DevExpress.Printing.Core": "[18.2.7]",
          "DevExpress.RichEdit.Core": "[18.2.7]"
        }
      },
      "DevExpress.Sparkline.Core": {
        "type": "Transitive",
        "resolved": "18.2.7",
        "contentHash": "GD7yVmfO9F5uc1ir9LCObvL5hViUzSioU3I8bc6qfGILPlaJ7raGmJAQUJ86FGD6DcLKYe4TJ8UZyn/C0k0GyA==",
        "dependencies": {
          "DevExpress.Data": "[18.2.7]"
        }
      },
      "DevExpress.Utils": {
        "type": "Transitive",
        "resolved": "18.2.7",
        "contentHash": "dZcC2qA4WrAQugvGvwanfxCFusuxVYHE1BF2koz2GHgxoPYW/y4XAbNWBv5MXzP8h8SGF4EiWKt3/+KNW0eSBg==",
        "dependencies": {
          "DevExpress.Data": "[18.2.7]",
          "DevExpress.Printing.Core": "[18.2.7]"
        }
      },
      "DevExpress.Win": {
        "type": "Transitive",
        "resolved": "18.2.7",
        "contentHash": "V0N/QhOOXRQXos/YUO8CcbHqRzGLlznI9xLnG0sBzZhOedZK9/ynciA2nm9KnzFwtOskDYMdRrZYgwoBhJE2cQ==",
        "dependencies": {
          "DevExpress.Data": "[18.2.7]",
          "DevExpress.PivotGrid.Core": "[18.2.7]",
          "DevExpress.Printing.Core": "[18.2.7]",
          "DevExpress.RichEdit.Core": "[18.2.7]",
          "DevExpress.RichEdit.Export": "[18.2.7]",
          "DevExpress.Sparkline.Core": "[18.2.7]",
          "DevExpress.Utils": "[18.2.7]"
        }
      },
      "DevExpress.Win.BonusSkins": {
        "type": "Transitive",
        "resolved": "18.2.7",
        "contentHash": "K9sCTaZku3AJTCX8FF8lmgxpkIwTtz0B+Jrt1Z4kY+fO8co4oPT9FwLgBPmhDwxuunCCv2taIWYnkvnU4Bgnmg==",
        "dependencies": {
          "DevExpress.Utils": "[18.2.7]"
        }
      },
      "DevExpress.Win.RichEdit": {
        "type": "Transitive",
        "resolved": "18.2.7",
        "contentHash": "z4OJuZa5HXMcnJ7nsTe98ss8lfThtD0GG1QGpV4WbeTmctGMjicOq3PR9ZM7Pq7F5BS2+l440JWqmNQ0hfLbbg==",
        "dependencies": {
          "DevExpress.Data": "[18.2.7]",
          "DevExpress.Images": "[18.2.7]",
          "DevExpress.Office.Core": "[18.2.7]",
          "DevExpress.Pdf.Core": "[18.2.7]",
          "DevExpress.Printing.Core": "[18.2.7]",
          "DevExpress.RichEdit.Core": "[18.2.7]",
          "DevExpress.Utils": "[18.2.7]",
          "DevExpress.Win": "[18.2.7]"
        }
      },
      "DevExpress.Xpo": {
        "type": "Transitive",
        "resolved": "18.2.7",
        "contentHash": "tBH0gh7edp/xfPf1hOnT4ci8+Xa50FwRhes7H6dujMBjBDIsKDgZcUuR2HwaFB2KpY7uQf6x1uuQ6MvgD7/rgA==",
        "dependencies": {
          "DevExpress.Data": "[18.2.7]"
        }
      },
      "Scissors.ExpressApp": {
        "type": "Project",
        "dependencies": {
          "DevExpress.ExpressApp": "18.2.7"
        }
      }
    }
  }
}